
Microsoft Visual Studio Solution File, Format Version 12.00
# Visual Studio Version 16
VisualStudioVersion = 16.0.29827.131
MinimumVisualStudioVersion = 10.0.40219.1
Project("{9A19103F-16F7-4668-BE54-9A1E7A4F7556}") = "BlazorMdc", "BlazorMdc\BlazorMdc.csproj", "{18F89AD9-B647-4928-9C88-6FE17D96355A}"
EndProject
Project("{9A19103F-16F7-4668-BE54-9A1E7A4F7556}") = "BlazorMdc.Demo.Blazor", "BlazorMdc.Demo.Blazor\BlazorMdc.Demo.Blazor.csproj", "{E6356325-F767-4C25-BDCA-005C45144C80}"
EndProject
Project("{9A19103F-16F7-4668-BE54-9A1E7A4F7556}") = "BlazorMdc.Demo.CommonUI", "BlazorMdc.Demo.CommonUI\BlazorMdc.Demo.CommonUI.csproj", "{E19D106A-7368-46CB-B8FB-08465F927A79}"
EndProject
Project("{9A19103F-16F7-4668-BE54-9A1E7A4F7556}") = "BlazorMdc.Demo.WebServer", "BlazorMdc.Demo.WebServer\BlazorMdc.Demo.WebServer.csproj", "{538DF864-828F-470C-AE74-7345272F5EEF}"
EndProject
Project("{2150E333-8FDC-42A3-9474-1A3956D46DE8}") = ".Solution Items", ".Solution Items", "{9BF202BD-226D-4058-92D9-B9D0B23F96E6}"
	ProjectSection(SolutionItems) = preProject
		.gitignore = .gitignore
		azure-pipeline-develop.yml = azure-pipeline-develop.yml
		azure-pipeline-master.yml = azure-pipeline-master.yml
		CODE_OF_CONDUCT.md = CODE_OF_CONDUCT.md
		global.json = global.json
		LICENSE.md = LICENSE.md
		README.md = README.md
	EndProjectSection
EndProject
Project("{FAE04EC0-301F-11D3-BF4B-00C04F79EFBC}") = "BlazorMdc.MaterialComponents", "BlazorMdc.MaterialComponents\BlazorMdc.MaterialComponents.csproj", "{FD98E628-5F1B-410B-876B-3F144AD1876C}"
EndProject
Global
	GlobalSection(SolutionConfigurationPlatforms) = preSolution
		Debug_Server|Any CPU = Debug_Server|Any CPU
		Debug_WebAssembly|Any CPU = Debug_WebAssembly|Any CPU
		Release_Server|Any CPU = Release_Server|Any CPU
		Release_WebAssembly|Any CPU = Release_WebAssembly|Any CPU
	EndGlobalSection
	GlobalSection(ProjectConfigurationPlatforms) = postSolution
		{18F89AD9-B647-4928-9C88-6FE17D96355A}.Debug_Server|Any CPU.ActiveCfg = Debug_Server|Any CPU
		{18F89AD9-B647-4928-9C88-6FE17D96355A}.Debug_Server|Any CPU.Build.0 = Debug_Server|Any CPU
		{18F89AD9-B647-4928-9C88-6FE17D96355A}.Debug_WebAssembly|Any CPU.ActiveCfg = Debug_WebAssembly|Any CPU
		{18F89AD9-B647-4928-9C88-6FE17D96355A}.Debug_WebAssembly|Any CPU.Build.0 = Debug_WebAssembly|Any CPU
		{18F89AD9-B647-4928-9C88-6FE17D96355A}.Release_Server|Any CPU.ActiveCfg = Release_Server|Any CPU
		{18F89AD9-B647-4928-9C88-6FE17D96355A}.Release_Server|Any CPU.Build.0 = Release_Server|Any CPU
		{18F89AD9-B647-4928-9C88-6FE17D96355A}.Release_WebAssembly|Any CPU.ActiveCfg = Release_WebAssembly|Any CPU
		{18F89AD9-B647-4928-9C88-6FE17D96355A}.Release_WebAssembly|Any CPU.Build.0 = Release_WebAssembly|Any CPU
		{E6356325-F767-4C25-BDCA-005C45144C80}.Debug_Server|Any CPU.ActiveCfg = Debug_Server|Any CPU
		{E6356325-F767-4C25-BDCA-005C45144C80}.Debug_Server|Any CPU.Build.0 = Debug_Server|Any CPU
		{E6356325-F767-4C25-BDCA-005C45144C80}.Debug_WebAssembly|Any CPU.ActiveCfg = Debug_WebAssembly|Any CPU
		{E6356325-F767-4C25-BDCA-005C45144C80}.Debug_WebAssembly|Any CPU.Build.0 = Debug_WebAssembly|Any CPU
		{E6356325-F767-4C25-BDCA-005C45144C80}.Release_Server|Any CPU.ActiveCfg = Release_Server|Any CPU
		{E6356325-F767-4C25-BDCA-005C45144C80}.Release_Server|Any CPU.Build.0 = Release_Server|Any CPU
		{E6356325-F767-4C25-BDCA-005C45144C80}.Release_WebAssembly|Any CPU.ActiveCfg = Release_WebAssembly|Any CPU
		{E6356325-F767-4C25-BDCA-005C45144C80}.Release_WebAssembly|Any CPU.Build.0 = Release_WebAssembly|Any CPU
		{E19D106A-7368-46CB-B8FB-08465F927A79}.Debug_Server|Any CPU.ActiveCfg = Debug_Server|Any CPU
		{E19D106A-7368-46CB-B8FB-08465F927A79}.Debug_Server|Any CPU.Build.0 = Debug_Server|Any CPU
		{E19D106A-7368-46CB-B8FB-08465F927A79}.Debug_WebAssembly|Any CPU.ActiveCfg = Debug_WebAssembly|Any CPU
		{E19D106A-7368-46CB-B8FB-08465F927A79}.Debug_WebAssembly|Any CPU.Build.0 = Debug_WebAssembly|Any CPU
		{E19D106A-7368-46CB-B8FB-08465F927A79}.Release_Server|Any CPU.ActiveCfg = Release_Server|Any CPU
		{E19D106A-7368-46CB-B8FB-08465F927A79}.Release_Server|Any CPU.Build.0 = Release_Server|Any CPU
		{E19D106A-7368-46CB-B8FB-08465F927A79}.Release_WebAssembly|Any CPU.ActiveCfg = Release_WebAssembly|Any CPU
		{E19D106A-7368-46CB-B8FB-08465F927A79}.Release_WebAssembly|Any CPU.Build.0 = Release_WebAssembly|Any CPU
		{538DF864-828F-470C-AE74-7345272F5EEF}.Debug_Server|Any CPU.ActiveCfg = Debug_Server|Any CPU
		{538DF864-828F-470C-AE74-7345272F5EEF}.Debug_Server|Any CPU.Build.0 = Debug_Server|Any CPU
		{538DF864-828F-470C-AE74-7345272F5EEF}.Debug_WebAssembly|Any CPU.ActiveCfg = Debug_WebAssembly|Any CPU
		{538DF864-828F-470C-AE74-7345272F5EEF}.Debug_WebAssembly|Any CPU.Build.0 = Debug_WebAssembly|Any CPU
		{538DF864-828F-470C-AE74-7345272F5EEF}.Release_Server|Any CPU.ActiveCfg = Release_Server|Any CPU
		{538DF864-828F-470C-AE74-7345272F5EEF}.Release_Server|Any CPU.Build.0 = Release_Server|Any CPU
		{538DF864-828F-470C-AE74-7345272F5EEF}.Release_WebAssembly|Any CPU.ActiveCfg = Release_WebAssembly|Any CPU
		{538DF864-828F-470C-AE74-7345272F5EEF}.Release_WebAssembly|Any CPU.Build.0 = Release_WebAssembly|Any CPU
		{FD98E628-5F1B-410B-876B-3F144AD1876C}.Debug_Server|Any CPU.ActiveCfg = Debug_Server|Any CPU
		{FD98E628-5F1B-410B-876B-3F144AD1876C}.Release_Server|Any CPU.ActiveCfg = Release_Server|Any CPU
	EndGlobalSection
	GlobalSection(SolutionProperties) = preSolution
		HideSolutionNode = FALSE
	EndGlobalSection
	GlobalSection(ExtensibilityGlobals) = postSolution
		SolutionGuid = {6EFB30DD-ABFD-4A38-96E1-D309BB538E62}
	EndGlobalSection
EndGlobal
