
Microsoft Visual Studio Solution File, Format Version 12.00
# Visual Studio Version 17
VisualStudioVersion = 17.0.31410.414
MinimumVisualStudioVersion = 10.0.40219.1
Project("{2150E333-8FDC-42A3-9474-1A3956D46DE8}") = ".Solution Items", ".Solution Items", "{9BF202BD-226D-4058-92D9-B9D0B23F96E6}"
	ProjectSection(SolutionItems) = preProject
		.editorconfig = .editorconfig
		.gitattributes = .gitattributes
		.gitignore = .gitignore
		CODE_OF_CONDUCT.md = CODE_OF_CONDUCT.md
		ctag.cmd = ctag.cmd
		.github\dependabot.yml = .github\dependabot.yml
		docfx.json = docfx.json
		filterConfig.yml = filterConfig.yml
		.github\workflows\GithubActionsRelease.yml = .github\workflows\GithubActionsRelease.yml
		.github\workflows\GithubActionsWIP.yml = .github\workflows\GithubActionsWIP.yml
		index.md = index.md
		LICENSE.md = LICENSE.md
		LocalTest.bat = LocalTest.bat
		README.md = README.md
		ServeDocs.cmd = ServeDocs.cmd
		SuperClean.cmd = SuperClean.cmd
		toc.yml = toc.yml
	EndProjectSection
EndProject
Project("{2150E333-8FDC-42A3-9474-1A3956D46DE8}") = "articles", "articles", "{FC5AA9B0-69D8-4BD3-8210-1BB2019D47AB}"
	ProjectSection(SolutionItems) = preProject
		articles\CascadingDefaults.md = articles\CascadingDefaults.md
		articles\CoreComponents.md = articles\CoreComponents.md
		articles\Demonstration.md = articles\Demonstration.md
		articles\Density.md = articles\Density.md
		articles\DevelopmentEnvironment.md = articles\DevelopmentEnvironment.md
		articles\FormValidation.md = articles\FormValidation.md
		articles\Icon.md = articles\Icon.md
		articles\Installation.md = articles\Installation.md
		articles\Introduction.md = articles\Introduction.md
		articles\MenuOverflow.md = articles\MenuOverflow.md
		articles\PlusComponents.md = articles\PlusComponents.md
		articles\Principles.md = articles\Principles.md
		articles\ReleaseNotes.md = articles\ReleaseNotes.md
		articles\Services.md = articles\Services.md
		articles\Snackbar.md = articles\Snackbar.md
		articles\ThemingAndCSS.md = articles\ThemingAndCSS.md
		articles\Toast.md = articles\Toast.md
		articles\toc.yml = articles\toc.yml
		articles\Tooltip.md = articles\Tooltip.md
		articles\TwoWayBinding.md = articles\TwoWayBinding.md
		articles\Utilities.md = articles\Utilities.md
		articles\Workflows.md = articles\Workflows.md
	EndProjectSection
EndProject
Project("{2150E333-8FDC-42A3-9474-1A3956D46DE8}") = "images", "images", "{5AF96DDC-150A-4287-B299-F33253610526}"
	ProjectSection(SolutionItems) = preProject
		articles\images\gh-account-settings-1.png = articles\images\gh-account-settings-1.png
		articles\images\gh-account-settings-2.png = articles\images\gh-account-settings-2.png
		articles\images\gh-account-settings-3.png = articles\images\gh-account-settings-3.png
		articles\images\gh-account-settings-4.png = articles\images\gh-account-settings-4.png
		articles\images\gh-account-settings-5.png = articles\images\gh-account-settings-5.png
		articles\images\text-field-focus.png = articles\images\text-field-focus.png
		articles\images\two-way-bind-flow.png = articles\images\two-way-bind-flow.png
		articles\images\vs-config.png = articles\images\vs-config.png
		articles\images\vs-extensions.png = articles\images\vs-extensions.png
	EndProjectSection
EndProject
Project("{9A19103F-16F7-4668-BE54-9A1E7A4F7556}") = "Material.Blazor.Website.Server", "Material.Blazor.Website.Server\Material.Blazor.Website.Server.csproj", "{E49274B8-0D30-4370-A4F8-B4AE3BE9736D}"
EndProject
Project("{9A19103F-16F7-4668-BE54-9A1E7A4F7556}") = "Material.Blazor.Website.WebAssembly", "Material.Blazor.Website.WebAssembly\Material.Blazor.Website.WebAssembly.csproj", "{D727FCA4-2E0E-4D93-9B04-116D66B6FC6B}"
EndProject
Project("{9A19103F-16F7-4668-BE54-9A1E7A4F7556}") = "Material.Blazor.Website", "Material.Blazor.Website\Material.Blazor.Website.csproj", "{7FFD2944-C2C0-4657-85A5-9F70895B3C7E}"
EndProject
Project("{9A19103F-16F7-4668-BE54-9A1E7A4F7556}") = "Material.Blazor.Test", "Material.Blazor.Test\Material.Blazor.Test.csproj", "{3DC1AB88-B54B-40F8-A3BF-FA7F3671AFD6}"
EndProject
Project("{9A19103F-16F7-4668-BE54-9A1E7A4F7556}") = "Material.Blazor", "Material.Blazor\Material.Blazor.csproj", "{5E637DBB-3AAF-4C59-9A1F-79BFC8AAA67D}"
EndProject
Project("{2150E333-8FDC-42A3-9474-1A3956D46DE8}") = "guidelines", "guidelines", "{86740746-C4E6-45DF-BA84-8FB1C1200DD9}"
	ProjectSection(SolutionItems) = preProject
		guidelines\ProjectGuidelines.md = guidelines\ProjectGuidelines.md
		guidelines\StylingGuidelines.md = guidelines\StylingGuidelines.md
	EndProjectSection
EndProject
Project("{2150E333-8FDC-42A3-9474-1A3956D46DE8}") = "images", "images", "{777FB882-0F4D-48EB-9D7C-148C80549A63}"
	ProjectSection(SolutionItems) = preProject
		guidelines\images\screenshot-branch-protection.png = guidelines\images\screenshot-branch-protection.png
		guidelines\images\screenshot-chart-complex.png = guidelines\images\screenshot-chart-complex.png
		guidelines\images\screenshot-chart-simple.png = guidelines\images\screenshot-chart-simple.png
		guidelines\images\screenshot-merge-button.png = guidelines\images\screenshot-merge-button.png
		guidelines\images\screenshot-update-branch.png = guidelines\images\screenshot-update-branch.png
	EndProjectSection
EndProject
Project("{2150E333-8FDC-42A3-9474-1A3956D46DE8}") = "MD2", "MD2", "{0C35AA2B-3018-4246-809C-0B12F9705202}"
EndProject
Project("{2150E333-8FDC-42A3-9474-1A3956D46DE8}") = "MD3", "MD3", "{F3F9E74C-DFB8-49CF-8F1E-6C4849914C0B}"
EndProject
Project("{9A19103F-16F7-4668-BE54-9A1E7A4F7556}") = "Material.Blazor.MD3", "Material.Blazor.MD3\Material.Blazor.MD3.csproj", "{1808B031-C79A-48BA-B1D4-37FAA989A116}"
EndProject
Project("{9A19103F-16F7-4668-BE54-9A1E7A4F7556}") = "Material.Blazor.Website.MD3", "Material.Blazor.Website.MD3\Material.Blazor.Website.MD3.csproj", "{C37DB3E6-EC3D-42F6-81C3-EE45744BA5F7}"
EndProject
Project("{FAE04EC0-301F-11D3-BF4B-00C04F79EFBC}") = "Material.Blazor.Website.WebAssembly.MD3", "Material.Blazor.Website.WebAssembly.MD3\Material.Blazor.Website.WebAssembly.MD3.csproj", "{B670028A-7F42-44D2-99F9-ACD912179C93}"
EndProject
Global
	GlobalSection(SolutionConfigurationPlatforms) = preSolution
		MD2Server|Any CPU = MD2Server|Any CPU
		MD2WASM|Any CPU = MD2WASM|Any CPU
		MD3Server|Any CPU = MD3Server|Any CPU
		MD3WASM|Any CPU = MD3WASM|Any CPU
	EndGlobalSection
	GlobalSection(ProjectConfigurationPlatforms) = postSolution
		{E49274B8-0D30-4370-A4F8-B4AE3BE9736D}.MD2Server|Any CPU.ActiveCfg = MD2Server|Any CPU
		{E49274B8-0D30-4370-A4F8-B4AE3BE9736D}.MD2Server|Any CPU.Build.0 = MD2Server|Any CPU
		{E49274B8-0D30-4370-A4F8-B4AE3BE9736D}.MD2WASM|Any CPU.ActiveCfg = MD2WASM|Any CPU
		{E49274B8-0D30-4370-A4F8-B4AE3BE9736D}.MD2WASM|Any CPU.Build.0 = MD2WASM|Any CPU
		{E49274B8-0D30-4370-A4F8-B4AE3BE9736D}.MD3Server|Any CPU.ActiveCfg = MD3Server|Any CPU
		{E49274B8-0D30-4370-A4F8-B4AE3BE9736D}.MD3Server|Any CPU.Build.0 = MD3Server|Any CPU
		{E49274B8-0D30-4370-A4F8-B4AE3BE9736D}.MD3WASM|Any CPU.ActiveCfg = MD3WASM|Any CPU
		{E49274B8-0D30-4370-A4F8-B4AE3BE9736D}.MD3WASM|Any CPU.Build.0 = MD3WASM|Any CPU
		{D727FCA4-2E0E-4D93-9B04-116D66B6FC6B}.MD2Server|Any CPU.ActiveCfg = MD2Server|Any CPU
		{D727FCA4-2E0E-4D93-9B04-116D66B6FC6B}.MD2Server|Any CPU.Build.0 = MD2Server|Any CPU
		{D727FCA4-2E0E-4D93-9B04-116D66B6FC6B}.MD2WASM|Any CPU.ActiveCfg = MD2WASM|Any CPU
		{D727FCA4-2E0E-4D93-9B04-116D66B6FC6B}.MD2WASM|Any CPU.Build.0 = MD2WASM|Any CPU
		{D727FCA4-2E0E-4D93-9B04-116D66B6FC6B}.MD3Server|Any CPU.ActiveCfg = MD3Server|Any CPU
		{D727FCA4-2E0E-4D93-9B04-116D66B6FC6B}.MD3Server|Any CPU.Build.0 = MD3Server|Any CPU
		{D727FCA4-2E0E-4D93-9B04-116D66B6FC6B}.MD3WASM|Any CPU.ActiveCfg = MD3WASM|Any CPU
		{D727FCA4-2E0E-4D93-9B04-116D66B6FC6B}.MD3WASM|Any CPU.Build.0 = MD3WASM|Any CPU
		{7FFD2944-C2C0-4657-85A5-9F70895B3C7E}.MD2Server|Any CPU.ActiveCfg = MD2Server|Any CPU
		{7FFD2944-C2C0-4657-85A5-9F70895B3C7E}.MD2Server|Any CPU.Build.0 = MD2Server|Any CPU
		{7FFD2944-C2C0-4657-85A5-9F70895B3C7E}.MD2WASM|Any CPU.ActiveCfg = MD2WASM|Any CPU
		{7FFD2944-C2C0-4657-85A5-9F70895B3C7E}.MD2WASM|Any CPU.Build.0 = MD2WASM|Any CPU
		{7FFD2944-C2C0-4657-85A5-9F70895B3C7E}.MD3Server|Any CPU.ActiveCfg = MD3Server|Any CPU
		{7FFD2944-C2C0-4657-85A5-9F70895B3C7E}.MD3Server|Any CPU.Build.0 = MD3Server|Any CPU
		{7FFD2944-C2C0-4657-85A5-9F70895B3C7E}.MD3WASM|Any CPU.ActiveCfg = MD3WASM|Any CPU
		{7FFD2944-C2C0-4657-85A5-9F70895B3C7E}.MD3WASM|Any CPU.Build.0 = MD3WASM|Any CPU
		{3DC1AB88-B54B-40F8-A3BF-FA7F3671AFD6}.MD2Server|Any CPU.ActiveCfg = MD2Server|Any CPU
		{3DC1AB88-B54B-40F8-A3BF-FA7F3671AFD6}.MD2Server|Any CPU.Build.0 = MD2Server|Any CPU
		{3DC1AB88-B54B-40F8-A3BF-FA7F3671AFD6}.MD2WASM|Any CPU.ActiveCfg = MD2WASM|Any CPU
		{3DC1AB88-B54B-40F8-A3BF-FA7F3671AFD6}.MD2WASM|Any CPU.Build.0 = MD2WASM|Any CPU
		{3DC1AB88-B54B-40F8-A3BF-FA7F3671AFD6}.MD3Server|Any CPU.ActiveCfg = MD3Server|Any CPU
		{3DC1AB88-B54B-40F8-A3BF-FA7F3671AFD6}.MD3Server|Any CPU.Build.0 = MD3Server|Any CPU
		{3DC1AB88-B54B-40F8-A3BF-FA7F3671AFD6}.MD3WASM|Any CPU.ActiveCfg = MD3WASM|Any CPU
		{3DC1AB88-B54B-40F8-A3BF-FA7F3671AFD6}.MD3WASM|Any CPU.Build.0 = MD3WASM|Any CPU
		{5E637DBB-3AAF-4C59-9A1F-79BFC8AAA67D}.MD2Server|Any CPU.ActiveCfg = MD2Server|Any CPU
		{5E637DBB-3AAF-4C59-9A1F-79BFC8AAA67D}.MD2Server|Any CPU.Build.0 = MD2Server|Any CPU
		{5E637DBB-3AAF-4C59-9A1F-79BFC8AAA67D}.MD2WASM|Any CPU.ActiveCfg = MD2WASM|Any CPU
		{5E637DBB-3AAF-4C59-9A1F-79BFC8AAA67D}.MD2WASM|Any CPU.Build.0 = MD2WASM|Any CPU
		{5E637DBB-3AAF-4C59-9A1F-79BFC8AAA67D}.MD3Server|Any CPU.ActiveCfg = MD3Server|Any CPU
		{5E637DBB-3AAF-4C59-9A1F-79BFC8AAA67D}.MD3Server|Any CPU.Build.0 = MD3Server|Any CPU
		{5E637DBB-3AAF-4C59-9A1F-79BFC8AAA67D}.MD3WASM|Any CPU.ActiveCfg = MD3WASM|Any CPU
		{5E637DBB-3AAF-4C59-9A1F-79BFC8AAA67D}.MD3WASM|Any CPU.Build.0 = MD3WASM|Any CPU
		{1808B031-C79A-48BA-B1D4-37FAA989A116}.MD2Server|Any CPU.ActiveCfg = MD2Server|Any CPU
		{1808B031-C79A-48BA-B1D4-37FAA989A116}.MD2Server|Any CPU.Build.0 = MD2Server|Any CPU
		{1808B031-C79A-48BA-B1D4-37FAA989A116}.MD2WASM|Any CPU.ActiveCfg = MD2WASM|Any CPU
		{1808B031-C79A-48BA-B1D4-37FAA989A116}.MD2WASM|Any CPU.Build.0 = MD2WASM|Any CPU
		{1808B031-C79A-48BA-B1D4-37FAA989A116}.MD3Server|Any CPU.ActiveCfg = MD3Server|Any CPU
		{1808B031-C79A-48BA-B1D4-37FAA989A116}.MD3Server|Any CPU.Build.0 = MD3Server|Any CPU
		{1808B031-C79A-48BA-B1D4-37FAA989A116}.MD3WASM|Any CPU.ActiveCfg = MD3WASM|Any CPU
		{1808B031-C79A-48BA-B1D4-37FAA989A116}.MD3WASM|Any CPU.Build.0 = MD3WASM|Any CPU
		{C37DB3E6-EC3D-42F6-81C3-EE45744BA5F7}.MD2Server|Any CPU.ActiveCfg = MD2Server|Any CPU
		{C37DB3E6-EC3D-42F6-81C3-EE45744BA5F7}.MD2Server|Any CPU.Build.0 = MD2Server|Any CPU
		{C37DB3E6-EC3D-42F6-81C3-EE45744BA5F7}.MD2WASM|Any CPU.ActiveCfg = MD2WASM|Any CPU
		{C37DB3E6-EC3D-42F6-81C3-EE45744BA5F7}.MD2WASM|Any CPU.Build.0 = MD2WASM|Any CPU
		{C37DB3E6-EC3D-42F6-81C3-EE45744BA5F7}.MD3Server|Any CPU.ActiveCfg = MD3Server|Any CPU
		{C37DB3E6-EC3D-42F6-81C3-EE45744BA5F7}.MD3Server|Any CPU.Build.0 = MD3Server|Any CPU
		{C37DB3E6-EC3D-42F6-81C3-EE45744BA5F7}.MD3WASM|Any CPU.ActiveCfg = MD3WASM|Any CPU
		{C37DB3E6-EC3D-42F6-81C3-EE45744BA5F7}.MD3WASM|Any CPU.Build.0 = MD3WASM|Any CPU
		{B670028A-7F42-44D2-99F9-ACD912179C93}.MD2Server|Any CPU.ActiveCfg = MD2Server|Any CPU
		{B670028A-7F42-44D2-99F9-ACD912179C93}.MD2Server|Any CPU.Build.0 = MD2Server|Any CPU
		{B670028A-7F42-44D2-99F9-ACD912179C93}.MD2WASM|Any CPU.ActiveCfg = MD2WASM|Any CPU
		{B670028A-7F42-44D2-99F9-ACD912179C93}.MD2WASM|Any CPU.Build.0 = MD2WASM|Any CPU
		{B670028A-7F42-44D2-99F9-ACD912179C93}.MD3Server|Any CPU.ActiveCfg = MD3Server|Any CPU
		{B670028A-7F42-44D2-99F9-ACD912179C93}.MD3Server|Any CPU.Build.0 = MD3Server|Any CPU
		{B670028A-7F42-44D2-99F9-ACD912179C93}.MD3WASM|Any CPU.ActiveCfg = MD3WASM|Any CPU
		{B670028A-7F42-44D2-99F9-ACD912179C93}.MD3WASM|Any CPU.Build.0 = MD3WASM|Any CPU
	EndGlobalSection
	GlobalSection(SolutionProperties) = preSolution
		HideSolutionNode = FALSE
	EndGlobalSection
	GlobalSection(NestedProjects) = preSolution
		{5AF96DDC-150A-4287-B299-F33253610526} = {FC5AA9B0-69D8-4BD3-8210-1BB2019D47AB}
		{D727FCA4-2E0E-4D93-9B04-116D66B6FC6B} = {0C35AA2B-3018-4246-809C-0B12F9705202}
		{7FFD2944-C2C0-4657-85A5-9F70895B3C7E} = {0C35AA2B-3018-4246-809C-0B12F9705202}
		{3DC1AB88-B54B-40F8-A3BF-FA7F3671AFD6} = {0C35AA2B-3018-4246-809C-0B12F9705202}
		{5E637DBB-3AAF-4C59-9A1F-79BFC8AAA67D} = {0C35AA2B-3018-4246-809C-0B12F9705202}
		{777FB882-0F4D-48EB-9D7C-148C80549A63} = {86740746-C4E6-45DF-BA84-8FB1C1200DD9}
		{1808B031-C79A-48BA-B1D4-37FAA989A116} = {F3F9E74C-DFB8-49CF-8F1E-6C4849914C0B}
		{C37DB3E6-EC3D-42F6-81C3-EE45744BA5F7} = {F3F9E74C-DFB8-49CF-8F1E-6C4849914C0B}
		{B670028A-7F42-44D2-99F9-ACD912179C93} = {F3F9E74C-DFB8-49CF-8F1E-6C4849914C0B}
	EndGlobalSection
	GlobalSection(ExtensibilityGlobals) = postSolution
		SolutionGuid = {6EFB30DD-ABFD-4A38-96E1-D309BB538E62}
	EndGlobalSection
EndGlobal
