{
  "name": "material.blazor.website",
  "version": "0.0.0",
  "lockfileVersion": 1,
  "requires": true,
  "dependencies": {
    "@material/animation": {
      "version": "8.0.0",
      "resolved": "https://registry.npmjs.org/@material/animation/-/animation-8.0.0.tgz",
      "integrity": "sha512-4+rCFDcfJap62a/8luuq1fmMA+EdVMASD4CBd9cN4LNOc/OPzBkLqv0PHFTnmHu9Y9biHD94uyDsbEcvtyGr+Q==",
      "dev": true,
      "requires": {
        "tslib": "^1.9.3"
      }
    },
    "@material/auto-init": {
      "version": "8.0.0",
      "resolved": "https://registry.npmjs.org/@material/auto-init/-/auto-init-8.0.0.tgz",
      "integrity": "sha512-HVs1ghR0HY8bQjziF/+n7Q1pFgK+IQbo3I5/xWpSPdBMnrw1ZaJohA8ylukfxLV+M+L/45l1ouOVmbJ60/N2EQ==",
      "dev": true,
      "requires": {
        "@material/base": "^8.0.0",
        "tslib": "^1.9.3"
      }
    },
    "@material/banner": {
      "version": "8.0.0",
      "resolved": "https://registry.npmjs.org/@material/banner/-/banner-8.0.0.tgz",
      "integrity": "sha512-+Cu577cQmJcsJSGENcEBoHIce3xr+XvVUXrkCGSL5LJ3N5FyxcMlkx6x2qFddAiW0uO69H0URMx3D7zIkequsg==",
      "dev": true,
      "requires": {
        "@material/base": "^8.0.0",
        "@material/button": "^8.0.0",
        "@material/dom": "^8.0.0",
        "@material/feature-targeting": "^8.0.0",
        "@material/ripple": "^8.0.0",
        "@material/rtl": "^8.0.0",
        "@material/shape": "^8.0.0",
        "@material/theme": "^8.0.0",
        "@material/typography": "^8.0.0",
        "tslib": "^1.9.3"
      }
    },
    "@material/base": {
      "version": "8.0.0",
      "resolved": "https://registry.npmjs.org/@material/base/-/base-8.0.0.tgz",
      "integrity": "sha512-lLB3lv/A7TqqfqeVnoguv0NV+wpzM0KAVXj0jrtg2BtbxlOYjkfl4uySyOCLGxB0y4vTv1rSXB5i7Xn73+OQHg==",
      "dev": true,
      "requires": {
        "tslib": "^1.9.3"
      }
    },
    "@material/button": {
      "version": "8.0.0",
      "resolved": "https://registry.npmjs.org/@material/button/-/button-8.0.0.tgz",
      "integrity": "sha512-16s11brFwfpWvvJxMtOyUZ7J70TNclV37M4aRlQ1Cjxhk2IUQzeRSADpCl/NdNAZQHEIhrGl2oy21sQqaNhBKg==",
      "dev": true,
      "requires": {
        "@material/density": "^8.0.0",
        "@material/elevation": "^8.0.0",
        "@material/feature-targeting": "^8.0.0",
        "@material/ripple": "^8.0.0",
        "@material/rtl": "^8.0.0",
        "@material/shape": "^8.0.0",
        "@material/theme": "^8.0.0",
        "@material/touch-target": "^8.0.0",
        "@material/typography": "^8.0.0"
      }
    },
    "@material/card": {
      "version": "8.0.0",
      "resolved": "https://registry.npmjs.org/@material/card/-/card-8.0.0.tgz",
      "integrity": "sha512-mVpIuWtBCbuMtzSjjoaqjXa5h8tskp1vUaz4O4BhVdojE7m7oDp2/pa9AgADQALtqr9Q6ndtXdWhA4J9cFcRmA==",
      "dev": true,
      "requires": {
        "@material/dom": "^8.0.0",
        "@material/elevation": "^8.0.0",
        "@material/feature-targeting": "^8.0.0",
        "@material/ripple": "^8.0.0",
        "@material/rtl": "^8.0.0",
        "@material/shape": "^8.0.0",
        "@material/theme": "^8.0.0"
      }
    },
    "@material/checkbox": {
      "version": "8.0.0",
      "resolved": "https://registry.npmjs.org/@material/checkbox/-/checkbox-8.0.0.tgz",
      "integrity": "sha512-YKe8ZNlR5K2pBXH2elN8btsqptlSgGq2pkg6q6pXbVK7bL/+UUBiB4qSAZKz6T4JwDf+CdOAR3eJWPheEIOqqQ==",
      "dev": true,
      "requires": {
        "@material/animation": "^8.0.0",
        "@material/base": "^8.0.0",
        "@material/density": "^8.0.0",
        "@material/dom": "^8.0.0",
        "@material/feature-targeting": "^8.0.0",
        "@material/ripple": "^8.0.0",
        "@material/theme": "^8.0.0",
        "@material/touch-target": "^8.0.0",
        "tslib": "^1.9.3"
      }
    },
    "@material/chips": {
      "version": "8.0.0",
      "resolved": "https://registry.npmjs.org/@material/chips/-/chips-8.0.0.tgz",
      "integrity": "sha512-olPfOW5hU3bIbntgdyA+rFD2uATfS6LlC9Azt2hqb2Ky9KmcOxP29SJrHcb5ZpoPYirUNkB/GiCqR9sBwND0Aw==",
      "dev": true,
      "requires": {
        "@material/animation": "^8.0.0",
        "@material/base": "^8.0.0",
        "@material/checkbox": "^8.0.0",
        "@material/density": "^8.0.0",
        "@material/dom": "^8.0.0",
        "@material/elevation": "^8.0.0",
        "@material/feature-targeting": "^8.0.0",
        "@material/ripple": "^8.0.0",
        "@material/rtl": "^8.0.0",
        "@material/shape": "^8.0.0",
        "@material/theme": "^8.0.0",
        "@material/touch-target": "^8.0.0",
        "@material/typography": "^8.0.0",
        "tslib": "^1.9.3"
      }
    },
    "@material/circular-progress": {
      "version": "8.0.0",
      "resolved": "https://registry.npmjs.org/@material/circular-progress/-/circular-progress-8.0.0.tgz",
      "integrity": "sha512-evLJrb8XvtbQnaoYmH4CjlBXALWoq5MmLhj3ZcEBMd6UclBje/CxjTjIhRsAtc/PyFmdT3LgxN5NE8JYvbFqnA==",
      "dev": true,
      "requires": {
        "@material/animation": "^8.0.0",
        "@material/base": "^8.0.0",
        "@material/feature-targeting": "^8.0.0",
        "@material/progress-indicator": "^8.0.0",
        "@material/theme": "^8.0.0",
        "tslib": "^1.9.3"
      }
    },
    "@material/data-table": {
      "version": "8.0.0",
      "resolved": "https://registry.npmjs.org/@material/data-table/-/data-table-8.0.0.tgz",
      "integrity": "sha512-RrR6MSDn4ZG/TpRN6+ZPne3uR0isK9DXUkquUxatNBT2DLb9Sro55L3GxaQLehRHoj2UcICO30UWYB/O8j+wvg==",
      "dev": true,
      "requires": {
        "@material/animation": "^8.0.0",
        "@material/base": "^8.0.0",
        "@material/checkbox": "^8.0.0",
        "@material/density": "^8.0.0",
        "@material/dom": "^8.0.0",
        "@material/elevation": "^8.0.0",
        "@material/feature-targeting": "^8.0.0",
        "@material/icon-button": "^8.0.0",
        "@material/linear-progress": "^8.0.0",
        "@material/list": "^8.0.0",
        "@material/menu": "^8.0.0",
        "@material/rtl": "^8.0.0",
        "@material/select": "^8.0.0",
        "@material/shape": "^8.0.0",
        "@material/theme": "^8.0.0",
        "@material/touch-target": "^8.0.0",
        "@material/typography": "^8.0.0",
        "tslib": "^1.10.0"
      }
    },
    "@material/density": {
      "version": "8.0.0",
      "resolved": "https://registry.npmjs.org/@material/density/-/density-8.0.0.tgz",
      "integrity": "sha512-44g0S8kZfVw02JfMCLQeYxbt143xiQvouR1mNKqC6+W+XhdBNS1IxKtk+kONiEIXVhb9JKnEp5zag+aC589RTw==",
      "dev": true
    },
    "@material/dialog": {
      "version": "8.0.0",
      "resolved": "https://registry.npmjs.org/@material/dialog/-/dialog-8.0.0.tgz",
      "integrity": "sha512-zRCdg9APj3dbgAASFiBuTflKJ05sq3BJQfjyNcVuXYz4DW6ySnDTCHkq/XwQLfBx79QEFQ9R1GYK/vbr7WWrnA==",
      "dev": true,
      "requires": {
        "@material/animation": "^8.0.0",
        "@material/base": "^8.0.0",
        "@material/button": "^8.0.0",
        "@material/dom": "^8.0.0",
        "@material/elevation": "^8.0.0",
        "@material/feature-targeting": "^8.0.0",
        "@material/ripple": "^8.0.0",
        "@material/rtl": "^8.0.0",
        "@material/shape": "^8.0.0",
        "@material/theme": "^8.0.0",
        "@material/touch-target": "^8.0.0",
        "@material/typography": "^8.0.0",
        "tslib": "^1.9.3"
      }
    },
    "@material/dom": {
      "version": "8.0.0",
      "resolved": "https://registry.npmjs.org/@material/dom/-/dom-8.0.0.tgz",
      "integrity": "sha512-Y+sGqsyeFEu2whqdQ++LzXwmoRzhG3nEiPPwtX/Fgqrfdy7nyG1tvLXT+P+PLMDM6xO/H5+yjPV5OLFpKJjiIg==",
      "dev": true,
      "requires": {
        "@material/feature-targeting": "^8.0.0",
        "tslib": "^1.9.3"
      }
    },
    "@material/drawer": {
      "version": "8.0.0",
      "resolved": "https://registry.npmjs.org/@material/drawer/-/drawer-8.0.0.tgz",
      "integrity": "sha512-vBeMgavv5aYgx1KQAFhlKr3W1+BGJoQQiNnPgDLtxBBkgfdaNxHo1DJz8cgYp1X6p3moRUqgzdKxAMj+pewL0g==",
      "dev": true,
      "requires": {
        "@material/animation": "^8.0.0",
        "@material/base": "^8.0.0",
        "@material/dom": "^8.0.0",
        "@material/elevation": "^8.0.0",
        "@material/feature-targeting": "^8.0.0",
        "@material/list": "^8.0.0",
        "@material/ripple": "^8.0.0",
        "@material/rtl": "^8.0.0",
        "@material/shape": "^8.0.0",
        "@material/theme": "^8.0.0",
        "@material/typography": "^8.0.0",
        "tslib": "^1.9.3"
      }
    },
    "@material/elevation": {
      "version": "8.0.0",
      "resolved": "https://registry.npmjs.org/@material/elevation/-/elevation-8.0.0.tgz",
      "integrity": "sha512-DF/bdPv20jnKw35rIGbJmVTaNKA710hzdmI8G4TWrW/asMkxynEjJKQriyXkesLY+c1GP7qJDEhpV+xkQUrJLg==",
      "dev": true,
      "requires": {
        "@material/animation": "^8.0.0",
        "@material/base": "^8.0.0",
        "@material/feature-targeting": "^8.0.0",
        "@material/theme": "^8.0.0"
      }
    },
    "@material/fab": {
      "version": "8.0.0",
      "resolved": "https://registry.npmjs.org/@material/fab/-/fab-8.0.0.tgz",
      "integrity": "sha512-WwWD7eiKsiX/Ys+0q+/0mUxdPdgX3ol7kpQOaCjHwNsircpe4ntT/BjXsNvsEl/S2sBOy+fC6UCxsx/UP6Djcw==",
      "dev": true,
      "requires": {
        "@material/animation": "^8.0.0",
        "@material/dom": "^8.0.0",
        "@material/elevation": "^8.0.0",
        "@material/feature-targeting": "^8.0.0",
        "@material/ripple": "^8.0.0",
        "@material/rtl": "^8.0.0",
        "@material/shape": "^8.0.0",
        "@material/theme": "^8.0.0",
        "@material/touch-target": "^8.0.0",
        "@material/typography": "^8.0.0"
      }
    },
    "@material/feature-targeting": {
      "version": "8.0.0",
      "resolved": "https://registry.npmjs.org/@material/feature-targeting/-/feature-targeting-8.0.0.tgz",
      "integrity": "sha512-xMJ9RmnOQCLPB6bD0xS0p6NF36vKNkjoPQt8aOoimtBlhSOba68+5jeX/qEQYZgOG4jf0SnWq833gAxx61Ni6g==",
      "dev": true
    },
    "@material/floating-label": {
      "version": "8.0.0",
      "resolved": "https://registry.npmjs.org/@material/floating-label/-/floating-label-8.0.0.tgz",
      "integrity": "sha512-k8owllI0eTS3jRGSSALytdX5rvUSbNzK5rxZkdx81hRJ95oEYBuKyTgSPhiLjjpY2igtjO2amzfENLsHO9ABuA==",
      "dev": true,
      "requires": {
        "@material/animation": "^8.0.0",
        "@material/base": "^8.0.0",
        "@material/dom": "^8.0.0",
        "@material/feature-targeting": "^8.0.0",
        "@material/rtl": "^8.0.0",
        "@material/theme": "^8.0.0",
        "@material/typography": "^8.0.0",
        "tslib": "^1.9.3"
      }
    },
    "@material/form-field": {
      "version": "8.0.0",
      "resolved": "https://registry.npmjs.org/@material/form-field/-/form-field-8.0.0.tgz",
      "integrity": "sha512-VHmQ4QQRP/omLlc5kHRtP4GASg5Q+b3E3rz8r8XoJ6GqJamSHazCVpjcvIkpKxzDZaVTggLNxhlBCfRQ3VxuEQ==",
      "dev": true,
      "requires": {
        "@material/base": "^8.0.0",
        "@material/feature-targeting": "^8.0.0",
        "@material/ripple": "^8.0.0",
        "@material/rtl": "^8.0.0",
        "@material/theme": "^8.0.0",
        "@material/typography": "^8.0.0",
        "tslib": "^1.9.3"
      }
    },
    "@material/icon-button": {
      "version": "8.0.0",
      "resolved": "https://registry.npmjs.org/@material/icon-button/-/icon-button-8.0.0.tgz",
      "integrity": "sha512-OcO2sw21ty7OzEQ+7tkYt5NGrrwwDuCvZegfL/eMUla1iQFYf/pZ+QCb1r3NEtbBJmsXzoBsDcUnaiM4PxFs3g==",
      "dev": true,
      "requires": {
        "@material/base": "^8.0.0",
        "@material/density": "^8.0.0",
        "@material/feature-targeting": "^8.0.0",
        "@material/ripple": "^8.0.0",
        "@material/rtl": "^8.0.0",
        "@material/theme": "^8.0.0",
        "tslib": "^1.9.3"
      }
    },
    "@material/image-list": {
      "version": "8.0.0",
      "resolved": "https://registry.npmjs.org/@material/image-list/-/image-list-8.0.0.tgz",
      "integrity": "sha512-5WvCgaHtbqRwYR2tIUM3D5WYu1PkyodUOSQIfP5V+S6m/0AIFqy66PajRjvQzjQaeB1FCuimVwqp28CPDjukuA==",
      "dev": true,
      "requires": {
        "@material/feature-targeting": "^8.0.0",
        "@material/shape": "^8.0.0",
        "@material/theme": "^8.0.0",
        "@material/typography": "^8.0.0"
      }
    },
    "@material/layout-grid": {
      "version": "8.0.0",
      "resolved": "https://registry.npmjs.org/@material/layout-grid/-/layout-grid-8.0.0.tgz",
      "integrity": "sha512-B+vU+BYdFH83q8YoEhX5kAgvcyDPzAiWbnEUhWDyKF+m7Y2r+xSEtQ+nGfFIMS1njdSLhTRhVBhvBxIZ1wA4GQ==",
      "dev": true
    },
    "@material/line-ripple": {
      "version": "8.0.0",
      "resolved": "https://registry.npmjs.org/@material/line-ripple/-/line-ripple-8.0.0.tgz",
      "integrity": "sha512-eShO/Xm7SWD9hpocIE+/+KWdYi4/dQEoTWyg7xZeLzbg70s+9cANLDE2+pkI8hsuMEhCTkC51XSOOBvTDSAZrQ==",
      "dev": true,
      "requires": {
        "@material/animation": "^8.0.0",
        "@material/base": "^8.0.0",
        "@material/feature-targeting": "^8.0.0",
        "@material/theme": "^8.0.0",
        "tslib": "^1.9.3"
      }
    },
    "@material/linear-progress": {
      "version": "8.0.0",
      "resolved": "https://registry.npmjs.org/@material/linear-progress/-/linear-progress-8.0.0.tgz",
      "integrity": "sha512-EN1QxsLIxZ8boh3s8H8tpgksZ55nb090D2SrSxzAq/ANc/XW3Dka1VtnW++GI6gr7YJOma7vfFjnMDMa1gNgRQ==",
      "dev": true,
      "requires": {
        "@material/animation": "^8.0.0",
        "@material/base": "^8.0.0",
        "@material/feature-targeting": "^8.0.0",
        "@material/progress-indicator": "^8.0.0",
        "@material/theme": "^8.0.0",
        "tslib": "^1.9.3"
      }
    },
    "@material/list": {
      "version": "8.0.0",
      "resolved": "https://registry.npmjs.org/@material/list/-/list-8.0.0.tgz",
      "integrity": "sha512-GlTNhyjpr9pNXnRKjLdt4+oNaHi51y1AcR4S14noSunZnd0DeMJ2yTe+56iDcA6OMpTIAefTtvWUqGrDnPEeVw==",
      "dev": true,
      "requires": {
        "@material/base": "^8.0.0",
        "@material/density": "^8.0.0",
        "@material/dom": "^8.0.0",
        "@material/feature-targeting": "^8.0.0",
        "@material/ripple": "^8.0.0",
        "@material/rtl": "^8.0.0",
        "@material/shape": "^8.0.0",
        "@material/theme": "^8.0.0",
        "@material/typography": "^8.0.0",
        "tslib": "^1.9.3"
      }
    },
    "@material/menu": {
      "version": "8.0.0",
      "resolved": "https://registry.npmjs.org/@material/menu/-/menu-8.0.0.tgz",
      "integrity": "sha512-ucG+j9GC8uDwkqjDxMfP21bKuvbKx4ChB/UKBZd4PZrJWCvqdfuC6AJih57UGVcu+l6r59mpmhkvfGhEjehNew==",
      "dev": true,
      "requires": {
        "@material/base": "^8.0.0",
        "@material/dom": "^8.0.0",
        "@material/elevation": "^8.0.0",
        "@material/feature-targeting": "^8.0.0",
        "@material/list": "^8.0.0",
        "@material/menu-surface": "^8.0.0",
        "@material/ripple": "^8.0.0",
        "@material/rtl": "^8.0.0",
        "@material/theme": "^8.0.0",
        "tslib": "^1.9.3"
      }
    },
    "@material/menu-surface": {
      "version": "8.0.0",
      "resolved": "https://registry.npmjs.org/@material/menu-surface/-/menu-surface-8.0.0.tgz",
      "integrity": "sha512-oQxLi80GrNRQ8jHMi5qXw9S9eRB62Y6xWV8yfG8k4buTTg61iFx9GEUDDene2RslH9eyggVBKJ2K0ibdPp+ZpQ==",
      "dev": true,
      "requires": {
        "@material/animation": "^8.0.0",
        "@material/base": "^8.0.0",
        "@material/elevation": "^8.0.0",
        "@material/feature-targeting": "^8.0.0",
        "@material/rtl": "^8.0.0",
        "@material/shape": "^8.0.0",
        "@material/theme": "^8.0.0",
        "tslib": "^1.9.3"
      }
    },
    "@material/notched-outline": {
      "version": "8.0.0",
      "resolved": "https://registry.npmjs.org/@material/notched-outline/-/notched-outline-8.0.0.tgz",
      "integrity": "sha512-5aNqLRoRfb5RJN7nOpUdo+xDZx6cTPzQwkXo9Fm6f2irWDPFd3qNQ1WGnKbY8r6KKo8wMarWkTRTAqmiWx/02g==",
      "dev": true,
      "requires": {
        "@material/base": "^8.0.0",
        "@material/feature-targeting": "^8.0.0",
        "@material/floating-label": "^8.0.0",
        "@material/rtl": "^8.0.0",
        "@material/shape": "^8.0.0",
        "@material/theme": "^8.0.0",
        "tslib": "^1.9.3"
      }
    },
    "@material/progress-indicator": {
      "version": "8.0.0",
      "resolved": "https://registry.npmjs.org/@material/progress-indicator/-/progress-indicator-8.0.0.tgz",
      "integrity": "sha512-ZBVdi8lEYJLvn7VFfzWnfZx7J94PGAuj8wq0Rto0we44rGQR3fmVhKMx7B12V4Ip1hakPtk1eDKPJAIkqq0u/Q==",
      "dev": true,
      "requires": {
        "tslib": "^1.9.3"
      }
    },
    "@material/radio": {
      "version": "8.0.0",
      "resolved": "https://registry.npmjs.org/@material/radio/-/radio-8.0.0.tgz",
      "integrity": "sha512-TthlhTB+a9XJXxdAydT+3zy1kHY1ATdLPQRy5fAYuY00smNYW584SftWV2avDNsqa8T+3/YvlvXWNQnCCfivyQ==",
      "dev": true,
      "requires": {
        "@material/animation": "^8.0.0",
        "@material/base": "^8.0.0",
        "@material/density": "^8.0.0",
        "@material/dom": "^8.0.0",
        "@material/feature-targeting": "^8.0.0",
        "@material/ripple": "^8.0.0",
        "@material/theme": "^8.0.0",
        "@material/touch-target": "^8.0.0",
        "tslib": "^1.9.3"
      }
    },
    "@material/ripple": {
      "version": "8.0.0",
      "resolved": "https://registry.npmjs.org/@material/ripple/-/ripple-8.0.0.tgz",
      "integrity": "sha512-r6Ejin8Qp9e91kHdhfStfXf5I18l5ZuraQIegBqj20OLe7SdrpMaGA3e1g923e/wfDCYEX1sBUVerwVUFJ+rTQ==",
      "dev": true,
      "requires": {
        "@material/animation": "^8.0.0",
        "@material/base": "^8.0.0",
        "@material/dom": "^8.0.0",
        "@material/feature-targeting": "^8.0.0",
        "@material/theme": "^8.0.0",
        "tslib": "^1.9.3"
      }
    },
    "@material/rtl": {
      "version": "8.0.0",
      "resolved": "https://registry.npmjs.org/@material/rtl/-/rtl-8.0.0.tgz",
      "integrity": "sha512-P7+22B+2r+ol5pnLvq7VUaZPJGBZeX2PpVwELE7J3IruN6SnOZyt1h2LZI/sEMuyQhKrNs8Cpq2PLnbgeQhBJQ==",
      "dev": true,
      "requires": {
        "@material/theme": "^8.0.0"
      }
    },
    "@material/segmented-button": {
      "version": "8.0.0",
      "resolved": "https://registry.npmjs.org/@material/segmented-button/-/segmented-button-8.0.0.tgz",
      "integrity": "sha512-E25nXvNhRHYqhvwWXTxYGylNwQFA9tad0GreTf6eiyQLsQmqnM/BKhnqPRLYzX17jitgyb7GdY/kQyzUmwFzFg==",
      "dev": true,
      "requires": {
        "@material/base": "^8.0.0",
        "@material/elevation": "^8.0.0",
        "@material/feature-targeting": "^8.0.0",
        "@material/ripple": "^8.0.0",
        "@material/theme": "^8.0.0",
        "@material/touch-target": "^8.0.0",
        "@material/typography": "^8.0.0"
      }
    },
    "@material/select": {
      "version": "8.0.0",
      "resolved": "https://registry.npmjs.org/@material/select/-/select-8.0.0.tgz",
      "integrity": "sha512-5ofZ6CbxIwrDzbEVRE60+8mYNce1TaUlnGs4WbauVKt60gquC9oYB5D9r27Q9Uqv5WlQvPL0vbTlRhAR7d1sYQ==",
      "dev": true,
      "requires": {
        "@material/animation": "^8.0.0",
        "@material/base": "^8.0.0",
        "@material/density": "^8.0.0",
        "@material/dom": "^8.0.0",
        "@material/feature-targeting": "^8.0.0",
        "@material/floating-label": "^8.0.0",
        "@material/line-ripple": "^8.0.0",
        "@material/list": "^8.0.0",
        "@material/menu": "^8.0.0",
        "@material/menu-surface": "^8.0.0",
        "@material/notched-outline": "^8.0.0",
        "@material/ripple": "^8.0.0",
        "@material/rtl": "^8.0.0",
        "@material/shape": "^8.0.0",
        "@material/theme": "^8.0.0",
        "@material/typography": "^8.0.0",
        "tslib": "^1.9.3"
      }
    },
    "@material/shape": {
      "version": "8.0.0",
      "resolved": "https://registry.npmjs.org/@material/shape/-/shape-8.0.0.tgz",
      "integrity": "sha512-VX8QtZkzC6bViTw9krDRgXaMQ+TVdSJSRs2W24V6G7FbYyVQqBreTkp8knAWJPWj68MsGVp1kRRvR6U8tB4GDg==",
      "dev": true,
      "requires": {
        "@material/feature-targeting": "^8.0.0",
        "@material/rtl": "^8.0.0",
        "@material/theme": "^8.0.0"
      }
    },
    "@material/slider": {
      "version": "8.0.0",
      "resolved": "https://registry.npmjs.org/@material/slider/-/slider-8.0.0.tgz",
      "integrity": "sha512-AdqrIxe+K+Y3ukge/GQsPABVKCTBNDBAcxOCkuuuHza41Xn4a4DZG5J/fQZFt/a4t0ydLepyfIzemeAhHICEzw==",
      "dev": true,
      "requires": {
        "@material/animation": "^8.0.0",
        "@material/base": "^8.0.0",
        "@material/dom": "^8.0.0",
        "@material/elevation": "^8.0.0",
        "@material/feature-targeting": "^8.0.0",
        "@material/ripple": "^8.0.0",
        "@material/rtl": "^8.0.0",
        "@material/theme": "^8.0.0",
        "@material/typography": "^8.0.0",
        "tslib": "^1.9.3"
      }
    },
    "@material/snackbar": {
      "version": "8.0.0",
      "resolved": "https://registry.npmjs.org/@material/snackbar/-/snackbar-8.0.0.tgz",
      "integrity": "sha512-VJA3C58o+b2PRpPsPrQ3dnS3S4L8NZ56Y9eEkOdaJ7mQUQqvYC3opYAT/MuawyGC9I7sUgscV7gHnYifm6JJHQ==",
      "dev": true,
      "requires": {
        "@material/animation": "^8.0.0",
        "@material/base": "^8.0.0",
        "@material/button": "^8.0.0",
        "@material/dom": "^8.0.0",
        "@material/elevation": "^8.0.0",
        "@material/feature-targeting": "^8.0.0",
        "@material/icon-button": "^8.0.0",
        "@material/ripple": "^8.0.0",
        "@material/rtl": "^8.0.0",
        "@material/shape": "^8.0.0",
        "@material/theme": "^8.0.0",
        "@material/typography": "^8.0.0",
        "tslib": "^1.9.3"
      }
    },
    "@material/switch": {
      "version": "8.0.0",
      "resolved": "https://registry.npmjs.org/@material/switch/-/switch-8.0.0.tgz",
      "integrity": "sha512-ayz8zrbbmQcHhrbiu7E7AXJnGl8gS9S2KjQRpFybnKxJca77jMxLuMBzVHu6eoXmMa3otwIrcJDQbQrKD+UPDA==",
      "dev": true,
      "requires": {
        "@material/animation": "^8.0.0",
        "@material/base": "^8.0.0",
        "@material/density": "^8.0.0",
        "@material/dom": "^8.0.0",
        "@material/elevation": "^8.0.0",
        "@material/feature-targeting": "^8.0.0",
        "@material/ripple": "^8.0.0",
        "@material/rtl": "^8.0.0",
        "@material/theme": "^8.0.0",
        "tslib": "^1.9.3"
      }
    },
    "@material/tab": {
      "version": "8.0.0",
      "resolved": "https://registry.npmjs.org/@material/tab/-/tab-8.0.0.tgz",
      "integrity": "sha512-AQ/7EJpKG6Pz+s3XGwWXWZxEgjM6U3xZfKFgL8l8yGQtnyY24sJHbIrCmuS2HQ74DfkZg8FElovuSLOJ6yypVg==",
      "dev": true,
      "requires": {
        "@material/base": "^8.0.0",
        "@material/feature-targeting": "^8.0.0",
        "@material/ripple": "^8.0.0",
        "@material/rtl": "^8.0.0",
        "@material/tab-indicator": "^8.0.0",
        "@material/theme": "^8.0.0",
        "@material/typography": "^8.0.0",
        "tslib": "^1.9.3"
      }
    },
    "@material/tab-bar": {
      "version": "8.0.0",
      "resolved": "https://registry.npmjs.org/@material/tab-bar/-/tab-bar-8.0.0.tgz",
      "integrity": "sha512-m2zl7wp9zGaFbUGBdksF9Wq3lSY21FNhpiIlNxrqCwTMdAYPOIvjYaQD/kW/bpHEjqu8Anqyr3ovP9XdnbA3uQ==",
      "dev": true,
      "requires": {
        "@material/animation": "^8.0.0",
        "@material/base": "^8.0.0",
        "@material/density": "^8.0.0",
        "@material/feature-targeting": "^8.0.0",
        "@material/tab": "^8.0.0",
        "@material/tab-scroller": "^8.0.0",
        "tslib": "^1.9.3"
      }
    },
    "@material/tab-indicator": {
      "version": "8.0.0",
      "resolved": "https://registry.npmjs.org/@material/tab-indicator/-/tab-indicator-8.0.0.tgz",
      "integrity": "sha512-2s3zjUtVvJ9pLP514mf83ZZFsy/CqNdwLE7ZU4sw27+ki1zqsgUmLPiWDAfmFyrN1Rvw2Tit3ZGuNJ7xFbAs3A==",
      "dev": true,
      "requires": {
        "@material/animation": "^8.0.0",
        "@material/base": "^8.0.0",
        "@material/feature-targeting": "^8.0.0",
        "@material/theme": "^8.0.0",
        "tslib": "^1.9.3"
      }
    },
    "@material/tab-scroller": {
      "version": "8.0.0",
      "resolved": "https://registry.npmjs.org/@material/tab-scroller/-/tab-scroller-8.0.0.tgz",
      "integrity": "sha512-fB/8lamANa/L3rNSkf7kB+GEnpH9vW1UQ9QtXe1K4Lr2UlCO1L3aV2HvOV53Ga4w25CcLUSypF3AxBzngb012Q==",
      "dev": true,
      "requires": {
        "@material/animation": "^8.0.0",
        "@material/base": "^8.0.0",
        "@material/dom": "^8.0.0",
        "@material/feature-targeting": "^8.0.0",
        "@material/tab": "^8.0.0",
        "tslib": "^1.9.3"
      }
    },
    "@material/textfield": {
      "version": "8.0.0",
      "resolved": "https://registry.npmjs.org/@material/textfield/-/textfield-8.0.0.tgz",
      "integrity": "sha512-Ec9T5gctPgy2mOnBr690aB2bYzfQblDRhfABNEMX41+Q9ywhzMrKGBCjyYiCzwOWTLOWxsXMXPfnTSkDq991yA==",
      "dev": true,
      "requires": {
        "@material/animation": "^8.0.0",
        "@material/base": "^8.0.0",
        "@material/density": "^8.0.0",
        "@material/dom": "^8.0.0",
        "@material/feature-targeting": "^8.0.0",
        "@material/floating-label": "^8.0.0",
        "@material/line-ripple": "^8.0.0",
        "@material/notched-outline": "^8.0.0",
        "@material/ripple": "^8.0.0",
        "@material/rtl": "^8.0.0",
        "@material/shape": "^8.0.0",
        "@material/theme": "^8.0.0",
        "@material/typography": "^8.0.0",
        "tslib": "^1.9.3"
      }
    },
    "@material/theme": {
      "version": "8.0.0",
      "resolved": "https://registry.npmjs.org/@material/theme/-/theme-8.0.0.tgz",
      "integrity": "sha512-YcU4oi1pd9K8KfPfhZHD7GGnn034SoaVld5534eEnTMgpUn2y7KHZJlPCjrdh1tIy+PBvnYAkxBtx+mKWRCKFQ==",
      "dev": true,
      "requires": {
        "@material/feature-targeting": "^8.0.0"
      }
    },
    "@material/tooltip": {
      "version": "8.0.0",
      "resolved": "https://registry.npmjs.org/@material/tooltip/-/tooltip-8.0.0.tgz",
      "integrity": "sha512-z0SgL6CWp59V2AnTLbmfzxKCXIo/fWQejiu6FNFnovjX9BMiQNoWd+BsNFdxZb8PZhSuTwToVG1CSHHKGrLLdw==",
      "dev": true,
      "requires": {
        "@material/animation": "^8.0.0",
        "@material/base": "^8.0.0",
        "@material/dom": "^8.0.0",
        "@material/feature-targeting": "^8.0.0",
        "@material/rtl": "^8.0.0",
        "@material/shape": "^8.0.0",
        "@material/theme": "^8.0.0",
        "@material/typography": "^8.0.0",
        "tslib": "^1.9.3"
      }
    },
    "@material/top-app-bar": {
      "version": "8.0.0",
      "resolved": "https://registry.npmjs.org/@material/top-app-bar/-/top-app-bar-8.0.0.tgz",
      "integrity": "sha512-cCP1eUAuFA8FbNgt+O3MI771IkIIMIUF6pc+hXBMddCBeec4VbSKUCqeRd1TR+RHPTf4BQ1QmutMSY8AkLIoyw==",
      "dev": true,
      "requires": {
        "@material/animation": "^8.0.0",
        "@material/base": "^8.0.0",
        "@material/elevation": "^8.0.0",
        "@material/ripple": "^8.0.0",
        "@material/rtl": "^8.0.0",
        "@material/shape": "^8.0.0",
        "@material/theme": "^8.0.0",
        "@material/typography": "^8.0.0",
        "tslib": "^1.9.3"
      }
    },
    "@material/touch-target": {
      "version": "8.0.0",
      "resolved": "https://registry.npmjs.org/@material/touch-target/-/touch-target-8.0.0.tgz",
      "integrity": "sha512-vRaV8AYiZfN+90SxDrO38rmmwNrTQHwwWGViBWod2uedQLe+TisldKa0UlCBrVscuDMVO3cpDdsgVzzdpCHdxg==",
      "dev": true,
      "requires": {
        "@material/base": "^8.0.0",
        "@material/feature-targeting": "^8.0.0"
      }
    },
    "@material/typography": {
      "version": "8.0.0",
      "resolved": "https://registry.npmjs.org/@material/typography/-/typography-8.0.0.tgz",
      "integrity": "sha512-1CKckX1JStAh4JvOGwyc3vJ8ggGJXBZJTZJDJNmXSyJeL8SkLdppeTjr02zN09VNrVehS41ArhScPF0zl0rMzQ==",
      "dev": true,
      "requires": {
        "@material/feature-targeting": "^8.0.0",
        "@material/theme": "^8.0.0"
      }
    },
    "anymatch": {
      "version": "3.1.1",
      "resolved": "https://registry.npmjs.org/anymatch/-/anymatch-3.1.1.tgz",
      "integrity": "sha512-mM8522psRCqzV+6LhomX5wgp25YVibjh8Wj23I5RPkPppSVSjyKD2A2mBJmWGa+KN7f2D6LNh9jkBCeyLktzjg==",
      "dev": true,
      "requires": {
        "normalize-path": "^3.0.0",
        "picomatch": "^2.0.4"
      }
    },
    "binary-extensions": {
      "version": "2.1.0",
      "resolved": "https://registry.npmjs.org/binary-extensions/-/binary-extensions-2.1.0.tgz",
      "integrity": "sha512-1Yj8h9Q+QDF5FzhMs/c9+6UntbD5MkRfRwac8DoEm9ZfUBZ7tZ55YcGVAzEe4bXsdQHEk+s9S5wsOKVdZrw0tQ==",
      "dev": true
    },
    "braces": {
      "version": "3.0.2",
      "resolved": "https://registry.npmjs.org/braces/-/braces-3.0.2.tgz",
      "integrity": "sha512-b8um+L1RzM3WDSzvhm6gIz1yfTbBt6YTlcEKAvsmqCZZFw46z626lVj9j1yEPW33H5H+lBQpZMP1k8l+78Ha0A==",
      "dev": true,
      "requires": {
        "fill-range": "^7.0.1"
      }
    },
    "chokidar": {
      "version": "3.4.3",
      "resolved": "https://registry.npmjs.org/chokidar/-/chokidar-3.4.3.tgz",
      "integrity": "sha512-DtM3g7juCXQxFVSNPNByEC2+NImtBuxQQvWlHunpJIS5Ocr0lG306cC7FCi7cEA0fzmybPUIl4txBIobk1gGOQ==",
      "dev": true,
      "requires": {
        "anymatch": "~3.1.1",
        "braces": "~3.0.2",
        "fsevents": "~2.1.2",
        "glob-parent": "~5.1.0",
        "is-binary-path": "~2.1.0",
        "is-glob": "~4.0.1",
        "normalize-path": "~3.0.0",
        "readdirp": "~3.5.0"
      }
    },
    "dart-sass": {
      "version": "1.25.0",
      "resolved": "https://registry.npmjs.org/dart-sass/-/dart-sass-1.25.0.tgz",
      "integrity": "sha512-syNOAstJXAmvD3RifcDk3fiPMyYE2fY8so6w9gf2/wNlKpG0zyH+oiXubEYVOy1WAWkzOc72pbAxwx+3OU4JJA==",
      "dev": true,
      "requires": {
        "chokidar": ">=2.0.0 <4.0.0"
      }
    },
    "fill-range": {
      "version": "7.0.1",
      "resolved": "https://registry.npmjs.org/fill-range/-/fill-range-7.0.1.tgz",
      "integrity": "sha512-qOo9F+dMUmC2Lcb4BbVvnKJxTPjCm+RRpe4gDuGrzkL7mEVl/djYSu2OdQ2Pa302N4oqkSg9ir6jaLWJ2USVpQ==",
      "dev": true,
      "requires": {
        "to-regex-range": "^5.0.1"
      }
    },
    "fsevents": {
      "version": "2.1.3",
      "resolved": "https://registry.npmjs.org/fsevents/-/fsevents-2.1.3.tgz",
      "integrity": "sha512-Auw9a4AxqWpa9GUfj370BMPzzyncfBABW8Mab7BGWBYDj4Isgq+cDKtx0i6u9jcX9pQDnswsaaOTgTmA5pEjuQ==",
      "dev": true,
      "optional": true
    },
    "glob-parent": {
      "version": "5.1.1",
      "resolved": "https://registry.npmjs.org/glob-parent/-/glob-parent-5.1.1.tgz",
      "integrity": "sha512-FnI+VGOpnlGHWZxthPGR+QhR78fuiK0sNLkHQv+bL9fQi57lNNdquIbna/WrfROrolq8GK5Ek6BiMwqL/voRYQ==",
      "dev": true,
      "requires": {
        "is-glob": "^4.0.1"
      }
    },
    "is-binary-path": {
      "version": "2.1.0",
      "resolved": "https://registry.npmjs.org/is-binary-path/-/is-binary-path-2.1.0.tgz",
      "integrity": "sha512-ZMERYes6pDydyuGidse7OsHxtbI7WVeUEozgR/g7rd0xUimYNlvZRE/K2MgZTjWy725IfelLeVcEM97mmtRGXw==",
      "dev": true,
      "requires": {
        "binary-extensions": "^2.0.0"
      }
    },
    "is-extglob": {
      "version": "2.1.1",
      "resolved": "https://registry.npmjs.org/is-extglob/-/is-extglob-2.1.1.tgz",
      "integrity": "sha1-qIwCU1eR8C7TfHahueqXc8gz+MI=",
      "dev": true
    },
    "is-glob": {
      "version": "4.0.1",
      "resolved": "https://registry.npmjs.org/is-glob/-/is-glob-4.0.1.tgz",
      "integrity": "sha512-5G0tKtBTFImOqDnLB2hG6Bp2qcKEFduo4tZu9MT/H6NQv/ghhy30o55ufafxJ/LdH79LLs2Kfrn85TLKyA7BUg==",
      "dev": true,
      "requires": {
        "is-extglob": "^2.1.1"
      }
    },
    "is-number": {
      "version": "7.0.0",
      "resolved": "https://registry.npmjs.org/is-number/-/is-number-7.0.0.tgz",
      "integrity": "sha512-41Cifkg6e8TylSpdtTpeLVMqvSBEVzTttHvERD741+pnZ8ANv0004MRL43QKPDlK9cGvNp6NZWZUBlbGXYxxng==",
      "dev": true
    },
    "material-components-web": {
      "version": "8.0.0",
      "resolved": "https://registry.npmjs.org/material-components-web/-/material-components-web-8.0.0.tgz",
      "integrity": "sha512-0troqbxoXPozViUqL1AeXXAc12L3zf92pc5hYvR+0kyfCkp2tj+No5/Px96X/14l2sPQIoh82v7Sh0MMt7lbdg==",
      "dev": true,
      "requires": {
        "@material/animation": "^8.0.0",
        "@material/auto-init": "^8.0.0",
        "@material/banner": "^8.0.0",
        "@material/base": "^8.0.0",
        "@material/button": "^8.0.0",
        "@material/card": "^8.0.0",
        "@material/checkbox": "^8.0.0",
        "@material/chips": "^8.0.0",
        "@material/circular-progress": "^8.0.0",
        "@material/data-table": "^8.0.0",
        "@material/density": "^8.0.0",
        "@material/dialog": "^8.0.0",
        "@material/dom": "^8.0.0",
        "@material/drawer": "^8.0.0",
        "@material/elevation": "^8.0.0",
        "@material/fab": "^8.0.0",
        "@material/feature-targeting": "^8.0.0",
        "@material/floating-label": "^8.0.0",
        "@material/form-field": "^8.0.0",
        "@material/icon-button": "^8.0.0",
        "@material/image-list": "^8.0.0",
        "@material/layout-grid": "^8.0.0",
        "@material/line-ripple": "^8.0.0",
        "@material/linear-progress": "^8.0.0",
        "@material/list": "^8.0.0",
        "@material/menu": "^8.0.0",
        "@material/menu-surface": "^8.0.0",
        "@material/notched-outline": "^8.0.0",
        "@material/radio": "^8.0.0",
        "@material/ripple": "^8.0.0",
        "@material/rtl": "^8.0.0",
        "@material/segmented-button": "^8.0.0",
        "@material/select": "^8.0.0",
        "@material/shape": "^8.0.0",
        "@material/slider": "^8.0.0",
        "@material/snackbar": "^8.0.0",
        "@material/switch": "^8.0.0",
        "@material/tab": "^8.0.0",
        "@material/tab-bar": "^8.0.0",
        "@material/tab-indicator": "^8.0.0",
        "@material/tab-scroller": "^8.0.0",
        "@material/textfield": "^8.0.0",
        "@material/theme": "^8.0.0",
        "@material/tooltip": "^8.0.0",
        "@material/top-app-bar": "^8.0.0",
        "@material/touch-target": "^8.0.0",
        "@material/typography": "^8.0.0"
      }
    },
    "normalize-path": {
      "version": "3.0.0",
      "resolved": "https://registry.npmjs.org/normalize-path/-/normalize-path-3.0.0.tgz",
      "integrity": "sha512-6eZs5Ls3WtCisHWp9S2GUy8dqkpGi4BVSz3GaqiE6ezub0512ESztXUwUB6C6IKbQkY2Pnb/mD4WYojCRwcwLA==",
      "dev": true
    },
    "picomatch": {
      "version": "2.2.2",
      "resolved": "https://registry.npmjs.org/picomatch/-/picomatch-2.2.2.tgz",
      "integrity": "sha512-q0M/9eZHzmr0AulXyPwNfZjtwZ/RBZlbN3K3CErVrk50T2ASYI7Bye0EvekFY3IP1Nt2DHu0re+V2ZHIpMkuWg==",
      "dev": true
    },
    "readdirp": {
      "version": "3.5.0",
      "resolved": "https://registry.npmjs.org/readdirp/-/readdirp-3.5.0.tgz",
      "integrity": "sha512-cMhu7c/8rdhkHXWsY+osBhfSy0JikwpHK/5+imo+LpeasTF8ouErHrlYkwT0++njiyuDvc7OFY5T3ukvZ8qmFQ==",
      "dev": true,
      "requires": {
        "picomatch": "^2.2.1"
      }
    },
    "to-regex-range": {
      "version": "5.0.1",
      "resolved": "https://registry.npmjs.org/to-regex-range/-/to-regex-range-5.0.1.tgz",
      "integrity": "sha512-65P7iz6X5yEr1cwcgvQxbbIw7Uk3gOy5dIdtZ4rDveLqhrdJP+Li/Hx6tyK0NEb+2GCyneCMJiGqrADCSNk8sQ==",
      "dev": true,
      "requires": {
        "is-number": "^7.0.0"
      }
    },
    "tslib": {
      "version": "1.14.1",
      "resolved": "https://registry.npmjs.org/tslib/-/tslib-1.14.1.tgz",
      "integrity": "sha512-Xni35NKzjgMrwevysHTCArtLDpPvye8zV/0E4EyYn43P7/7qvQwPh9BGkHewbMulVntbigmcT7rdX3BNo9wRJg==",
      "dev": true
    }
  }
}
