{
  "name": "material.blazor.website",
  "version": "0.0.0",
  "lockfileVersion": 1,
  "requires": true,
  "dependencies": {
    "@material/animation": {
      "version": "9.0.0",
      "resolved": "https://registry.npmjs.org/@material/animation/-/animation-9.0.0.tgz",
      "integrity": "sha512-ZsiCrIfn6uRjE+/W50PwxOIFSSMWo/sXgOAXvM/0C6KSEGAyKOBGcVmpMuD2IxJV+EGMwFJVQIwR1zZWues9yQ==",
      "dev": true,
      "requires": {
        "tslib": "^1.9.3"
      }
    },
    "@material/auto-init": {
      "version": "9.0.0",
      "resolved": "https://registry.npmjs.org/@material/auto-init/-/auto-init-9.0.0.tgz",
      "integrity": "sha512-Fn3EUApNuQSloxl+Q7bQp4rScKatODF3HyHzjfMDR5/mCM4Ih5hdcokbvGrycw6Tqaai6BHeMOxK2kFzH0Pe5w==",
      "dev": true,
      "requires": {
        "@material/base": "^9.0.0",
        "tslib": "^1.9.3"
      }
    },
    "@material/banner": {
      "version": "9.0.0",
      "resolved": "https://registry.npmjs.org/@material/banner/-/banner-9.0.0.tgz",
      "integrity": "sha512-CFXfjYqUS7RWNxp9Zri99puLmmKP1+4DIO8gck71ZO0n5e0FZoTMdlMODW6Xd13p91np2ULTbvN8pSpBvWUHoQ==",
      "dev": true,
      "requires": {
        "@material/base": "^9.0.0",
        "@material/button": "^9.0.0",
        "@material/dom": "^9.0.0",
        "@material/feature-targeting": "^9.0.0",
        "@material/ripple": "^9.0.0",
        "@material/rtl": "^9.0.0",
        "@material/shape": "^9.0.0",
        "@material/theme": "^9.0.0",
        "@material/typography": "^9.0.0",
        "tslib": "^1.9.3"
      }
    },
    "@material/base": {
      "version": "9.0.0",
      "resolved": "https://registry.npmjs.org/@material/base/-/base-9.0.0.tgz",
      "integrity": "sha512-6Oalz/9iJCvivofmb3r5YHwAD1yy4mCHhdNwP2SugTf64qD1H6YUiavWM+OYZFETYT75UCnjMP2pEF9ynAg7VA==",
      "dev": true,
      "requires": {
        "tslib": "^1.9.3"
      }
    },
    "@material/button": {
      "version": "9.0.0",
      "resolved": "https://registry.npmjs.org/@material/button/-/button-9.0.0.tgz",
      "integrity": "sha512-8cvZJ6ljp9qqOmGHiQKn1fLjbhwG6r2793iEkvueu/eqdf2oD5NF1S45k29VygRfUS0cQ5Z2IV69GYKJv1ogMA==",
      "dev": true,
      "requires": {
        "@material/density": "^9.0.0",
        "@material/elevation": "^9.0.0",
        "@material/feature-targeting": "^9.0.0",
        "@material/ripple": "^9.0.0",
        "@material/rtl": "^9.0.0",
        "@material/shape": "^9.0.0",
        "@material/theme": "^9.0.0",
        "@material/touch-target": "^9.0.0",
        "@material/typography": "^9.0.0"
      }
    },
    "@material/card": {
      "version": "9.0.0",
      "resolved": "https://registry.npmjs.org/@material/card/-/card-9.0.0.tgz",
      "integrity": "sha512-IJ91mWQXFQ0hZ09goMYhBCtXEnbmO9EeiedIVgu+gCd9Bu9iGCA74Hid6DBzmOkv65eZiMHdD7CW2E2RUGhIRg==",
      "dev": true,
      "requires": {
        "@material/dom": "^9.0.0",
        "@material/elevation": "^9.0.0",
        "@material/feature-targeting": "^9.0.0",
        "@material/ripple": "^9.0.0",
        "@material/rtl": "^9.0.0",
        "@material/shape": "^9.0.0",
        "@material/theme": "^9.0.0"
      }
    },
    "@material/checkbox": {
      "version": "9.0.0",
      "resolved": "https://registry.npmjs.org/@material/checkbox/-/checkbox-9.0.0.tgz",
      "integrity": "sha512-clOW+gOVSJfsp8gOiYsKq5hXpcVAkm93b+w0OmQwV4Bj9+XAjAs2XCrLtdmJjQyTkb0Qb6X767+9cYutqpPzRQ==",
      "dev": true,
      "requires": {
        "@material/animation": "^9.0.0",
        "@material/base": "^9.0.0",
        "@material/density": "^9.0.0",
        "@material/dom": "^9.0.0",
        "@material/feature-targeting": "^9.0.0",
        "@material/ripple": "^9.0.0",
        "@material/theme": "^9.0.0",
        "@material/touch-target": "^9.0.0",
        "tslib": "^1.9.3"
      }
    },
    "@material/chips": {
      "version": "9.0.0",
      "resolved": "https://registry.npmjs.org/@material/chips/-/chips-9.0.0.tgz",
      "integrity": "sha512-6epLeyTGuKLUuj0FTdyIwBNAecBe1LAKF+GJMqiaDGiCXaYdEPChvCW0JTp1FLno7qgA/fy2Zry2vByNVIk3Fg==",
      "dev": true,
      "requires": {
        "@material/animation": "^9.0.0",
        "@material/base": "^9.0.0",
        "@material/checkbox": "^9.0.0",
        "@material/density": "^9.0.0",
        "@material/dom": "^9.0.0",
        "@material/elevation": "^9.0.0",
        "@material/feature-targeting": "^9.0.0",
        "@material/ripple": "^9.0.0",
        "@material/rtl": "^9.0.0",
        "@material/shape": "^9.0.0",
        "@material/theme": "^9.0.0",
        "@material/touch-target": "^9.0.0",
        "@material/typography": "^9.0.0",
        "tslib": "^1.9.3"
      }
    },
    "@material/circular-progress": {
      "version": "9.0.0",
      "resolved": "https://registry.npmjs.org/@material/circular-progress/-/circular-progress-9.0.0.tgz",
      "integrity": "sha512-B77m1OjD9B6qgTfwkGOrOGzsugdqDLy0i6kpBPfjdJGJK4DGCU79NoBJCCe+Z0koOeZqPF75INphvUrt3hN/bg==",
      "dev": true,
      "requires": {
        "@material/animation": "^9.0.0",
        "@material/base": "^9.0.0",
        "@material/feature-targeting": "^9.0.0",
        "@material/progress-indicator": "^9.0.0",
        "@material/theme": "^9.0.0",
        "tslib": "^1.9.3"
      }
    },
    "@material/data-table": {
      "version": "9.0.0",
      "resolved": "https://registry.npmjs.org/@material/data-table/-/data-table-9.0.0.tgz",
      "integrity": "sha512-iW50R+mfecjnHjEHeodDis5bkZRqL2Agzfb+5hdiWQ2m4i+6L0IY91MP9js8AmOsQsyIfWWem2/tka+aouSRuA==",
      "dev": true,
      "requires": {
        "@material/animation": "^9.0.0",
        "@material/base": "^9.0.0",
        "@material/checkbox": "^9.0.0",
        "@material/density": "^9.0.0",
        "@material/dom": "^9.0.0",
        "@material/elevation": "^9.0.0",
        "@material/feature-targeting": "^9.0.0",
        "@material/icon-button": "^9.0.0",
        "@material/linear-progress": "^9.0.0",
        "@material/list": "^9.0.0",
        "@material/menu": "^9.0.0",
        "@material/rtl": "^9.0.0",
        "@material/select": "^9.0.0",
        "@material/shape": "^9.0.0",
        "@material/theme": "^9.0.0",
        "@material/touch-target": "^9.0.0",
        "@material/typography": "^9.0.0",
        "tslib": "^1.10.0"
      }
    },
    "@material/density": {
      "version": "9.0.0",
      "resolved": "https://registry.npmjs.org/@material/density/-/density-9.0.0.tgz",
      "integrity": "sha512-HXQ0GKiIh4X08H7aEIPl6KOcHIUtpe0bqIxrj3VboTQf4C5wN4qkiLys3GaZsA3guvT/T1fCoQOyAGxOtJEh4w==",
      "dev": true
    },
    "@material/dialog": {
      "version": "9.0.0",
      "resolved": "https://registry.npmjs.org/@material/dialog/-/dialog-9.0.0.tgz",
      "integrity": "sha512-/VvKpT9rKOZu4tZNDpfrjWaHvbUpUghqU+XxYpgEmkbY0Szmld/Pug1xSNt4eIxD1pEXhSpRtOmBx9GYZq3OqA==",
      "dev": true,
      "requires": {
        "@material/animation": "^9.0.0",
        "@material/base": "^9.0.0",
        "@material/button": "^9.0.0",
        "@material/dom": "^9.0.0",
        "@material/elevation": "^9.0.0",
        "@material/feature-targeting": "^9.0.0",
        "@material/ripple": "^9.0.0",
        "@material/rtl": "^9.0.0",
        "@material/shape": "^9.0.0",
        "@material/theme": "^9.0.0",
        "@material/touch-target": "^9.0.0",
        "@material/typography": "^9.0.0",
        "tslib": "^1.9.3"
      }
    },
    "@material/dom": {
      "version": "9.0.0",
      "resolved": "https://registry.npmjs.org/@material/dom/-/dom-9.0.0.tgz",
      "integrity": "sha512-SOtGJqav0Gp0efFXl597AesZCuW8Ues1KUyR6fahVoEiP50mq2U3IhL4KdQqMXbQNyYYerl16BVR9n7bfi1a8A==",
      "dev": true,
      "requires": {
        "@material/feature-targeting": "^9.0.0",
        "tslib": "^1.9.3"
      }
    },
    "@material/drawer": {
      "version": "9.0.0",
      "resolved": "https://registry.npmjs.org/@material/drawer/-/drawer-9.0.0.tgz",
      "integrity": "sha512-ijqfuxCrt0TMdkD4ajA09OA/3GR8kXt676872CE0gmbS8HIWg9LsZwAnD2gHS8WDN7Fgj5o9WmoI6QnPih3X/Q==",
      "dev": true,
      "requires": {
        "@material/animation": "^9.0.0",
        "@material/base": "^9.0.0",
        "@material/dom": "^9.0.0",
        "@material/elevation": "^9.0.0",
        "@material/feature-targeting": "^9.0.0",
        "@material/list": "^9.0.0",
        "@material/ripple": "^9.0.0",
        "@material/rtl": "^9.0.0",
        "@material/shape": "^9.0.0",
        "@material/theme": "^9.0.0",
        "@material/typography": "^9.0.0",
        "tslib": "^1.9.3"
      }
    },
    "@material/elevation": {
      "version": "9.0.0",
      "resolved": "https://registry.npmjs.org/@material/elevation/-/elevation-9.0.0.tgz",
      "integrity": "sha512-UzpJybgat3tKYlTh8iLjoIO5+pR71mdzmUZQs4fHZ9YXl3A2IS+HyOAqI1tpfTwNfNJRif2GUl95ghJgMawSXw==",
      "dev": true,
      "requires": {
        "@material/animation": "^9.0.0",
        "@material/base": "^9.0.0",
        "@material/feature-targeting": "^9.0.0",
        "@material/theme": "^9.0.0"
      }
    },
    "@material/fab": {
      "version": "9.0.0",
      "resolved": "https://registry.npmjs.org/@material/fab/-/fab-9.0.0.tgz",
      "integrity": "sha512-A7Z6TamNazWoyI3ruhtXYc6YZASoED1DFt7cO8rx5TXGFcOVfgKJSgrxoQGZl9kDRRa5Y0kUAhNHqLIzy/MBtQ==",
      "dev": true,
      "requires": {
        "@material/animation": "^9.0.0",
        "@material/dom": "^9.0.0",
        "@material/elevation": "^9.0.0",
        "@material/feature-targeting": "^9.0.0",
        "@material/ripple": "^9.0.0",
        "@material/rtl": "^9.0.0",
        "@material/shape": "^9.0.0",
        "@material/theme": "^9.0.0",
        "@material/touch-target": "^9.0.0",
        "@material/typography": "^9.0.0"
      }
    },
    "@material/feature-targeting": {
      "version": "9.0.0",
      "resolved": "https://registry.npmjs.org/@material/feature-targeting/-/feature-targeting-9.0.0.tgz",
      "integrity": "sha512-SKkvI46TxxpTau9fsXJWAXTJXbu6ut5n6wdN5ZX1DHHLY2AR7abBAhDIvNhIcxH65FK8mo7Z63UfvDwy177ttQ==",
      "dev": true
    },
    "@material/floating-label": {
      "version": "9.0.0",
      "resolved": "https://registry.npmjs.org/@material/floating-label/-/floating-label-9.0.0.tgz",
      "integrity": "sha512-hteVKZ/si1b7vwIBmD7zbZMHpkxZ6R0EDZLdiI//BBj5Ff6H6s9iwoUOC9kFQgjwNKiw8aZo5U/jsmwOhbwHvA==",
      "dev": true,
      "requires": {
        "@material/animation": "^9.0.0",
        "@material/base": "^9.0.0",
        "@material/dom": "^9.0.0",
        "@material/feature-targeting": "^9.0.0",
        "@material/rtl": "^9.0.0",
        "@material/theme": "^9.0.0",
        "@material/typography": "^9.0.0",
        "tslib": "^1.9.3"
      }
    },
    "@material/form-field": {
      "version": "9.0.0",
      "resolved": "https://registry.npmjs.org/@material/form-field/-/form-field-9.0.0.tgz",
      "integrity": "sha512-W67mI9GMRefM6kx3S3LOPMw6hagTFNTKTjHIAAXFJBPeNANsXYuUnwD7SlJyXwrQi7hZMPehyBrsdk/oQlo8QA==",
      "dev": true,
      "requires": {
        "@material/base": "^9.0.0",
        "@material/feature-targeting": "^9.0.0",
        "@material/ripple": "^9.0.0",
        "@material/rtl": "^9.0.0",
        "@material/theme": "^9.0.0",
        "@material/typography": "^9.0.0",
        "tslib": "^1.9.3"
      }
    },
    "@material/icon-button": {
      "version": "9.0.0",
      "resolved": "https://registry.npmjs.org/@material/icon-button/-/icon-button-9.0.0.tgz",
      "integrity": "sha512-8T8kChMS0lxZ+PyzhUNlGUjcbOk/DEyLDr3nYGYoreLddYe2Hss2N0RMvfdZ03fniAKe9w0ySQHk5PWDsO3KcQ==",
      "dev": true,
      "requires": {
        "@material/base": "^9.0.0",
        "@material/density": "^9.0.0",
        "@material/feature-targeting": "^9.0.0",
        "@material/ripple": "^9.0.0",
        "@material/rtl": "^9.0.0",
        "@material/theme": "^9.0.0",
        "tslib": "^1.9.3"
      }
    },
    "@material/image-list": {
      "version": "9.0.0",
      "resolved": "https://registry.npmjs.org/@material/image-list/-/image-list-9.0.0.tgz",
      "integrity": "sha512-BoRQQML0RI4sxqP1axjxCKrKiF4BaxaKdtY+lZK1rYKgSJyegmQcpzGG7BIYc3zgcesKFgCNS/RH+VFxvUjdYg==",
      "dev": true,
      "requires": {
        "@material/feature-targeting": "^9.0.0",
        "@material/shape": "^9.0.0",
        "@material/theme": "^9.0.0",
        "@material/typography": "^9.0.0"
      }
    },
    "@material/layout-grid": {
      "version": "9.0.0",
      "resolved": "https://registry.npmjs.org/@material/layout-grid/-/layout-grid-9.0.0.tgz",
      "integrity": "sha512-Q/4NId+cQqrvwmqAAb4liW8yvR+p5MN8UbaBqrvsxdePB5nfEyCCi5cHPvosZFzH0meXdfgDeVEO+HLOpvjXSQ==",
      "dev": true
    },
    "@material/line-ripple": {
      "version": "9.0.0",
      "resolved": "https://registry.npmjs.org/@material/line-ripple/-/line-ripple-9.0.0.tgz",
      "integrity": "sha512-hCIKLMSE+gccRRKRiDSPYg82m0enuHqoiahmNQtaVin5Qb90YteuipwFodkvW0VRnGSo0yFfhC033Hly/Nkjuw==",
      "dev": true,
      "requires": {
        "@material/animation": "^9.0.0",
        "@material/base": "^9.0.0",
        "@material/feature-targeting": "^9.0.0",
        "@material/theme": "^9.0.0",
        "tslib": "^1.9.3"
      }
    },
    "@material/linear-progress": {
      "version": "9.0.0",
      "resolved": "https://registry.npmjs.org/@material/linear-progress/-/linear-progress-9.0.0.tgz",
      "integrity": "sha512-ayPOomgduJLnyMTClcCFjrXvJio0j/LBAZuDYjusHucutFMWEj+UJ9G2AcouaGdO60mFsM3GpdEGWdNK/+e1Vg==",
      "dev": true,
      "requires": {
        "@material/animation": "^9.0.0",
        "@material/base": "^9.0.0",
        "@material/feature-targeting": "^9.0.0",
        "@material/progress-indicator": "^9.0.0",
        "@material/theme": "^9.0.0",
        "tslib": "^1.9.3"
      }
    },
    "@material/list": {
      "version": "9.0.0",
      "resolved": "https://registry.npmjs.org/@material/list/-/list-9.0.0.tgz",
      "integrity": "sha512-lLJRAjOusHwX7xhhjaIHdh+DFQAcxsfBA2Q0OtzHTUKLLFEk1UXvybxjn/i4vCwwGWe5LoLkA3QbQq7xB086Qg==",
      "dev": true,
      "requires": {
        "@material/base": "^9.0.0",
        "@material/density": "^9.0.0",
        "@material/dom": "^9.0.0",
        "@material/feature-targeting": "^9.0.0",
        "@material/ripple": "^9.0.0",
        "@material/rtl": "^9.0.0",
        "@material/shape": "^9.0.0",
        "@material/theme": "^9.0.0",
        "@material/typography": "^9.0.0",
        "tslib": "^1.9.3"
      }
    },
    "@material/menu": {
      "version": "9.0.0",
      "resolved": "https://registry.npmjs.org/@material/menu/-/menu-9.0.0.tgz",
      "integrity": "sha512-tvyFVa3lqjonHJf326Q1j7VMN+Du3guIvrhm72QwXjwVPHJBIkEysI2+ZW5IgjHKC2KkP4WzOP5+uVbqnlitlw==",
      "dev": true,
      "requires": {
        "@material/base": "^9.0.0",
        "@material/dom": "^9.0.0",
        "@material/elevation": "^9.0.0",
        "@material/feature-targeting": "^9.0.0",
        "@material/list": "^9.0.0",
        "@material/menu-surface": "^9.0.0",
        "@material/ripple": "^9.0.0",
        "@material/rtl": "^9.0.0",
        "@material/theme": "^9.0.0",
        "tslib": "^1.9.3"
      }
    },
    "@material/menu-surface": {
      "version": "9.0.0",
      "resolved": "https://registry.npmjs.org/@material/menu-surface/-/menu-surface-9.0.0.tgz",
      "integrity": "sha512-6IX4s109tkykdmpQiSerxDd4H7KWVNuiccfxEn7xj/zGZPJ+2PhyXkXnJZzf30irMzi+W79vb6azelBZVmFYvw==",
      "dev": true,
      "requires": {
        "@material/animation": "^9.0.0",
        "@material/base": "^9.0.0",
        "@material/elevation": "^9.0.0",
        "@material/feature-targeting": "^9.0.0",
        "@material/rtl": "^9.0.0",
        "@material/shape": "^9.0.0",
        "@material/theme": "^9.0.0",
        "tslib": "^1.9.3"
      }
    },
    "@material/notched-outline": {
      "version": "9.0.0",
      "resolved": "https://registry.npmjs.org/@material/notched-outline/-/notched-outline-9.0.0.tgz",
      "integrity": "sha512-KqMdGlwtIUGmvEL8IAqomIz4LWg1K/hHkepm4nqqXOlaHAV2iEneOMAlgNsNVgZEZmu47WDcNLsOTLgZj/3N9w==",
      "dev": true,
      "requires": {
        "@material/base": "^9.0.0",
        "@material/feature-targeting": "^9.0.0",
        "@material/floating-label": "^9.0.0",
        "@material/rtl": "^9.0.0",
        "@material/shape": "^9.0.0",
        "@material/theme": "^9.0.0",
        "tslib": "^1.9.3"
      }
    },
    "@material/progress-indicator": {
      "version": "9.0.0",
      "resolved": "https://registry.npmjs.org/@material/progress-indicator/-/progress-indicator-9.0.0.tgz",
      "integrity": "sha512-gxweWEuly67n9CpEBd+bsJ3cjnvYZy86WTXUUvUXCxA+IFnEjnFpcxqjz5VyIQgaKKL3GNkEjfVyXOnyZ++tkg==",
      "dev": true,
      "requires": {
        "tslib": "^1.9.3"
      }
    },
    "@material/radio": {
      "version": "9.0.0",
      "resolved": "https://registry.npmjs.org/@material/radio/-/radio-9.0.0.tgz",
      "integrity": "sha512-nP1Jf47Hag64qnCPFePnk4x61yhKi4mJrOCCxRqm9gMzDcod+YrXWXQQPdlkSJxIlgrKesH2so0R+fJzzXr2RA==",
      "dev": true,
      "requires": {
        "@material/animation": "^9.0.0",
        "@material/base": "^9.0.0",
        "@material/density": "^9.0.0",
        "@material/dom": "^9.0.0",
        "@material/feature-targeting": "^9.0.0",
        "@material/ripple": "^9.0.0",
        "@material/theme": "^9.0.0",
        "@material/touch-target": "^9.0.0",
        "tslib": "^1.9.3"
      }
    },
    "@material/ripple": {
      "version": "9.0.0",
      "resolved": "https://registry.npmjs.org/@material/ripple/-/ripple-9.0.0.tgz",
      "integrity": "sha512-hc5oNvknfrv0KsL21dW0eRF85DfyANAI0H/+UmNmf850KwwYO/wbs5FshW+vNYuK9ro9OrC/pS4g6suG6Gh4Jg==",
      "dev": true,
      "requires": {
        "@material/animation": "^9.0.0",
        "@material/base": "^9.0.0",
        "@material/dom": "^9.0.0",
        "@material/feature-targeting": "^9.0.0",
        "@material/theme": "^9.0.0",
        "tslib": "^1.9.3"
      }
    },
    "@material/rtl": {
      "version": "9.0.0",
      "resolved": "https://registry.npmjs.org/@material/rtl/-/rtl-9.0.0.tgz",
      "integrity": "sha512-3Ey4UqEOhKlkmpUQqiXtQnWTgGpwjTPqmFqh7OEy/V5X/k5QqWAhz7LJRmzqDS69uyBibsdB3tFxAGAi1RrRbA==",
      "dev": true,
      "requires": {
        "@material/theme": "^9.0.0"
      }
    },
    "@material/segmented-button": {
      "version": "9.0.0",
      "resolved": "https://registry.npmjs.org/@material/segmented-button/-/segmented-button-9.0.0.tgz",
      "integrity": "sha512-vALiAo2VIGm+5Sd3QzVyZZcdW3Mn7XyadErk9dG3HXt4VNUBrvK6ltRC4v2CC/RF5VZ85MN6r7yoqB3G1PjY0Q==",
      "dev": true,
      "requires": {
        "@material/base": "^9.0.0",
        "@material/elevation": "^9.0.0",
        "@material/feature-targeting": "^9.0.0",
        "@material/ripple": "^9.0.0",
        "@material/theme": "^9.0.0",
        "@material/touch-target": "^9.0.0",
        "@material/typography": "^9.0.0"
      }
    },
    "@material/select": {
      "version": "9.0.0",
      "resolved": "https://registry.npmjs.org/@material/select/-/select-9.0.0.tgz",
      "integrity": "sha512-IIjDD7I10q8U7ZRnhHOApy3jpPZ8Dz4i9KthZz4o3j+maFVOXhwoySqtsc5g97BUPruiFZnDzZQuO8Lo7GSoLA==",
      "dev": true,
      "requires": {
        "@material/animation": "^9.0.0",
        "@material/base": "^9.0.0",
        "@material/density": "^9.0.0",
        "@material/dom": "^9.0.0",
        "@material/feature-targeting": "^9.0.0",
        "@material/floating-label": "^9.0.0",
        "@material/line-ripple": "^9.0.0",
        "@material/list": "^9.0.0",
        "@material/menu": "^9.0.0",
        "@material/menu-surface": "^9.0.0",
        "@material/notched-outline": "^9.0.0",
        "@material/ripple": "^9.0.0",
        "@material/rtl": "^9.0.0",
        "@material/shape": "^9.0.0",
        "@material/theme": "^9.0.0",
        "@material/typography": "^9.0.0",
        "tslib": "^1.9.3"
      }
    },
    "@material/shape": {
      "version": "9.0.0",
      "resolved": "https://registry.npmjs.org/@material/shape/-/shape-9.0.0.tgz",
      "integrity": "sha512-kcZIBnPk0IRy8LyEIGURXAmtDNQHyySmOjySmsCKQzgXnfUhyNsU2exylkCSfPgJT/AWaclaIIN6x+E5OplvPg==",
      "dev": true,
      "requires": {
        "@material/feature-targeting": "^9.0.0",
        "@material/rtl": "^9.0.0",
        "@material/theme": "^9.0.0"
      }
    },
    "@material/slider": {
      "version": "9.0.0",
      "resolved": "https://registry.npmjs.org/@material/slider/-/slider-9.0.0.tgz",
      "integrity": "sha512-kaiKKZTA+F6w75k8g1hHXWlexhF8DfZZOtaIygl46rlf/t4aD8lDj1ZMYk/C1/xCjbdFIqCHzltns2xOk1In0w==",
      "dev": true,
      "requires": {
        "@material/animation": "^9.0.0",
        "@material/base": "^9.0.0",
        "@material/dom": "^9.0.0",
        "@material/elevation": "^9.0.0",
        "@material/feature-targeting": "^9.0.0",
        "@material/ripple": "^9.0.0",
        "@material/rtl": "^9.0.0",
        "@material/theme": "^9.0.0",
        "@material/typography": "^9.0.0",
        "tslib": "^1.9.3"
      }
    },
    "@material/snackbar": {
      "version": "9.0.0",
      "resolved": "https://registry.npmjs.org/@material/snackbar/-/snackbar-9.0.0.tgz",
      "integrity": "sha512-566hzyW6zMWf11Mc37SOB7gHmZr9y5oUC5lJ7Bzi5k/ExGKsqR8acZAn8nvgrbUxu5ZYfWAQkaPuN7wNO6s+Vg==",
      "dev": true,
      "requires": {
        "@material/animation": "^9.0.0",
        "@material/base": "^9.0.0",
        "@material/button": "^9.0.0",
        "@material/dom": "^9.0.0",
        "@material/elevation": "^9.0.0",
        "@material/feature-targeting": "^9.0.0",
        "@material/icon-button": "^9.0.0",
        "@material/ripple": "^9.0.0",
        "@material/rtl": "^9.0.0",
        "@material/shape": "^9.0.0",
        "@material/theme": "^9.0.0",
        "@material/typography": "^9.0.0",
        "tslib": "^1.9.3"
      }
    },
    "@material/switch": {
      "version": "9.0.0",
      "resolved": "https://registry.npmjs.org/@material/switch/-/switch-9.0.0.tgz",
      "integrity": "sha512-ym1erZw7JdqlyiJ0O17KfH+HH8wiF1jXWaEvDQ/ETJ+/eNqBneRTWNODAOPx9/D2j4FKJxSJlZqn0OCMOJdxGg==",
      "dev": true,
      "requires": {
        "@material/animation": "^9.0.0",
        "@material/base": "^9.0.0",
        "@material/density": "^9.0.0",
        "@material/dom": "^9.0.0",
        "@material/elevation": "^9.0.0",
        "@material/feature-targeting": "^9.0.0",
        "@material/ripple": "^9.0.0",
        "@material/rtl": "^9.0.0",
        "@material/theme": "^9.0.0",
        "tslib": "^1.9.3"
      }
    },
    "@material/tab": {
      "version": "9.0.0",
      "resolved": "https://registry.npmjs.org/@material/tab/-/tab-9.0.0.tgz",
      "integrity": "sha512-fXO5/n1i9Os6u9+vmgEvdMAIpTMnZpvlye9QD2rbiMBj5Q7oQIcorlJ9V9N2DlmV+cpIylyZI9SGo2/8muaLEA==",
      "dev": true,
      "requires": {
        "@material/base": "^9.0.0",
        "@material/feature-targeting": "^9.0.0",
        "@material/ripple": "^9.0.0",
        "@material/rtl": "^9.0.0",
        "@material/tab-indicator": "^9.0.0",
        "@material/theme": "^9.0.0",
        "@material/typography": "^9.0.0",
        "tslib": "^1.9.3"
      }
    },
    "@material/tab-bar": {
      "version": "9.0.0",
      "resolved": "https://registry.npmjs.org/@material/tab-bar/-/tab-bar-9.0.0.tgz",
      "integrity": "sha512-kHYTqfmAIyu2Wue/bBlwHMgkzXdZLCEfLyulmM9P9CHRB/It11ofT3q3VtJBmtogh8bmA0PSZ7NaOtl2r6YiVQ==",
      "dev": true,
      "requires": {
        "@material/animation": "^9.0.0",
        "@material/base": "^9.0.0",
        "@material/density": "^9.0.0",
        "@material/feature-targeting": "^9.0.0",
        "@material/tab": "^9.0.0",
        "@material/tab-scroller": "^9.0.0",
        "tslib": "^1.9.3"
      }
    },
    "@material/tab-indicator": {
      "version": "9.0.0",
      "resolved": "https://registry.npmjs.org/@material/tab-indicator/-/tab-indicator-9.0.0.tgz",
      "integrity": "sha512-4gjbdMq+bgRsegle8pckT0NBHYYoPCfOPJwrwWn3zPVsy/0Nm+XCbseXUDyLXRyCxaytqA7zEsIgBOufkdnB1g==",
      "dev": true,
      "requires": {
        "@material/animation": "^9.0.0",
        "@material/base": "^9.0.0",
        "@material/feature-targeting": "^9.0.0",
        "@material/theme": "^9.0.0",
        "tslib": "^1.9.3"
      }
    },
    "@material/tab-scroller": {
      "version": "9.0.0",
      "resolved": "https://registry.npmjs.org/@material/tab-scroller/-/tab-scroller-9.0.0.tgz",
      "integrity": "sha512-kNndv+MJIi/A+MRyYv6iAzu8KjkBOa7vkpWRl7Lqo1j8iMyb4q1o9klEFfYD1/qeK0tLgcuUE4TZUGluz38/9w==",
      "dev": true,
      "requires": {
        "@material/animation": "^9.0.0",
        "@material/base": "^9.0.0",
        "@material/dom": "^9.0.0",
        "@material/feature-targeting": "^9.0.0",
        "@material/tab": "^9.0.0",
        "tslib": "^1.9.3"
      }
    },
    "@material/textfield": {
      "version": "9.0.0",
      "resolved": "https://registry.npmjs.org/@material/textfield/-/textfield-9.0.0.tgz",
      "integrity": "sha512-Q6pwhqxRVOdPdwAPI/AEBDmtF51YnBXI+ja8OiP1Vh6xf7Kt4WFu4nYMa4QK6J3NoR2v/zMurAtx5YVuYVS5hQ==",
      "dev": true,
      "requires": {
        "@material/animation": "^9.0.0",
        "@material/base": "^9.0.0",
        "@material/density": "^9.0.0",
        "@material/dom": "^9.0.0",
        "@material/feature-targeting": "^9.0.0",
        "@material/floating-label": "^9.0.0",
        "@material/line-ripple": "^9.0.0",
        "@material/notched-outline": "^9.0.0",
        "@material/ripple": "^9.0.0",
        "@material/rtl": "^9.0.0",
        "@material/shape": "^9.0.0",
        "@material/theme": "^9.0.0",
        "@material/typography": "^9.0.0",
        "tslib": "^1.9.3"
      }
    },
    "@material/theme": {
      "version": "9.0.0",
      "resolved": "https://registry.npmjs.org/@material/theme/-/theme-9.0.0.tgz",
      "integrity": "sha512-3wpQ00Ho6lD3+aRXUkn1YGii7Hg5ukaOkGq5oLyp7bikS3FTbgX9V6pspRiFckR4CKCbGR5NayIuCt8JwbcFyw==",
      "dev": true,
      "requires": {
        "@material/feature-targeting": "^9.0.0"
      }
    },
    "@material/tooltip": {
      "version": "9.0.0",
      "resolved": "https://registry.npmjs.org/@material/tooltip/-/tooltip-9.0.0.tgz",
      "integrity": "sha512-CH7YPah63UNlWCzJxhoKvyOPt4Scs9cBwIkc5mMDDcEZaRlcVh40Qzwtcc8PHq6kduEWDhj9klbeUaqX3ciUBg==",
      "dev": true,
      "requires": {
        "@material/animation": "^9.0.0",
        "@material/base": "^9.0.0",
        "@material/dom": "^9.0.0",
        "@material/elevation": "^9.0.0",
        "@material/feature-targeting": "^9.0.0",
        "@material/rtl": "^9.0.0",
        "@material/shape": "^9.0.0",
        "@material/theme": "^9.0.0",
        "@material/typography": "^9.0.0",
        "tslib": "^1.9.3"
      }
    },
    "@material/top-app-bar": {
      "version": "9.0.0",
      "resolved": "https://registry.npmjs.org/@material/top-app-bar/-/top-app-bar-9.0.0.tgz",
      "integrity": "sha512-6FJ7YTsXIv4gLF5zpSjffHTEwpVoNOnl0++B8Uozd03g/q/WkDQkkDgGiL0+XS34+QNzL72/7MFbvd+qEejurw==",
      "dev": true,
      "requires": {
        "@material/animation": "^9.0.0",
        "@material/base": "^9.0.0",
        "@material/elevation": "^9.0.0",
        "@material/ripple": "^9.0.0",
        "@material/rtl": "^9.0.0",
        "@material/shape": "^9.0.0",
        "@material/theme": "^9.0.0",
        "@material/typography": "^9.0.0",
        "tslib": "^1.9.3"
      }
    },
    "@material/touch-target": {
      "version": "9.0.0",
      "resolved": "https://registry.npmjs.org/@material/touch-target/-/touch-target-9.0.0.tgz",
      "integrity": "sha512-pvxp7U3UAlmY+AgeG9IxMlQsAiTOgITREzy4Egumtf1Ale2AQAfgDFGMs2NB1Izn+9vIgko/gHnlWgqHxexwwA==",
      "dev": true,
      "requires": {
        "@material/base": "^9.0.0",
        "@material/feature-targeting": "^9.0.0"
      }
    },
    "@material/typography": {
      "version": "9.0.0",
      "resolved": "https://registry.npmjs.org/@material/typography/-/typography-9.0.0.tgz",
      "integrity": "sha512-+zyzGnV73d/RyG681L72hCnhd2fwwS9ErtEa3KESVJxVxKeuaaCpUJVDkOqg1C/e7tNX5n/GiU8KPwRPG2O9Jw==",
      "dev": true,
      "requires": {
        "@material/feature-targeting": "^9.0.0",
        "@material/theme": "^9.0.0"
      }
    },
    "anymatch": {
      "version": "3.1.1",
      "resolved": "https://registry.npmjs.org/anymatch/-/anymatch-3.1.1.tgz",
      "integrity": "sha512-mM8522psRCqzV+6LhomX5wgp25YVibjh8Wj23I5RPkPppSVSjyKD2A2mBJmWGa+KN7f2D6LNh9jkBCeyLktzjg==",
      "dev": true,
      "requires": {
        "normalize-path": "^3.0.0",
        "picomatch": "^2.0.4"
      }
    },
    "binary-extensions": {
      "version": "2.1.0",
      "resolved": "https://registry.npmjs.org/binary-extensions/-/binary-extensions-2.1.0.tgz",
      "integrity": "sha512-1Yj8h9Q+QDF5FzhMs/c9+6UntbD5MkRfRwac8DoEm9ZfUBZ7tZ55YcGVAzEe4bXsdQHEk+s9S5wsOKVdZrw0tQ==",
      "dev": true
    },
    "braces": {
      "version": "3.0.2",
      "resolved": "https://registry.npmjs.org/braces/-/braces-3.0.2.tgz",
      "integrity": "sha512-b8um+L1RzM3WDSzvhm6gIz1yfTbBt6YTlcEKAvsmqCZZFw46z626lVj9j1yEPW33H5H+lBQpZMP1k8l+78Ha0A==",
      "dev": true,
      "requires": {
        "fill-range": "^7.0.1"
      }
    },
    "chokidar": {
      "version": "3.4.3",
      "resolved": "https://registry.npmjs.org/chokidar/-/chokidar-3.4.3.tgz",
      "integrity": "sha512-DtM3g7juCXQxFVSNPNByEC2+NImtBuxQQvWlHunpJIS5Ocr0lG306cC7FCi7cEA0fzmybPUIl4txBIobk1gGOQ==",
      "dev": true,
      "requires": {
        "anymatch": "~3.1.1",
        "braces": "~3.0.2",
        "fsevents": "~2.1.2",
        "glob-parent": "~5.1.0",
        "is-binary-path": "~2.1.0",
        "is-glob": "~4.0.1",
        "normalize-path": "~3.0.0",
        "readdirp": "~3.5.0"
      }
    },
    "dart-sass": {
      "version": "1.25.0",
      "resolved": "https://registry.npmjs.org/dart-sass/-/dart-sass-1.25.0.tgz",
      "integrity": "sha512-syNOAstJXAmvD3RifcDk3fiPMyYE2fY8so6w9gf2/wNlKpG0zyH+oiXubEYVOy1WAWkzOc72pbAxwx+3OU4JJA==",
      "dev": true,
      "requires": {
        "chokidar": ">=2.0.0 <4.0.0"
      }
    },
    "fill-range": {
      "version": "7.0.1",
      "resolved": "https://registry.npmjs.org/fill-range/-/fill-range-7.0.1.tgz",
      "integrity": "sha512-qOo9F+dMUmC2Lcb4BbVvnKJxTPjCm+RRpe4gDuGrzkL7mEVl/djYSu2OdQ2Pa302N4oqkSg9ir6jaLWJ2USVpQ==",
      "dev": true,
      "requires": {
        "to-regex-range": "^5.0.1"
      }
    },
    "fsevents": {
      "version": "2.1.3",
      "resolved": "https://registry.npmjs.org/fsevents/-/fsevents-2.1.3.tgz",
      "integrity": "sha512-Auw9a4AxqWpa9GUfj370BMPzzyncfBABW8Mab7BGWBYDj4Isgq+cDKtx0i6u9jcX9pQDnswsaaOTgTmA5pEjuQ==",
      "dev": true,
      "optional": true
    },
    "glob-parent": {
      "version": "5.1.1",
      "resolved": "https://registry.npmjs.org/glob-parent/-/glob-parent-5.1.1.tgz",
      "integrity": "sha512-FnI+VGOpnlGHWZxthPGR+QhR78fuiK0sNLkHQv+bL9fQi57lNNdquIbna/WrfROrolq8GK5Ek6BiMwqL/voRYQ==",
      "dev": true,
      "requires": {
        "is-glob": "^4.0.1"
      }
    },
    "is-binary-path": {
      "version": "2.1.0",
      "resolved": "https://registry.npmjs.org/is-binary-path/-/is-binary-path-2.1.0.tgz",
      "integrity": "sha512-ZMERYes6pDydyuGidse7OsHxtbI7WVeUEozgR/g7rd0xUimYNlvZRE/K2MgZTjWy725IfelLeVcEM97mmtRGXw==",
      "dev": true,
      "requires": {
        "binary-extensions": "^2.0.0"
      }
    },
    "is-extglob": {
      "version": "2.1.1",
      "resolved": "https://registry.npmjs.org/is-extglob/-/is-extglob-2.1.1.tgz",
      "integrity": "sha1-qIwCU1eR8C7TfHahueqXc8gz+MI=",
      "dev": true
    },
    "is-glob": {
      "version": "4.0.1",
      "resolved": "https://registry.npmjs.org/is-glob/-/is-glob-4.0.1.tgz",
      "integrity": "sha512-5G0tKtBTFImOqDnLB2hG6Bp2qcKEFduo4tZu9MT/H6NQv/ghhy30o55ufafxJ/LdH79LLs2Kfrn85TLKyA7BUg==",
      "dev": true,
      "requires": {
        "is-extglob": "^2.1.1"
      }
    },
    "is-number": {
      "version": "7.0.0",
      "resolved": "https://registry.npmjs.org/is-number/-/is-number-7.0.0.tgz",
      "integrity": "sha512-41Cifkg6e8TylSpdtTpeLVMqvSBEVzTttHvERD741+pnZ8ANv0004MRL43QKPDlK9cGvNp6NZWZUBlbGXYxxng==",
      "dev": true
    },
    "material-components-web": {
      "version": "9.0.0",
      "resolved": "https://registry.npmjs.org/material-components-web/-/material-components-web-9.0.0.tgz",
      "integrity": "sha512-YKqv5DaMy0FtqtvcJfE2hVSK1aIsvlBwni8+AdeF4YwKhxJU7qNuNntOzrt3TfKnylQGSPkJm+ReK9VYC93M0Q==",
      "dev": true,
      "requires": {
        "@material/animation": "^9.0.0",
        "@material/auto-init": "^9.0.0",
        "@material/banner": "^9.0.0",
        "@material/base": "^9.0.0",
        "@material/button": "^9.0.0",
        "@material/card": "^9.0.0",
        "@material/checkbox": "^9.0.0",
        "@material/chips": "^9.0.0",
        "@material/circular-progress": "^9.0.0",
        "@material/data-table": "^9.0.0",
        "@material/density": "^9.0.0",
        "@material/dialog": "^9.0.0",
        "@material/dom": "^9.0.0",
        "@material/drawer": "^9.0.0",
        "@material/elevation": "^9.0.0",
        "@material/fab": "^9.0.0",
        "@material/feature-targeting": "^9.0.0",
        "@material/floating-label": "^9.0.0",
        "@material/form-field": "^9.0.0",
        "@material/icon-button": "^9.0.0",
        "@material/image-list": "^9.0.0",
        "@material/layout-grid": "^9.0.0",
        "@material/line-ripple": "^9.0.0",
        "@material/linear-progress": "^9.0.0",
        "@material/list": "^9.0.0",
        "@material/menu": "^9.0.0",
        "@material/menu-surface": "^9.0.0",
        "@material/notched-outline": "^9.0.0",
        "@material/radio": "^9.0.0",
        "@material/ripple": "^9.0.0",
        "@material/rtl": "^9.0.0",
        "@material/segmented-button": "^9.0.0",
        "@material/select": "^9.0.0",
        "@material/shape": "^9.0.0",
        "@material/slider": "^9.0.0",
        "@material/snackbar": "^9.0.0",
        "@material/switch": "^9.0.0",
        "@material/tab": "^9.0.0",
        "@material/tab-bar": "^9.0.0",
        "@material/tab-indicator": "^9.0.0",
        "@material/tab-scroller": "^9.0.0",
        "@material/textfield": "^9.0.0",
        "@material/theme": "^9.0.0",
        "@material/tooltip": "^9.0.0",
        "@material/top-app-bar": "^9.0.0",
        "@material/touch-target": "^9.0.0",
        "@material/typography": "^9.0.0"
      }
    },
    "normalize-path": {
      "version": "3.0.0",
      "resolved": "https://registry.npmjs.org/normalize-path/-/normalize-path-3.0.0.tgz",
      "integrity": "sha512-6eZs5Ls3WtCisHWp9S2GUy8dqkpGi4BVSz3GaqiE6ezub0512ESztXUwUB6C6IKbQkY2Pnb/mD4WYojCRwcwLA==",
      "dev": true
    },
    "picomatch": {
      "version": "2.2.2",
      "resolved": "https://registry.npmjs.org/picomatch/-/picomatch-2.2.2.tgz",
      "integrity": "sha512-q0M/9eZHzmr0AulXyPwNfZjtwZ/RBZlbN3K3CErVrk50T2ASYI7Bye0EvekFY3IP1Nt2DHu0re+V2ZHIpMkuWg==",
      "dev": true
    },
    "readdirp": {
      "version": "3.5.0",
      "resolved": "https://registry.npmjs.org/readdirp/-/readdirp-3.5.0.tgz",
      "integrity": "sha512-cMhu7c/8rdhkHXWsY+osBhfSy0JikwpHK/5+imo+LpeasTF8ouErHrlYkwT0++njiyuDvc7OFY5T3ukvZ8qmFQ==",
      "dev": true,
      "requires": {
        "picomatch": "^2.2.1"
      }
    },
    "to-regex-range": {
      "version": "5.0.1",
      "resolved": "https://registry.npmjs.org/to-regex-range/-/to-regex-range-5.0.1.tgz",
      "integrity": "sha512-65P7iz6X5yEr1cwcgvQxbbIw7Uk3gOy5dIdtZ4rDveLqhrdJP+Li/Hx6tyK0NEb+2GCyneCMJiGqrADCSNk8sQ==",
      "dev": true,
      "requires": {
        "is-number": "^7.0.0"
      }
    },
    "tslib": {
      "version": "1.14.1",
      "resolved": "https://registry.npmjs.org/tslib/-/tslib-1.14.1.tgz",
      "integrity": "sha512-Xni35NKzjgMrwevysHTCArtLDpPvye8zV/0E4EyYn43P7/7qvQwPh9BGkHewbMulVntbigmcT7rdX3BNo9wRJg==",
      "dev": true
    }
  }
}
