{
  "name": "material.blazor.website",
  "version": "0.0.0",
  "lockfileVersion": 3,
  "requires": true,
  "packages": {
    "": {
      "name": "material.blazor.website",
      "version": "0.0.0",
      "license": "MIT",
      "devDependencies": {
        "material-components-web": "14.0.0",
        "sass": "1.39.2"
      }
    },
    "node_modules/@material/animation": {
      "version": "14.0.0",
      "resolved": "https://registry.npmjs.org/@material/animation/-/animation-14.0.0.tgz",
      "integrity": "sha512-VlYSfUaIj/BBVtRZI8Gv0VvzikFf+XgK0Zdgsok5c1v5DDnNz5tpB8mnGrveWz0rHbp1X4+CWLKrTwNmjrw3Xw==",
      "dev": true,
      "dependencies": {
        "tslib": "^2.1.0"
      }
    },
    "node_modules/@material/auto-init": {
      "version": "14.0.0",
      "resolved": "https://registry.npmjs.org/@material/auto-init/-/auto-init-14.0.0.tgz",
      "integrity": "sha512-RtrHVRTRtUvOd5PC5EZkwYrab11n4sVroYL5g9lH0+cvK6PDXv1M/wVdwOSWHYgzBUU1aSf9ZTMkKdrvharU+A==",
      "dev": true,
      "dependencies": {
        "@material/base": "^14.0.0",
        "tslib": "^2.1.0"
      }
    },
    "node_modules/@material/banner": {
      "version": "14.0.0",
      "resolved": "https://registry.npmjs.org/@material/banner/-/banner-14.0.0.tgz",
      "integrity": "sha512-z0WPBVQxbQVcV1km4hFD40xBEeVWYtCzl2jrkHd8xXexP/fMvXkFU1UfwSWvY3jlWx//j4/Xd7VpnRdEXS4RLQ==",
      "dev": true,
      "dependencies": {
        "@material/base": "^14.0.0",
        "@material/button": "^14.0.0",
        "@material/dom": "^14.0.0",
        "@material/elevation": "^14.0.0",
        "@material/feature-targeting": "^14.0.0",
        "@material/ripple": "^14.0.0",
        "@material/rtl": "^14.0.0",
        "@material/shape": "^14.0.0",
        "@material/theme": "^14.0.0",
        "@material/tokens": "^14.0.0",
        "@material/typography": "^14.0.0",
        "tslib": "^2.1.0"
      }
    },
    "node_modules/@material/base": {
      "version": "14.0.0",
      "resolved": "https://registry.npmjs.org/@material/base/-/base-14.0.0.tgz",
      "integrity": "sha512-Ou7vS7n1H4Y10MUZyYAbt6H0t67c6urxoCgeVT7M38aQlaNUwFMODp7KT/myjYz2YULfhu3PtfSV3Sltgac9mA==",
      "dev": true,
      "dependencies": {
        "tslib": "^2.1.0"
      }
    },
    "node_modules/@material/button": {
      "version": "14.0.0",
      "resolved": "https://registry.npmjs.org/@material/button/-/button-14.0.0.tgz",
      "integrity": "sha512-dqqHaJq0peyXBZupFzCjmvScrfljyVU66ZCS3oldsaaj5iz8sn33I/45Z4zPzdR5F5z8ExToHkRcXhakj1UEAA==",
      "dev": true,
      "dependencies": {
        "@material/density": "^14.0.0",
        "@material/dom": "^14.0.0",
        "@material/elevation": "^14.0.0",
        "@material/feature-targeting": "^14.0.0",
        "@material/focus-ring": "^14.0.0",
        "@material/ripple": "^14.0.0",
        "@material/rtl": "^14.0.0",
        "@material/shape": "^14.0.0",
        "@material/theme": "^14.0.0",
        "@material/tokens": "^14.0.0",
        "@material/touch-target": "^14.0.0",
        "@material/typography": "^14.0.0",
        "tslib": "^2.1.0"
      }
    },
    "node_modules/@material/card": {
      "version": "14.0.0",
      "resolved": "https://registry.npmjs.org/@material/card/-/card-14.0.0.tgz",
      "integrity": "sha512-SnpYWUrCb92meGYLXV7qa/k40gnHR6rPki6A1wz0OAyG2twY48f0HLscAqxBLvbbm1LuRaqjz0RLKGH3VzxZHw==",
      "dev": true,
      "dependencies": {
        "@material/dom": "^14.0.0",
        "@material/elevation": "^14.0.0",
        "@material/feature-targeting": "^14.0.0",
        "@material/ripple": "^14.0.0",
        "@material/rtl": "^14.0.0",
        "@material/shape": "^14.0.0",
        "@material/theme": "^14.0.0",
        "tslib": "^2.1.0"
      }
    },
    "node_modules/@material/checkbox": {
      "version": "14.0.0",
      "resolved": "https://registry.npmjs.org/@material/checkbox/-/checkbox-14.0.0.tgz",
      "integrity": "sha512-OoqwysCqvj1d0cRmEwVWPvg5OqYAiCFpE6Wng6me/Cahfe4xgRxSPa37WWqsClw20W7PG/5RrYRCBtc6bUUUZA==",
      "dev": true,
      "dependencies": {
        "@material/animation": "^14.0.0",
        "@material/base": "^14.0.0",
        "@material/density": "^14.0.0",
        "@material/dom": "^14.0.0",
        "@material/feature-targeting": "^14.0.0",
        "@material/focus-ring": "^14.0.0",
        "@material/ripple": "^14.0.0",
        "@material/theme": "^14.0.0",
        "@material/touch-target": "^14.0.0",
        "tslib": "^2.1.0"
      }
    },
    "node_modules/@material/chips": {
      "version": "14.0.0",
      "resolved": "https://registry.npmjs.org/@material/chips/-/chips-14.0.0.tgz",
      "integrity": "sha512-SfZX/Ovdq4NgjdtIr/N1O3fEHisZC+t8G8629OV/NrniSS6rKOa+q1mImzna8R4pfuYO+7nT5nZewQpL/JSYaQ==",
      "dev": true,
      "dependencies": {
        "@material/animation": "^14.0.0",
        "@material/base": "^14.0.0",
        "@material/checkbox": "^14.0.0",
        "@material/density": "^14.0.0",
        "@material/dom": "^14.0.0",
        "@material/elevation": "^14.0.0",
        "@material/feature-targeting": "^14.0.0",
        "@material/focus-ring": "^14.0.0",
        "@material/ripple": "^14.0.0",
        "@material/rtl": "^14.0.0",
        "@material/shape": "^14.0.0",
        "@material/theme": "^14.0.0",
        "@material/tokens": "^14.0.0",
        "@material/touch-target": "^14.0.0",
        "@material/typography": "^14.0.0",
        "tslib": "^2.1.0"
      }
    },
    "node_modules/@material/circular-progress": {
      "version": "14.0.0",
      "resolved": "https://registry.npmjs.org/@material/circular-progress/-/circular-progress-14.0.0.tgz",
      "integrity": "sha512-7EdkP6ty54g6qs6zzlsw29vWlUyrcSWr9b4pGGx4D/iNJww+eyxXZ07iWoNOr4uLgguauWEft2axpQiFCwFD0g==",
      "dev": true,
      "dependencies": {
        "@material/animation": "^14.0.0",
        "@material/base": "^14.0.0",
        "@material/feature-targeting": "^14.0.0",
        "@material/progress-indicator": "^14.0.0",
        "@material/rtl": "^14.0.0",
        "@material/theme": "^14.0.0",
        "tslib": "^2.1.0"
      }
    },
    "node_modules/@material/data-table": {
      "version": "14.0.0",
      "resolved": "https://registry.npmjs.org/@material/data-table/-/data-table-14.0.0.tgz",
      "integrity": "sha512-tnmLawGaMtnp29KH8pX99bqeKmFODE+MtRUTt6TauupkEfQE/wd0Um4JQDFiI0kCch7uF3r/NmQKyKuan10hXw==",
      "dev": true,
      "dependencies": {
        "@material/animation": "^14.0.0",
        "@material/base": "^14.0.0",
        "@material/checkbox": "^14.0.0",
        "@material/density": "^14.0.0",
        "@material/dom": "^14.0.0",
        "@material/elevation": "^14.0.0",
        "@material/feature-targeting": "^14.0.0",
        "@material/icon-button": "^14.0.0",
        "@material/linear-progress": "^14.0.0",
        "@material/list": "^14.0.0",
        "@material/menu": "^14.0.0",
        "@material/rtl": "^14.0.0",
        "@material/select": "^14.0.0",
        "@material/shape": "^14.0.0",
        "@material/theme": "^14.0.0",
        "@material/touch-target": "^14.0.0",
        "@material/typography": "^14.0.0",
        "tslib": "^2.1.0"
      }
    },
    "node_modules/@material/density": {
      "version": "14.0.0",
      "resolved": "https://registry.npmjs.org/@material/density/-/density-14.0.0.tgz",
      "integrity": "sha512-NlxXBV5XjNsKd8UXF4K/+fOXLxoFNecKbsaQO6O2u+iG8QBfFreKRmkhEBb2hPPwC3w8nrODwXX0lHV+toICQw==",
      "dev": true,
      "dependencies": {
        "tslib": "^2.1.0"
      }
    },
    "node_modules/@material/dialog": {
      "version": "14.0.0",
      "resolved": "https://registry.npmjs.org/@material/dialog/-/dialog-14.0.0.tgz",
      "integrity": "sha512-E07NEE4jP8jHaw/y2Il2R1a3f4wDFh2sgfCBtRO/Xh0xxJUMuQ7YXo/F3SAA8jfMbbkUv/PHdJUM3I3HmI9mAA==",
      "dev": true,
      "dependencies": {
        "@material/animation": "^14.0.0",
        "@material/base": "^14.0.0",
        "@material/button": "^14.0.0",
        "@material/dom": "^14.0.0",
        "@material/elevation": "^14.0.0",
        "@material/feature-targeting": "^14.0.0",
        "@material/icon-button": "^14.0.0",
        "@material/ripple": "^14.0.0",
        "@material/rtl": "^14.0.0",
        "@material/shape": "^14.0.0",
        "@material/theme": "^14.0.0",
        "@material/tokens": "^14.0.0",
        "@material/touch-target": "^14.0.0",
        "@material/typography": "^14.0.0",
        "tslib": "^2.1.0"
      }
    },
    "node_modules/@material/dom": {
      "version": "14.0.0",
      "resolved": "https://registry.npmjs.org/@material/dom/-/dom-14.0.0.tgz",
      "integrity": "sha512-8t88XyacclTj8qsIw9q0vEj4PI2KVncLoIsIMzwuMx49P2FZg6TsLjor262MI3Qs00UWAifuLMrhnOnfyrbe7Q==",
      "dev": true,
      "dependencies": {
        "@material/feature-targeting": "^14.0.0",
        "tslib": "^2.1.0"
      }
    },
    "node_modules/@material/drawer": {
      "version": "14.0.0",
      "resolved": "https://registry.npmjs.org/@material/drawer/-/drawer-14.0.0.tgz",
      "integrity": "sha512-VPrxMIhbkXVbfH7aMFV+Um0tjOVrU/Y65X2hWsVdmjASadE8C5UYjIE3vjL1DM1M+zIa3qZZRUWqz0j1zqbr3w==",
      "dev": true,
      "dependencies": {
        "@material/animation": "^14.0.0",
        "@material/base": "^14.0.0",
        "@material/dom": "^14.0.0",
        "@material/elevation": "^14.0.0",
        "@material/feature-targeting": "^14.0.0",
        "@material/list": "^14.0.0",
        "@material/ripple": "^14.0.0",
        "@material/rtl": "^14.0.0",
        "@material/shape": "^14.0.0",
        "@material/theme": "^14.0.0",
        "@material/typography": "^14.0.0",
        "tslib": "^2.1.0"
      }
    },
    "node_modules/@material/elevation": {
      "version": "14.0.0",
      "resolved": "https://registry.npmjs.org/@material/elevation/-/elevation-14.0.0.tgz",
      "integrity": "sha512-Di3tkxTpXwvf1GJUmaC8rd+zVh5dB2SWMBGagL4+kT8UmjSISif/OPRGuGnXs3QhF6nmEjkdC0ijdZLcYQkepw==",
      "dev": true,
      "dependencies": {
        "@material/animation": "^14.0.0",
        "@material/base": "^14.0.0",
        "@material/feature-targeting": "^14.0.0",
        "@material/rtl": "^14.0.0",
        "@material/theme": "^14.0.0",
        "tslib": "^2.1.0"
      }
    },
    "node_modules/@material/fab": {
      "version": "14.0.0",
      "resolved": "https://registry.npmjs.org/@material/fab/-/fab-14.0.0.tgz",
      "integrity": "sha512-s4rrw2TLU8ITKopHSTEHuJEFsGEZsb+ijwW16pQt0h9GArxPGaALT+CCJIPjf75D3wPEEMW0vnLj7oMoII2VFg==",
      "dev": true,
      "dependencies": {
        "@material/animation": "^14.0.0",
        "@material/dom": "^14.0.0",
        "@material/elevation": "^14.0.0",
        "@material/feature-targeting": "^14.0.0",
        "@material/focus-ring": "^14.0.0",
        "@material/ripple": "^14.0.0",
        "@material/rtl": "^14.0.0",
        "@material/shape": "^14.0.0",
        "@material/theme": "^14.0.0",
        "@material/tokens": "^14.0.0",
        "@material/touch-target": "^14.0.0",
        "@material/typography": "^14.0.0",
        "tslib": "^2.1.0"
      }
    },
    "node_modules/@material/feature-targeting": {
      "version": "14.0.0",
      "resolved": "https://registry.npmjs.org/@material/feature-targeting/-/feature-targeting-14.0.0.tgz",
      "integrity": "sha512-a5WGgHEq5lJeeNL5yevtgoZjBjXWy6+klfVWQEh8oyix/rMJygGgO7gEc52uv8fB8uAIoYEB3iBMOv8jRq8FeA==",
      "dev": true,
      "dependencies": {
        "tslib": "^2.1.0"
      }
    },
    "node_modules/@material/floating-label": {
      "version": "14.0.0",
      "resolved": "https://registry.npmjs.org/@material/floating-label/-/floating-label-14.0.0.tgz",
      "integrity": "sha512-Aq8BboP1sbNnOtsV72AfaYirHyOrQ/GKFoLrZ1Jt+ZGIAuXPETcj9z7nQDznst0ZeKcz420PxNn9tsybTbeL/Q==",
      "dev": true,
      "dependencies": {
        "@material/animation": "^14.0.0",
        "@material/base": "^14.0.0",
        "@material/dom": "^14.0.0",
        "@material/feature-targeting": "^14.0.0",
        "@material/rtl": "^14.0.0",
        "@material/theme": "^14.0.0",
        "@material/typography": "^14.0.0",
        "tslib": "^2.1.0"
      }
    },
    "node_modules/@material/focus-ring": {
      "version": "14.0.0",
      "resolved": "https://registry.npmjs.org/@material/focus-ring/-/focus-ring-14.0.0.tgz",
      "integrity": "sha512-fqqka6iSfQGJG3Le48RxPCtnOiaLGPDPikhktGbxlyW9srBVMgeCiONfHM7IT/1eu80O0Y67Lh/4ohu5+C+VAQ==",
      "dev": true,
      "dependencies": {
        "@material/dom": "^14.0.0",
        "@material/feature-targeting": "^14.0.0",
        "@material/rtl": "^14.0.0"
      }
    },
    "node_modules/@material/form-field": {
      "version": "14.0.0",
      "resolved": "https://registry.npmjs.org/@material/form-field/-/form-field-14.0.0.tgz",
      "integrity": "sha512-k1GNBj6Sp8A7Xsn5lTMp5DkUkg60HX7YkQIRyFz1qCDCKJRWh/ou7Z45GMMgKmG3aF6LfjIavc7SjyCl8e5yVg==",
      "dev": true,
      "dependencies": {
        "@material/base": "^14.0.0",
        "@material/feature-targeting": "^14.0.0",
        "@material/ripple": "^14.0.0",
        "@material/rtl": "^14.0.0",
        "@material/theme": "^14.0.0",
        "@material/typography": "^14.0.0",
        "tslib": "^2.1.0"
      }
    },
    "node_modules/@material/icon-button": {
      "version": "14.0.0",
      "resolved": "https://registry.npmjs.org/@material/icon-button/-/icon-button-14.0.0.tgz",
      "integrity": "sha512-wHMqzm7Q/UwbWLoWv32Li1r2iVYxadIrwTNxT0+p+7NdfI3lEwMN3NoB0CvoJnHTljjXDzce0KJ3nZloa0P0gA==",
      "dev": true,
      "dependencies": {
        "@material/base": "^14.0.0",
        "@material/density": "^14.0.0",
        "@material/dom": "^14.0.0",
        "@material/elevation": "^14.0.0",
        "@material/feature-targeting": "^14.0.0",
        "@material/focus-ring": "^14.0.0",
        "@material/ripple": "^14.0.0",
        "@material/rtl": "^14.0.0",
        "@material/theme": "^14.0.0",
        "@material/touch-target": "^14.0.0",
        "tslib": "^2.1.0"
      }
    },
    "node_modules/@material/image-list": {
      "version": "14.0.0",
      "resolved": "https://registry.npmjs.org/@material/image-list/-/image-list-14.0.0.tgz",
      "integrity": "sha512-vx/7WCMbiZoy/R+DmO7r0N3jWzFjlvvDMeBpXt0btglWP3EYbVnDqzseW4u1TtY+IBbJldW/DsiCN1oLnlEVxw==",
      "dev": true,
      "dependencies": {
        "@material/feature-targeting": "^14.0.0",
        "@material/shape": "^14.0.0",
        "@material/theme": "^14.0.0",
        "@material/typography": "^14.0.0",
        "tslib": "^2.1.0"
      }
    },
    "node_modules/@material/layout-grid": {
      "version": "14.0.0",
      "resolved": "https://registry.npmjs.org/@material/layout-grid/-/layout-grid-14.0.0.tgz",
      "integrity": "sha512-tAce0PR/c85VI2gf1HUdM0Y15ZWpfZWAFIwaCRW1+jnOLWnG1/aOJYLlzqtVEv2m0TS1R1WRRGN3Or+CWvpDRA==",
      "dev": true,
      "dependencies": {
        "tslib": "^2.1.0"
      }
    },
    "node_modules/@material/line-ripple": {
      "version": "14.0.0",
      "resolved": "https://registry.npmjs.org/@material/line-ripple/-/line-ripple-14.0.0.tgz",
      "integrity": "sha512-Rx9eSnfp3FcsNz4O+fobNNq2PSm5tYHC3hRpY2ZK3ghTvgp3Y40/soaGEi/Vdg0F7jJXRaBSNOe6p5t9CVfy8Q==",
      "dev": true,
      "dependencies": {
        "@material/animation": "^14.0.0",
        "@material/base": "^14.0.0",
        "@material/feature-targeting": "^14.0.0",
        "@material/theme": "^14.0.0",
        "tslib": "^2.1.0"
      }
    },
    "node_modules/@material/linear-progress": {
      "version": "14.0.0",
      "resolved": "https://registry.npmjs.org/@material/linear-progress/-/linear-progress-14.0.0.tgz",
      "integrity": "sha512-MGIAWMHMW6TSV/TNWyl5N/escpDHk3Rq6hultFif+D9adqbOXrtfZZIFPLj1FpMm1Ucnj6zgOmJHgCDsxRVNIA==",
      "dev": true,
      "dependencies": {
        "@material/animation": "^14.0.0",
        "@material/base": "^14.0.0",
        "@material/dom": "^14.0.0",
        "@material/feature-targeting": "^14.0.0",
        "@material/progress-indicator": "^14.0.0",
        "@material/rtl": "^14.0.0",
        "@material/theme": "^14.0.0",
        "tslib": "^2.1.0"
      }
    },
    "node_modules/@material/list": {
      "version": "14.0.0",
      "resolved": "https://registry.npmjs.org/@material/list/-/list-14.0.0.tgz",
      "integrity": "sha512-AFaBGV9vQyfnG8BT2R3UGVdF5w2SigQqBH+qbOSxQhk4BgVvhDfJUIKT415poLNMdnaDtcuYz+ZWvVNoRDaL7w==",
      "dev": true,
      "dependencies": {
        "@material/base": "^14.0.0",
        "@material/density": "^14.0.0",
        "@material/dom": "^14.0.0",
        "@material/feature-targeting": "^14.0.0",
        "@material/ripple": "^14.0.0",
        "@material/rtl": "^14.0.0",
        "@material/shape": "^14.0.0",
        "@material/theme": "^14.0.0",
        "@material/typography": "^14.0.0",
        "tslib": "^2.1.0"
      }
    },
    "node_modules/@material/menu": {
      "version": "14.0.0",
      "resolved": "https://registry.npmjs.org/@material/menu/-/menu-14.0.0.tgz",
      "integrity": "sha512-oU6GjbYnkG6a5nX9HUSege5OQByf6yUteEij8fpf0ci3f5BWf/gr39dnQ+rfl+q119cW0WIEmVK2YJ/BFxMzEQ==",
      "dev": true,
      "dependencies": {
        "@material/base": "^14.0.0",
        "@material/dom": "^14.0.0",
        "@material/elevation": "^14.0.0",
        "@material/feature-targeting": "^14.0.0",
        "@material/list": "^14.0.0",
        "@material/menu-surface": "^14.0.0",
        "@material/ripple": "^14.0.0",
        "@material/rtl": "^14.0.0",
        "@material/theme": "^14.0.0",
        "tslib": "^2.1.0"
      }
    },
    "node_modules/@material/menu-surface": {
      "version": "14.0.0",
      "resolved": "https://registry.npmjs.org/@material/menu-surface/-/menu-surface-14.0.0.tgz",
      "integrity": "sha512-wRz3UCrhJ4kRrijJEbvIPRa0mqA5qkQmKXjBH4Xu1ApedZruP+OM3Qb2Bj4XugCA3eCXpiohg+gdyTAX3dVQyw==",
      "dev": true,
      "dependencies": {
        "@material/animation": "^14.0.0",
        "@material/base": "^14.0.0",
        "@material/elevation": "^14.0.0",
        "@material/feature-targeting": "^14.0.0",
        "@material/rtl": "^14.0.0",
        "@material/shape": "^14.0.0",
        "@material/theme": "^14.0.0",
        "tslib": "^2.1.0"
      }
    },
    "node_modules/@material/notched-outline": {
      "version": "14.0.0",
      "resolved": "https://registry.npmjs.org/@material/notched-outline/-/notched-outline-14.0.0.tgz",
      "integrity": "sha512-6S58DlWmhCDr4RQF2RuwqANxlmLdHtWy2mF4JQLD9WOiCg4qY9eCQnMXu3Tbhr7f/nOZ0vzc7AtA3vfJoZmCSw==",
      "dev": true,
      "dependencies": {
        "@material/base": "^14.0.0",
        "@material/feature-targeting": "^14.0.0",
        "@material/floating-label": "^14.0.0",
        "@material/rtl": "^14.0.0",
        "@material/shape": "^14.0.0",
        "@material/theme": "^14.0.0",
        "tslib": "^2.1.0"
      }
    },
    "node_modules/@material/progress-indicator": {
      "version": "14.0.0",
      "resolved": "https://registry.npmjs.org/@material/progress-indicator/-/progress-indicator-14.0.0.tgz",
      "integrity": "sha512-09JRTuIySxs670Tcy4jVlqCUbyrO+Ad6z3nHnAi8pYl74duco4n/9jTROV0mlFdr9NIFifnd08lKbiFLDmfJGQ==",
      "dev": true,
      "dependencies": {
        "tslib": "^2.1.0"
      }
    },
    "node_modules/@material/radio": {
      "version": "14.0.0",
      "resolved": "https://registry.npmjs.org/@material/radio/-/radio-14.0.0.tgz",
      "integrity": "sha512-VwPOi5fAoZXL3RhQJ6iDWTR34L6JXlwd5VXli8ZhzNHnUzcmpMODrRhGVew4Z5uuNj6/n2Jbn1zcS9XmmqjssA==",
      "dev": true,
      "dependencies": {
        "@material/animation": "^14.0.0",
        "@material/base": "^14.0.0",
        "@material/density": "^14.0.0",
        "@material/dom": "^14.0.0",
        "@material/feature-targeting": "^14.0.0",
        "@material/focus-ring": "^14.0.0",
        "@material/ripple": "^14.0.0",
        "@material/theme": "^14.0.0",
        "@material/touch-target": "^14.0.0",
        "tslib": "^2.1.0"
      }
    },
    "node_modules/@material/ripple": {
      "version": "14.0.0",
      "resolved": "https://registry.npmjs.org/@material/ripple/-/ripple-14.0.0.tgz",
      "integrity": "sha512-9XoGBFd5JhFgELgW7pqtiLy+CnCIcV2s9cQ2BWbOQeA8faX9UZIDUx/g76nHLZ7UzKFtsULJxZTwORmsEt2zvw==",
      "dev": true,
      "dependencies": {
        "@material/animation": "^14.0.0",
        "@material/base": "^14.0.0",
        "@material/dom": "^14.0.0",
        "@material/feature-targeting": "^14.0.0",
        "@material/rtl": "^14.0.0",
        "@material/theme": "^14.0.0",
        "tslib": "^2.1.0"
      }
    },
    "node_modules/@material/rtl": {
      "version": "14.0.0",
      "resolved": "https://registry.npmjs.org/@material/rtl/-/rtl-14.0.0.tgz",
      "integrity": "sha512-xl6OZYyRjuiW2hmbjV2omMV8sQtfmKAjeWnD1RMiAPLCTyOW9Lh/PYYnXjxUrNa0cRwIIbOn5J7OYXokja8puA==",
      "dev": true,
      "dependencies": {
        "@material/theme": "^14.0.0",
        "tslib": "^2.1.0"
      }
    },
    "node_modules/@material/segmented-button": {
      "version": "14.0.0",
      "resolved": "https://registry.npmjs.org/@material/segmented-button/-/segmented-button-14.0.0.tgz",
      "integrity": "sha512-6es7PPNX3T3h7bOLyb8L38hMoTXqBs5XX8XCKycKZG2Dm4stac/yYMKKO/q3MOn36t37s+JAVTjyRB8HnJu5Gg==",
      "dev": true,
      "dependencies": {
        "@material/base": "^14.0.0",
        "@material/elevation": "^14.0.0",
        "@material/feature-targeting": "^14.0.0",
        "@material/ripple": "^14.0.0",
        "@material/theme": "^14.0.0",
        "@material/touch-target": "^14.0.0",
        "@material/typography": "^14.0.0",
        "tslib": "^2.1.0"
      }
    },
    "node_modules/@material/select": {
      "version": "14.0.0",
      "resolved": "https://registry.npmjs.org/@material/select/-/select-14.0.0.tgz",
      "integrity": "sha512-4aY1kUHEnbOCRG3Tkuuk8yFfyNYSvOstBbjiYE/Z1ZGF3P1z+ON35iLatP84LvNteX4F1EMO2QAta2QbLRMAkw==",
      "dev": true,
      "dependencies": {
        "@material/animation": "^14.0.0",
        "@material/base": "^14.0.0",
        "@material/density": "^14.0.0",
        "@material/dom": "^14.0.0",
        "@material/elevation": "^14.0.0",
        "@material/feature-targeting": "^14.0.0",
        "@material/floating-label": "^14.0.0",
        "@material/line-ripple": "^14.0.0",
        "@material/list": "^14.0.0",
        "@material/menu": "^14.0.0",
        "@material/menu-surface": "^14.0.0",
        "@material/notched-outline": "^14.0.0",
        "@material/ripple": "^14.0.0",
        "@material/rtl": "^14.0.0",
        "@material/shape": "^14.0.0",
        "@material/theme": "^14.0.0",
        "@material/tokens": "^14.0.0",
        "@material/typography": "^14.0.0",
        "tslib": "^2.1.0"
      }
    },
    "node_modules/@material/shape": {
      "version": "14.0.0",
      "resolved": "https://registry.npmjs.org/@material/shape/-/shape-14.0.0.tgz",
      "integrity": "sha512-o0mJB0+feOv473KckI8gFnUo8IQAaEA6ynXzw3VIYFjPi48pJwrxa0mZcJP/OoTXrCbDzDeFJfDPXEmRioBb9A==",
      "dev": true,
      "dependencies": {
        "@material/feature-targeting": "^14.0.0",
        "@material/rtl": "^14.0.0",
        "@material/theme": "^14.0.0",
        "tslib": "^2.1.0"
      }
    },
    "node_modules/@material/slider": {
      "version": "14.0.0",
      "resolved": "https://registry.npmjs.org/@material/slider/-/slider-14.0.0.tgz",
      "integrity": "sha512-m5RqySIps1vhAQnGp2eg4Sh2Ss6bzrZm10TWBw2cNFHmbiI72rK2EeFnMsBXAarplY0cot/FaMuj91VP36gKFQ==",
      "dev": true,
      "dependencies": {
        "@material/animation": "^14.0.0",
        "@material/base": "^14.0.0",
        "@material/dom": "^14.0.0",
        "@material/elevation": "^14.0.0",
        "@material/feature-targeting": "^14.0.0",
        "@material/ripple": "^14.0.0",
        "@material/rtl": "^14.0.0",
        "@material/theme": "^14.0.0",
        "@material/typography": "^14.0.0",
        "tslib": "^2.1.0"
      }
    },
    "node_modules/@material/snackbar": {
      "version": "14.0.0",
      "resolved": "https://registry.npmjs.org/@material/snackbar/-/snackbar-14.0.0.tgz",
      "integrity": "sha512-28uQBj9bw7BalNarK9j8/aVW4Ys5aRaGHoWH+CeYvAjqQUJkrYoqM52aiKhBwqrjBPMJHk1aXthe3YbzMBm6vA==",
      "dev": true,
      "dependencies": {
        "@material/animation": "^14.0.0",
        "@material/base": "^14.0.0",
        "@material/button": "^14.0.0",
        "@material/dom": "^14.0.0",
        "@material/elevation": "^14.0.0",
        "@material/feature-targeting": "^14.0.0",
        "@material/icon-button": "^14.0.0",
        "@material/ripple": "^14.0.0",
        "@material/rtl": "^14.0.0",
        "@material/shape": "^14.0.0",
        "@material/theme": "^14.0.0",
        "@material/typography": "^14.0.0",
        "tslib": "^2.1.0"
      }
    },
    "node_modules/@material/switch": {
      "version": "14.0.0",
      "resolved": "https://registry.npmjs.org/@material/switch/-/switch-14.0.0.tgz",
      "integrity": "sha512-vHVKzbvHVKGSrkMB1lZAl8z3eJ8sPRnSR+DWn+IhqHcTsDdDyly2NNj4i2vTSrEA39CztGqkx0OnKM4vkpiZHw==",
      "dev": true,
      "dependencies": {
        "@material/animation": "^14.0.0",
        "@material/base": "^14.0.0",
        "@material/density": "^14.0.0",
        "@material/dom": "^14.0.0",
        "@material/elevation": "^14.0.0",
        "@material/feature-targeting": "^14.0.0",
        "@material/focus-ring": "^14.0.0",
        "@material/ripple": "^14.0.0",
        "@material/rtl": "^14.0.0",
        "@material/shape": "^14.0.0",
        "@material/theme": "^14.0.0",
        "@material/tokens": "^14.0.0",
        "tslib": "^2.1.0"
      }
    },
    "node_modules/@material/tab": {
      "version": "14.0.0",
      "resolved": "https://registry.npmjs.org/@material/tab/-/tab-14.0.0.tgz",
      "integrity": "sha512-jGSQdp6BvZOVnvGbv0DvNDJL2lHYVFtKGehV0gSZ7FrjHK6gZnKZjWOVwt1NPu9ig9zy85vPRFpvFTeje1KZpg==",
      "dev": true,
      "dependencies": {
        "@material/base": "^14.0.0",
        "@material/elevation": "^14.0.0",
        "@material/feature-targeting": "^14.0.0",
        "@material/focus-ring": "^14.0.0",
        "@material/ripple": "^14.0.0",
        "@material/rtl": "^14.0.0",
        "@material/tab-indicator": "^14.0.0",
        "@material/theme": "^14.0.0",
        "@material/typography": "^14.0.0",
        "tslib": "^2.1.0"
      }
    },
    "node_modules/@material/tab-bar": {
      "version": "14.0.0",
      "resolved": "https://registry.npmjs.org/@material/tab-bar/-/tab-bar-14.0.0.tgz",
      "integrity": "sha512-G/UYEOIcljCHlkj3iCRGIz4zE9RVcsdC9wuOR6LE2rla6EGyT0x2psNlL0pIMROjXoB0HGda/gB90ovzKcbURA==",
      "dev": true,
      "dependencies": {
        "@material/animation": "^14.0.0",
        "@material/base": "^14.0.0",
        "@material/density": "^14.0.0",
        "@material/elevation": "^14.0.0",
        "@material/feature-targeting": "^14.0.0",
        "@material/tab": "^14.0.0",
        "@material/tab-indicator": "^14.0.0",
        "@material/tab-scroller": "^14.0.0",
        "@material/theme": "^14.0.0",
        "@material/typography": "^14.0.0",
        "tslib": "^2.1.0"
      }
    },
    "node_modules/@material/tab-indicator": {
      "version": "14.0.0",
      "resolved": "https://registry.npmjs.org/@material/tab-indicator/-/tab-indicator-14.0.0.tgz",
      "integrity": "sha512-wfq136fsJGqtCIW8x1wFQHgRr7dIQ9SWqp6WG4FQGHpSzliNDA23/bdBUjh3lX2U+mfbdsFmZWEPy06jg2uc5g==",
      "dev": true,
      "dependencies": {
        "@material/animation": "^14.0.0",
        "@material/base": "^14.0.0",
        "@material/feature-targeting": "^14.0.0",
        "@material/theme": "^14.0.0",
        "tslib": "^2.1.0"
      }
    },
    "node_modules/@material/tab-scroller": {
      "version": "14.0.0",
      "resolved": "https://registry.npmjs.org/@material/tab-scroller/-/tab-scroller-14.0.0.tgz",
      "integrity": "sha512-wadETsRM7vT4mRjXedaPXxI/WFSSgqHRNI//dORJ6627hoiJfLb5ixwUKTYk9zTz6gNwAlRTrKh98Dr9T7n7Kw==",
      "dev": true,
      "dependencies": {
        "@material/animation": "^14.0.0",
        "@material/base": "^14.0.0",
        "@material/dom": "^14.0.0",
        "@material/feature-targeting": "^14.0.0",
        "@material/tab": "^14.0.0",
        "tslib": "^2.1.0"
      }
    },
    "node_modules/@material/textfield": {
      "version": "14.0.0",
      "resolved": "https://registry.npmjs.org/@material/textfield/-/textfield-14.0.0.tgz",
      "integrity": "sha512-HGbtAlvlIB2vWBq85yw5wQeeP3Kndl6Z0TJzQ6piVtcfdl2mPyWhuuVHQRRAOis3rCIaAAaxCQYYTJh8wIi0XQ==",
      "dev": true,
      "dependencies": {
        "@material/animation": "^14.0.0",
        "@material/base": "^14.0.0",
        "@material/density": "^14.0.0",
        "@material/dom": "^14.0.0",
        "@material/feature-targeting": "^14.0.0",
        "@material/floating-label": "^14.0.0",
        "@material/line-ripple": "^14.0.0",
        "@material/notched-outline": "^14.0.0",
        "@material/ripple": "^14.0.0",
        "@material/rtl": "^14.0.0",
        "@material/shape": "^14.0.0",
        "@material/theme": "^14.0.0",
        "@material/tokens": "^14.0.0",
        "@material/typography": "^14.0.0",
        "tslib": "^2.1.0"
      }
    },
    "node_modules/@material/theme": {
      "version": "14.0.0",
      "resolved": "https://registry.npmjs.org/@material/theme/-/theme-14.0.0.tgz",
      "integrity": "sha512-6/SENWNIFuXzeHMPHrYwbsXKgkvCtWuzzQ3cUu4UEt3KcQ5YpViazIM6h8ByYKZP8A9d8QpkJ0WGX5btGDcVoA==",
      "dev": true,
      "dependencies": {
        "@material/feature-targeting": "^14.0.0",
        "tslib": "^2.1.0"
      }
    },
    "node_modules/@material/tokens": {
      "version": "14.0.0",
      "resolved": "https://registry.npmjs.org/@material/tokens/-/tokens-14.0.0.tgz",
      "integrity": "sha512-SXgB9VwsKW4DFkHmJfDIS0x0cGdMWC1D06m6z/WQQ5P5j6/m0pKrbHVlrLzXcRjau+mFhXGvj/KyPo9Pp/Rc8Q==",
      "dev": true,
      "dependencies": {
        "@material/elevation": "^14.0.0"
      }
    },
    "node_modules/@material/tooltip": {
      "version": "14.0.0",
      "resolved": "https://registry.npmjs.org/@material/tooltip/-/tooltip-14.0.0.tgz",
      "integrity": "sha512-rp7sOuVE1hmg4VgBJMnSvtDbSzctL42X7y1yv8ukuu40Sli+H5FT0Zbn351EfjJgQWg/AlXA6+reVXkXje8JzQ==",
      "dev": true,
      "dependencies": {
        "@material/animation": "^14.0.0",
        "@material/base": "^14.0.0",
        "@material/dom": "^14.0.0",
        "@material/elevation": "^14.0.0",
        "@material/feature-targeting": "^14.0.0",
        "@material/rtl": "^14.0.0",
        "@material/shape": "^14.0.0",
        "@material/theme": "^14.0.0",
        "@material/typography": "^14.0.0",
        "tslib": "^2.1.0"
      }
    },
    "node_modules/@material/top-app-bar": {
      "version": "14.0.0",
      "resolved": "https://registry.npmjs.org/@material/top-app-bar/-/top-app-bar-14.0.0.tgz",
      "integrity": "sha512-uPej5vHgZnlSB1+koiA9FnabXrHh3O/Npl2ifpUgDVwHDSOxKvLp2LNjyCO71co1QLNnNHIU0xXv3B97Gb0rpA==",
      "dev": true,
      "dependencies": {
        "@material/animation": "^14.0.0",
        "@material/base": "^14.0.0",
        "@material/elevation": "^14.0.0",
        "@material/ripple": "^14.0.0",
        "@material/rtl": "^14.0.0",
        "@material/shape": "^14.0.0",
        "@material/theme": "^14.0.0",
        "@material/typography": "^14.0.0",
        "tslib": "^2.1.0"
      }
    },
    "node_modules/@material/touch-target": {
      "version": "14.0.0",
      "resolved": "https://registry.npmjs.org/@material/touch-target/-/touch-target-14.0.0.tgz",
      "integrity": "sha512-o3kvxmS4HkmZoQTvtzLJrqSG+ezYXkyINm3Uiwio1PTg67pDgK5FRwInkz0VNaWPcw9+5jqjUQGjuZMtjQMq8w==",
      "dev": true,
      "dependencies": {
        "@material/base": "^14.0.0",
        "@material/feature-targeting": "^14.0.0",
        "@material/rtl": "^14.0.0",
        "tslib": "^2.1.0"
      }
    },
    "node_modules/@material/typography": {
      "version": "14.0.0",
      "resolved": "https://registry.npmjs.org/@material/typography/-/typography-14.0.0.tgz",
      "integrity": "sha512-/QtHBYiTR+TPMryM/CT386B2WlAQf/Ae32V324Z7P40gHLKY/YBXx7FDutAWZFeOerq/two4Nd2aAHBcMM2wMw==",
      "dev": true,
      "dependencies": {
        "@material/feature-targeting": "^14.0.0",
        "@material/theme": "^14.0.0",
        "tslib": "^2.1.0"
      }
    },
    "node_modules/anymatch": {
      "version": "3.1.3",
      "resolved": "https://registry.npmjs.org/anymatch/-/anymatch-3.1.3.tgz",
      "integrity": "sha512-KMReFUr0B4t+D+OBkjR3KYqvocp2XaSzO55UcB6mgQMd3KbcE+mWTyvVV7D/zsdEbNnV6acZUutkiHQXvTr1Rw==",
      "dev": true,
      "dependencies": {
        "normalize-path": "^3.0.0",
        "picomatch": "^2.0.4"
      },
      "engines": {
        "node": ">= 8"
      }
    },
    "node_modules/binary-extensions": {
      "version": "2.2.0",
      "resolved": "https://registry.npmjs.org/binary-extensions/-/binary-extensions-2.2.0.tgz",
      "integrity": "sha512-jDctJ/IVQbZoJykoeHbhXpOlNBqGNcwXJKJog42E5HDPUwQTSdjCHdihjj0DlnheQ7blbT6dHOafNAiS8ooQKA==",
      "dev": true,
      "engines": {
        "node": ">=8"
      }
    },
    "node_modules/braces": {
      "version": "3.0.2",
      "resolved": "https://registry.npmjs.org/braces/-/braces-3.0.2.tgz",
      "integrity": "sha512-b8um+L1RzM3WDSzvhm6gIz1yfTbBt6YTlcEKAvsmqCZZFw46z626lVj9j1yEPW33H5H+lBQpZMP1k8l+78Ha0A==",
      "dev": true,
      "dependencies": {
        "fill-range": "^7.0.1"
      },
      "engines": {
        "node": ">=8"
      }
    },
    "node_modules/chokidar": {
      "version": "3.5.3",
      "resolved": "https://registry.npmjs.org/chokidar/-/chokidar-3.5.3.tgz",
      "integrity": "sha512-Dr3sfKRP6oTcjf2JmUmFJfeVMvXBdegxB0iVQ5eb2V10uFJUCAS8OByZdVAyVb8xXNz3GjjTgj9kLWsZTqE6kw==",
      "dev": true,
      "funding": [
        {
          "type": "individual",
          "url": "https://paulmillr.com/funding/"
        }
      ],
      "dependencies": {
        "anymatch": "~3.1.2",
        "braces": "~3.0.2",
        "glob-parent": "~5.1.2",
        "is-binary-path": "~2.1.0",
        "is-glob": "~4.0.1",
        "normalize-path": "~3.0.0",
        "readdirp": "~3.6.0"
      },
      "engines": {
        "node": ">= 8.10.0"
      },
      "optionalDependencies": {
        "fsevents": "~2.3.2"
      }
    },
    "node_modules/fill-range": {
      "version": "7.0.1",
      "resolved": "https://registry.npmjs.org/fill-range/-/fill-range-7.0.1.tgz",
      "integrity": "sha512-qOo9F+dMUmC2Lcb4BbVvnKJxTPjCm+RRpe4gDuGrzkL7mEVl/djYSu2OdQ2Pa302N4oqkSg9ir6jaLWJ2USVpQ==",
      "dev": true,
      "dependencies": {
        "to-regex-range": "^5.0.1"
      },
      "engines": {
        "node": ">=8"
      }
    },
    "node_modules/fsevents": {
      "version": "2.3.2",
      "resolved": "https://registry.npmjs.org/fsevents/-/fsevents-2.3.2.tgz",
      "integrity": "sha512-xiqMQR4xAeHTuB9uWm+fFRcIOgKBMiOBP+eXiyT7jsgVCq1bkVygt00oASowB7EdtpOHaaPgKt812P9ab+DDKA==",
      "dev": true,
      "hasInstallScript": true,
      "optional": true,
      "os": [
        "darwin"
      ],
      "engines": {
        "node": "^8.16.0 || ^10.6.0 || >=11.0.0"
      }
    },
    "node_modules/glob-parent": {
      "version": "5.1.2",
      "resolved": "https://registry.npmjs.org/glob-parent/-/glob-parent-5.1.2.tgz",
      "integrity": "sha512-AOIgSQCepiJYwP3ARnGx+5VnTu2HBYdzbGP45eLw1vr3zB3vZLeyed1sC9hnbcOc9/SrMyM5RPQrkGz4aS9Zow==",
      "dev": true,
      "dependencies": {
        "is-glob": "^4.0.1"
      },
      "engines": {
        "node": ">= 6"
      }
    },
    "node_modules/is-binary-path": {
      "version": "2.1.0",
      "resolved": "https://registry.npmjs.org/is-binary-path/-/is-binary-path-2.1.0.tgz",
      "integrity": "sha512-ZMERYes6pDydyuGidse7OsHxtbI7WVeUEozgR/g7rd0xUimYNlvZRE/K2MgZTjWy725IfelLeVcEM97mmtRGXw==",
      "dev": true,
      "dependencies": {
        "binary-extensions": "^2.0.0"
      },
      "engines": {
        "node": ">=8"
      }
    },
    "node_modules/is-extglob": {
      "version": "2.1.1",
      "resolved": "https://registry.npmjs.org/is-extglob/-/is-extglob-2.1.1.tgz",
      "integrity": "sha512-SbKbANkN603Vi4jEZv49LeVJMn4yGwsbzZworEoyEiutsN3nJYdbO36zfhGJ6QEDpOZIFkDtnq5JRxmvl3jsoQ==",
      "dev": true,
      "engines": {
        "node": ">=0.10.0"
      }
    },
    "node_modules/is-glob": {
      "version": "4.0.3",
      "resolved": "https://registry.npmjs.org/is-glob/-/is-glob-4.0.3.tgz",
      "integrity": "sha512-xelSayHH36ZgE7ZWhli7pW34hNbNl8Ojv5KVmkJD4hBdD3th8Tfk9vYasLM+mXWOZhFkgZfxhLSnrwRr4elSSg==",
      "dev": true,
      "dependencies": {
        "is-extglob": "^2.1.1"
      },
      "engines": {
        "node": ">=0.10.0"
      }
    },
    "node_modules/is-number": {
      "version": "7.0.0",
      "resolved": "https://registry.npmjs.org/is-number/-/is-number-7.0.0.tgz",
      "integrity": "sha512-41Cifkg6e8TylSpdtTpeLVMqvSBEVzTttHvERD741+pnZ8ANv0004MRL43QKPDlK9cGvNp6NZWZUBlbGXYxxng==",
      "dev": true,
      "engines": {
        "node": ">=0.12.0"
      }
    },
    "node_modules/material-components-web": {
      "version": "14.0.0",
      "resolved": "https://registry.npmjs.org/material-components-web/-/material-components-web-14.0.0.tgz",
      "integrity": "sha512-bfGTQQOMhlBfZYkMzXNdydotG8p/hntiln13IRVIN38F170OU/y7ONpCxUweANDEVxrMeKAupVw/4u9in+LKFA==",
      "dev": true,
      "dependencies": {
        "@material/animation": "^14.0.0",
        "@material/auto-init": "^14.0.0",
        "@material/banner": "^14.0.0",
        "@material/base": "^14.0.0",
        "@material/button": "^14.0.0",
        "@material/card": "^14.0.0",
        "@material/checkbox": "^14.0.0",
        "@material/chips": "^14.0.0",
        "@material/circular-progress": "^14.0.0",
        "@material/data-table": "^14.0.0",
        "@material/density": "^14.0.0",
        "@material/dialog": "^14.0.0",
        "@material/dom": "^14.0.0",
        "@material/drawer": "^14.0.0",
        "@material/elevation": "^14.0.0",
        "@material/fab": "^14.0.0",
        "@material/feature-targeting": "^14.0.0",
        "@material/floating-label": "^14.0.0",
        "@material/focus-ring": "^14.0.0",
        "@material/form-field": "^14.0.0",
        "@material/icon-button": "^14.0.0",
        "@material/image-list": "^14.0.0",
        "@material/layout-grid": "^14.0.0",
        "@material/line-ripple": "^14.0.0",
        "@material/linear-progress": "^14.0.0",
        "@material/list": "^14.0.0",
        "@material/menu": "^14.0.0",
        "@material/menu-surface": "^14.0.0",
        "@material/notched-outline": "^14.0.0",
        "@material/radio": "^14.0.0",
        "@material/ripple": "^14.0.0",
        "@material/rtl": "^14.0.0",
        "@material/segmented-button": "^14.0.0",
        "@material/select": "^14.0.0",
        "@material/shape": "^14.0.0",
        "@material/slider": "^14.0.0",
        "@material/snackbar": "^14.0.0",
        "@material/switch": "^14.0.0",
        "@material/tab": "^14.0.0",
        "@material/tab-bar": "^14.0.0",
        "@material/tab-indicator": "^14.0.0",
        "@material/tab-scroller": "^14.0.0",
        "@material/textfield": "^14.0.0",
        "@material/theme": "^14.0.0",
        "@material/tokens": "^14.0.0",
        "@material/tooltip": "^14.0.0",
        "@material/top-app-bar": "^14.0.0",
        "@material/touch-target": "^14.0.0",
        "@material/typography": "^14.0.0"
      }
    },
    "node_modules/normalize-path": {
      "version": "3.0.0",
      "resolved": "https://registry.npmjs.org/normalize-path/-/normalize-path-3.0.0.tgz",
      "integrity": "sha512-6eZs5Ls3WtCisHWp9S2GUy8dqkpGi4BVSz3GaqiE6ezub0512ESztXUwUB6C6IKbQkY2Pnb/mD4WYojCRwcwLA==",
      "dev": true,
      "engines": {
        "node": ">=0.10.0"
      }
    },
    "node_modules/picomatch": {
      "version": "2.3.1",
      "resolved": "https://registry.npmjs.org/picomatch/-/picomatch-2.3.1.tgz",
      "integrity": "sha512-JU3teHTNjmE2VCGFzuY8EXzCDVwEqB2a8fsIvwaStHhAWJEeVd1o1QD80CU6+ZdEXXSLbSsuLwJjkCBWqRQUVA==",
      "dev": true,
      "engines": {
        "node": ">=8.6"
      },
      "funding": {
        "url": "https://github.com/sponsors/jonschlinkert"
      }
    },
    "node_modules/readdirp": {
      "version": "3.6.0",
      "resolved": "https://registry.npmjs.org/readdirp/-/readdirp-3.6.0.tgz",
      "integrity": "sha512-hOS089on8RduqdbhvQ5Z37A0ESjsqz6qnRcffsMU3495FuTdqSm+7bhJ29JvIOsBDEEnan5DPu9t3To9VRlMzA==",
      "dev": true,
      "dependencies": {
        "picomatch": "^2.2.1"
      },
      "engines": {
        "node": ">=8.10.0"
      }
    },
    "node_modules/sass": {
      "version": "1.39.2",
      "resolved": "https://registry.npmjs.org/sass/-/sass-1.39.2.tgz",
      "integrity": "sha512-4/6Vn2RPc+qNwSclUSKvssh7dqK1Ih3FfHBW16I/GfH47b3scbYeOw65UIrYG7PkweFiKbpJjgkf5CV8EMmvzw==",
      "dev": true,
      "dependencies": {
        "chokidar": ">=3.0.0 <4.0.0"
      },
      "bin": {
        "sass": "sass.js"
      },
      "engines": {
        "node": ">=8.9.0"
      }
    },
    "node_modules/to-regex-range": {
      "version": "5.0.1",
      "resolved": "https://registry.npmjs.org/to-regex-range/-/to-regex-range-5.0.1.tgz",
      "integrity": "sha512-65P7iz6X5yEr1cwcgvQxbbIw7Uk3gOy5dIdtZ4rDveLqhrdJP+Li/Hx6tyK0NEb+2GCyneCMJiGqrADCSNk8sQ==",
      "dev": true,
      "dependencies": {
        "is-number": "^7.0.0"
      },
      "engines": {
        "node": ">=8.0"
      }
    },
    "node_modules/tslib": {
      "version": "2.6.0",
      "resolved": "https://registry.npmjs.org/tslib/-/tslib-2.6.0.tgz",
      "integrity": "sha512-7At1WUettjcSRHXCyYtTselblcHl9PJFFVKiCAy/bY97+BPZXSQ2wbq0P9s8tK2G7dFQfNnlJnPAiArVBVBsfA==",
      "dev": true
    }
  }
}
