{
  "name": "material.blazor.website",
  "version": "0.0.0",
  "lockfileVersion": 1,
  "requires": true,
  "dependencies": {
    "@material/animation": {
      "version": "12.0.0",
      "resolved": "https://registry.npmjs.org/@material/animation/-/animation-12.0.0.tgz",
      "integrity": "sha512-PfRHehbW6xrNaAb5RELmyxn9+pGTYwzxUnT43TdmOOTN+J45MRH8c90ZSdczich6gp7tgyTQsd3HtB5yRgBsIA==",
      "dev": true,
      "requires": {
        "tslib": "^2.1.0"
      }
    },
    "@material/auto-init": {
      "version": "12.0.0",
      "resolved": "https://registry.npmjs.org/@material/auto-init/-/auto-init-12.0.0.tgz",
      "integrity": "sha512-DYvyUOzzv6tn3ECQ9xKXu8Nm/FASicIks08pka3IsSRfLQ4eXGo+EYt/ryqYJ6k8WZF2pkGtH/8C82LIF202Yw==",
      "dev": true,
      "requires": {
        "@material/base": "^12.0.0",
        "tslib": "^2.1.0"
      }
    },
    "@material/banner": {
      "version": "12.0.0",
      "resolved": "https://registry.npmjs.org/@material/banner/-/banner-12.0.0.tgz",
      "integrity": "sha512-VjPsvikIlu0pzo17L47ATmptJIAdi9iEa23TJ5IfxiybTFMhHeupjbjQlOwcBjAIEWKWquRgbLpDf280WRvzzw==",
      "dev": true,
      "requires": {
        "@material/base": "^12.0.0",
        "@material/button": "^12.0.0",
        "@material/dom": "^12.0.0",
        "@material/feature-targeting": "^12.0.0",
        "@material/ripple": "^12.0.0",
        "@material/rtl": "^12.0.0",
        "@material/shape": "^12.0.0",
        "@material/theme": "^12.0.0",
        "@material/typography": "^12.0.0",
        "tslib": "^2.1.0"
      }
    },
    "@material/base": {
      "version": "12.0.0",
      "resolved": "https://registry.npmjs.org/@material/base/-/base-12.0.0.tgz",
      "integrity": "sha512-LcAQGFhuGM5B9BJQPoDYXhka+gkKvjKN6HdmCpKq55EkUoHeEnbu6IT2MOQjhcULTlQdcdGP77YNNGYdv3fGsA==",
      "dev": true,
      "requires": {
        "tslib": "^2.1.0"
      }
    },
    "@material/button": {
      "version": "12.0.0",
      "resolved": "https://registry.npmjs.org/@material/button/-/button-12.0.0.tgz",
      "integrity": "sha512-+Vo9+9nsMy8XZUC4E4CDxmjPAAGCogoIskQSduceuZf8Zdoxy3mQfmmQqWaxtBieXJScybpQyw55RRC3MWu6fg==",
      "dev": true,
      "requires": {
        "@material/density": "^12.0.0",
        "@material/dom": "^12.0.0",
        "@material/elevation": "^12.0.0",
        "@material/feature-targeting": "^12.0.0",
        "@material/ripple": "^12.0.0",
        "@material/rtl": "^12.0.0",
        "@material/shape": "^12.0.0",
        "@material/theme": "^12.0.0",
        "@material/tokens": "^12.0.0",
        "@material/touch-target": "^12.0.0",
        "@material/typography": "^12.0.0",
        "tslib": "^2.1.0"
      }
    },
    "@material/card": {
      "version": "12.0.0",
      "resolved": "https://registry.npmjs.org/@material/card/-/card-12.0.0.tgz",
      "integrity": "sha512-qOzXAKTF/iV/t+HT8KmG2rfB4Otcd3z7e3mxdnnmZKb1tCxAkoKLnwJWDuPayySWN7x17Dqjl29Sr23i6YxLdw==",
      "dev": true,
      "requires": {
        "@material/dom": "^12.0.0",
        "@material/elevation": "^12.0.0",
        "@material/feature-targeting": "^12.0.0",
        "@material/ripple": "^12.0.0",
        "@material/rtl": "^12.0.0",
        "@material/shape": "^12.0.0",
        "@material/theme": "^12.0.0",
        "tslib": "^2.1.0"
      }
    },
    "@material/checkbox": {
      "version": "12.0.0",
      "resolved": "https://registry.npmjs.org/@material/checkbox/-/checkbox-12.0.0.tgz",
      "integrity": "sha512-lYPhS+6la2f6E8xsmAQtTCb6gKFqlSPMzvlnf/2+BS6P9iOracRYcWeO9jeze60m0gFiF8rk4Y1Z32Mkx7yPQw==",
      "dev": true,
      "requires": {
        "@material/animation": "^12.0.0",
        "@material/base": "^12.0.0",
        "@material/density": "^12.0.0",
        "@material/dom": "^12.0.0",
        "@material/feature-targeting": "^12.0.0",
        "@material/ripple": "^12.0.0",
        "@material/theme": "^12.0.0",
        "@material/touch-target": "^12.0.0",
        "tslib": "^2.1.0"
      }
    },
    "@material/chips": {
      "version": "12.0.0",
      "resolved": "https://registry.npmjs.org/@material/chips/-/chips-12.0.0.tgz",
      "integrity": "sha512-I+OustjFSkJDq2AXg909UXcf4SGCRItmE4s742gKIjDFxzpTKk1ualbWAh/S3n7Q3JzCVD5P34tuJnOB+OddfA==",
      "dev": true,
      "requires": {
        "@material/animation": "^12.0.0",
        "@material/base": "^12.0.0",
        "@material/checkbox": "^12.0.0",
        "@material/density": "^12.0.0",
        "@material/dom": "^12.0.0",
        "@material/elevation": "^12.0.0",
        "@material/feature-targeting": "^12.0.0",
        "@material/ripple": "^12.0.0",
        "@material/rtl": "^12.0.0",
        "@material/shape": "^12.0.0",
        "@material/theme": "^12.0.0",
        "@material/touch-target": "^12.0.0",
        "@material/typography": "^12.0.0",
        "tslib": "^2.1.0"
      }
    },
    "@material/circular-progress": {
      "version": "12.0.0",
      "resolved": "https://registry.npmjs.org/@material/circular-progress/-/circular-progress-12.0.0.tgz",
      "integrity": "sha512-3Xi5la6UTS0KhYzxVDqRjQ7uxqeci+MjH8w+0yMoIsw9/gdtZ5S4dYQ0U8/FaWBTzW6nmGxI4zQ3Q0ySFpGRgA==",
      "dev": true,
      "requires": {
        "@material/animation": "^12.0.0",
        "@material/base": "^12.0.0",
        "@material/feature-targeting": "^12.0.0",
        "@material/progress-indicator": "^12.0.0",
        "@material/theme": "^12.0.0",
        "tslib": "^2.1.0"
      }
    },
    "@material/data-table": {
      "version": "12.0.0",
      "resolved": "https://registry.npmjs.org/@material/data-table/-/data-table-12.0.0.tgz",
      "integrity": "sha512-bJVQqJLWhqiutgPssm3CcstUv/pKc2xLCjI4WXAE64Y0N9Dv7AvwScK6/1nnr6+GR10ky3xoMeGHIElBhLeRsg==",
      "dev": true,
      "requires": {
        "@material/animation": "^12.0.0",
        "@material/base": "^12.0.0",
        "@material/checkbox": "^12.0.0",
        "@material/density": "^12.0.0",
        "@material/dom": "^12.0.0",
        "@material/elevation": "^12.0.0",
        "@material/feature-targeting": "^12.0.0",
        "@material/icon-button": "^12.0.0",
        "@material/linear-progress": "^12.0.0",
        "@material/list": "^12.0.0",
        "@material/menu": "^12.0.0",
        "@material/rtl": "^12.0.0",
        "@material/select": "^12.0.0",
        "@material/shape": "^12.0.0",
        "@material/theme": "^12.0.0",
        "@material/touch-target": "^12.0.0",
        "@material/typography": "^12.0.0",
        "tslib": "^2.1.0"
      }
    },
    "@material/density": {
      "version": "12.0.0",
      "resolved": "https://registry.npmjs.org/@material/density/-/density-12.0.0.tgz",
      "integrity": "sha512-7kWsFPiiTcw5FKdm6zvMp3ygLhHINXMScrUcRTW9RoIzC6EgWrzF/UC1XEt48Yg4Ux6K/98QJ4B53CoVv1Z/OQ==",
      "dev": true,
      "requires": {
        "tslib": "^2.1.0"
      }
    },
    "@material/dialog": {
      "version": "12.0.0",
      "resolved": "https://registry.npmjs.org/@material/dialog/-/dialog-12.0.0.tgz",
      "integrity": "sha512-LusDwYTmZwmHEIFmoL0LC0W/uotHgGxbvXZY30BUF33IgxKc7e/NC9Tr8nmEAHLfVpaInusEn9bqPckvKfyD+w==",
      "dev": true,
      "requires": {
        "@material/animation": "^12.0.0",
        "@material/base": "^12.0.0",
        "@material/button": "^12.0.0",
        "@material/dom": "^12.0.0",
        "@material/elevation": "^12.0.0",
        "@material/feature-targeting": "^12.0.0",
        "@material/icon-button": "^12.0.0",
        "@material/ripple": "^12.0.0",
        "@material/rtl": "^12.0.0",
        "@material/shape": "^12.0.0",
        "@material/theme": "^12.0.0",
        "@material/touch-target": "^12.0.0",
        "@material/typography": "^12.0.0",
        "tslib": "^2.1.0"
      }
    },
    "@material/dom": {
      "version": "12.0.0",
      "resolved": "https://registry.npmjs.org/@material/dom/-/dom-12.0.0.tgz",
      "integrity": "sha512-vaQi+bNMv3UMSG2wwMEYen36Or32XY/djGmes5KRi8TxDBzAH9HNuE9CxYBrZqYzYFrAIfvXyEIZhlhY+3WLlg==",
      "dev": true,
      "requires": {
        "@material/feature-targeting": "^12.0.0",
        "tslib": "^2.1.0"
      }
    },
    "@material/drawer": {
      "version": "12.0.0",
      "resolved": "https://registry.npmjs.org/@material/drawer/-/drawer-12.0.0.tgz",
      "integrity": "sha512-gQBowi3Zdmfa6w/HboCkM64h2APLndVccV9Ub6a4AVpheOtzzfJgS+WlTadwSKjcabL0AzJ4U7itecz6FvespQ==",
      "dev": true,
      "requires": {
        "@material/animation": "^12.0.0",
        "@material/base": "^12.0.0",
        "@material/dom": "^12.0.0",
        "@material/elevation": "^12.0.0",
        "@material/feature-targeting": "^12.0.0",
        "@material/list": "^12.0.0",
        "@material/ripple": "^12.0.0",
        "@material/rtl": "^12.0.0",
        "@material/shape": "^12.0.0",
        "@material/theme": "^12.0.0",
        "@material/typography": "^12.0.0",
        "tslib": "^2.1.0"
      }
    },
    "@material/elevation": {
      "version": "12.0.0",
      "resolved": "https://registry.npmjs.org/@material/elevation/-/elevation-12.0.0.tgz",
      "integrity": "sha512-PWTACGNus2cdNL6V6+AhT3tC+YKyP2ujQn+izXNGXLXFc/FHk+lHLvwwr71D7bApy2hPMndHJ4DtF36qfAM1tw==",
      "dev": true,
      "requires": {
        "@material/animation": "^12.0.0",
        "@material/base": "^12.0.0",
        "@material/feature-targeting": "^12.0.0",
        "@material/theme": "^12.0.0",
        "tslib": "^2.1.0"
      }
    },
    "@material/fab": {
      "version": "12.0.0",
      "resolved": "https://registry.npmjs.org/@material/fab/-/fab-12.0.0.tgz",
      "integrity": "sha512-6XfU+ZcNej2+eO0TFIyo1eYHEyvGYCSxlgO0P1gXavPNKyGLxkGhQREendxlc1XyAVw2yvAPzrtx3puc/xMd0A==",
      "dev": true,
      "requires": {
        "@material/animation": "^12.0.0",
        "@material/dom": "^12.0.0",
        "@material/elevation": "^12.0.0",
        "@material/feature-targeting": "^12.0.0",
        "@material/ripple": "^12.0.0",
        "@material/rtl": "^12.0.0",
        "@material/shape": "^12.0.0",
        "@material/theme": "^12.0.0",
        "@material/tokens": "^12.0.0",
        "@material/touch-target": "^12.0.0",
        "@material/typography": "^12.0.0",
        "tslib": "^2.1.0"
      }
    },
    "@material/feature-targeting": {
      "version": "12.0.0",
      "resolved": "https://registry.npmjs.org/@material/feature-targeting/-/feature-targeting-12.0.0.tgz",
      "integrity": "sha512-BbdYzZmGg886X3gvKPxfM5etNwhmKR4PT33NRc7PTKivCHitre8zjgb7kKW1vRLV4YnB54sp9L7tr/QcbbbXGg==",
      "dev": true,
      "requires": {
        "tslib": "^2.1.0"
      }
    },
    "@material/floating-label": {
      "version": "12.0.0",
      "resolved": "https://registry.npmjs.org/@material/floating-label/-/floating-label-12.0.0.tgz",
      "integrity": "sha512-bOJNxSP8Jd/AJtrMC+1R6azjDWAUsA+4DpYj0TFEKM8s7LS4vulETs+9PoJh++K68haWpkb+Qks1Pa8Vb1F+Vw==",
      "dev": true,
      "requires": {
        "@material/animation": "^12.0.0",
        "@material/base": "^12.0.0",
        "@material/dom": "^12.0.0",
        "@material/feature-targeting": "^12.0.0",
        "@material/rtl": "^12.0.0",
        "@material/theme": "^12.0.0",
        "@material/typography": "^12.0.0",
        "tslib": "^2.1.0"
      }
    },
    "@material/form-field": {
      "version": "12.0.0",
      "resolved": "https://registry.npmjs.org/@material/form-field/-/form-field-12.0.0.tgz",
      "integrity": "sha512-es28doVewEhvh/sV1OqJNFpH+vVLRZyGLh5QvqxfGOmozcUb56nQbSAUrOwlK+ZINwdy0fLkZLJvUu8C9H33kg==",
      "dev": true,
      "requires": {
        "@material/base": "^12.0.0",
        "@material/feature-targeting": "^12.0.0",
        "@material/ripple": "^12.0.0",
        "@material/rtl": "^12.0.0",
        "@material/theme": "^12.0.0",
        "@material/typography": "^12.0.0",
        "tslib": "^2.1.0"
      }
    },
    "@material/icon-button": {
      "version": "12.0.0",
      "resolved": "https://registry.npmjs.org/@material/icon-button/-/icon-button-12.0.0.tgz",
      "integrity": "sha512-W4lhJWbrT1FGzgBtwqz9MAFyAnx+wQztV0m5XXncDzfjVgfGaXsW/AYEuVijJEFOvIMGbkcszSkjGIOc1T3tXA==",
      "dev": true,
      "requires": {
        "@material/base": "^12.0.0",
        "@material/density": "^12.0.0",
        "@material/feature-targeting": "^12.0.0",
        "@material/ripple": "^12.0.0",
        "@material/rtl": "^12.0.0",
        "@material/theme": "^12.0.0",
        "@material/touch-target": "^12.0.0",
        "tslib": "^2.1.0"
      }
    },
    "@material/image-list": {
      "version": "12.0.0",
      "resolved": "https://registry.npmjs.org/@material/image-list/-/image-list-12.0.0.tgz",
      "integrity": "sha512-njtPGXP5GjpLsQsU+/BWRerkAGXEWrp39ioBGBHp+pD+JvCvxLQoRwsWWLPKLJtk5RrbI4U64d9UTbMHm/a1NA==",
      "dev": true,
      "requires": {
        "@material/feature-targeting": "^12.0.0",
        "@material/shape": "^12.0.0",
        "@material/theme": "^12.0.0",
        "@material/typography": "^12.0.0",
        "tslib": "^2.1.0"
      }
    },
    "@material/layout-grid": {
      "version": "12.0.0",
      "resolved": "https://registry.npmjs.org/@material/layout-grid/-/layout-grid-12.0.0.tgz",
      "integrity": "sha512-bPIIEL+Ka7hixX0/d+yUK4juyQ0GcYxbT1EGWs1JzmZUzMOfzfNQqsrbo2sIQeN4tSou3wiUgSXsI1/3U+V3tQ==",
      "dev": true,
      "requires": {
        "tslib": "^2.1.0"
      }
    },
    "@material/line-ripple": {
      "version": "12.0.0",
      "resolved": "https://registry.npmjs.org/@material/line-ripple/-/line-ripple-12.0.0.tgz",
      "integrity": "sha512-W18BuAcjTzGfjmfgoyQmxEsXz/D+65tX3H7PTsudEoacxby6BdCNVJWwyRCOSGrzVjmETeNbqHf32oAZgApWXg==",
      "dev": true,
      "requires": {
        "@material/animation": "^12.0.0",
        "@material/base": "^12.0.0",
        "@material/feature-targeting": "^12.0.0",
        "@material/theme": "^12.0.0",
        "tslib": "^2.1.0"
      }
    },
    "@material/linear-progress": {
      "version": "12.0.0",
      "resolved": "https://registry.npmjs.org/@material/linear-progress/-/linear-progress-12.0.0.tgz",
      "integrity": "sha512-I4Z5fuvddsh8XysnvjK7RnRORN+xIreoWwo8hcPnqN0fgM0NXGFIoRTq2NZi1t1qR+ZvmVgJciNKBg2y/ySqMQ==",
      "dev": true,
      "requires": {
        "@material/animation": "^12.0.0",
        "@material/base": "^12.0.0",
        "@material/feature-targeting": "^12.0.0",
        "@material/progress-indicator": "^12.0.0",
        "@material/rtl": "^12.0.0",
        "@material/theme": "^12.0.0",
        "tslib": "^2.1.0"
      }
    },
    "@material/list": {
      "version": "12.0.0",
      "resolved": "https://registry.npmjs.org/@material/list/-/list-12.0.0.tgz",
      "integrity": "sha512-XV4YbvC+1XP6XgJ9Cj5PVDcu+so6uISeUFSbsdAdD4UDWEYpVtnZiGU9AMzn8e4VXzNVGLOR5Fn1XqX6byWTVg==",
      "dev": true,
      "requires": {
        "@material/base": "^12.0.0",
        "@material/density": "^12.0.0",
        "@material/dom": "^12.0.0",
        "@material/feature-targeting": "^12.0.0",
        "@material/ripple": "^12.0.0",
        "@material/rtl": "^12.0.0",
        "@material/shape": "^12.0.0",
        "@material/theme": "^12.0.0",
        "@material/typography": "^12.0.0",
        "tslib": "^2.1.0"
      }
    },
    "@material/menu": {
      "version": "12.0.0",
      "resolved": "https://registry.npmjs.org/@material/menu/-/menu-12.0.0.tgz",
      "integrity": "sha512-ZXySzEjMbvQQi64i75kpZDZNiCIVdomxw7QwnPkdD4hxElce+8cSTOalW4nTntg6lA+4utTc8zMIMvxugkrGJA==",
      "dev": true,
      "requires": {
        "@material/base": "^12.0.0",
        "@material/dom": "^12.0.0",
        "@material/elevation": "^12.0.0",
        "@material/feature-targeting": "^12.0.0",
        "@material/list": "^12.0.0",
        "@material/menu-surface": "^12.0.0",
        "@material/ripple": "^12.0.0",
        "@material/rtl": "^12.0.0",
        "@material/theme": "^12.0.0",
        "tslib": "^2.1.0"
      }
    },
    "@material/menu-surface": {
      "version": "12.0.0",
      "resolved": "https://registry.npmjs.org/@material/menu-surface/-/menu-surface-12.0.0.tgz",
      "integrity": "sha512-9+DIE1Pfz8uw5kZ5tgvv4T/yog7TOumQMCh6ifMN9m7xqRwxb4TKVC7JBku4m5JPj5ajhZzT2skX0SWDgWJaug==",
      "dev": true,
      "requires": {
        "@material/animation": "^12.0.0",
        "@material/base": "^12.0.0",
        "@material/elevation": "^12.0.0",
        "@material/feature-targeting": "^12.0.0",
        "@material/rtl": "^12.0.0",
        "@material/shape": "^12.0.0",
        "@material/theme": "^12.0.0",
        "tslib": "^2.1.0"
      }
    },
    "@material/notched-outline": {
      "version": "12.0.0",
      "resolved": "https://registry.npmjs.org/@material/notched-outline/-/notched-outline-12.0.0.tgz",
      "integrity": "sha512-dPtsOh2acyvv/o6daxw0mJSvns8dcqPiL2KO9h23YD81/zM8Mon7Ui7ii84+pOFLnh6JiszMNatGxdlL+dv8RQ==",
      "dev": true,
      "requires": {
        "@material/base": "^12.0.0",
        "@material/feature-targeting": "^12.0.0",
        "@material/floating-label": "^12.0.0",
        "@material/rtl": "^12.0.0",
        "@material/shape": "^12.0.0",
        "@material/theme": "^12.0.0",
        "tslib": "^2.1.0"
      }
    },
    "@material/progress-indicator": {
      "version": "12.0.0",
      "resolved": "https://registry.npmjs.org/@material/progress-indicator/-/progress-indicator-12.0.0.tgz",
      "integrity": "sha512-YIY5g3uMpD0W9ivA4FrzRZWM59hgXniJ1KmlHmRSJYzunNqAuX16bAc+lraz6EvFMwIrib0CbHUn6rsUnJBTkg==",
      "dev": true,
      "requires": {
        "tslib": "^2.1.0"
      }
    },
    "@material/radio": {
      "version": "12.0.0",
      "resolved": "https://registry.npmjs.org/@material/radio/-/radio-12.0.0.tgz",
      "integrity": "sha512-9HCGS0nxsz4Cvg5TCYv8PcAhVPYllXrS7JxG3y2e3rcrvphKuae7XOG4jvxzHJfI2H5GyvolS6GWRmXUGLgz3Q==",
      "dev": true,
      "requires": {
        "@material/animation": "^12.0.0",
        "@material/base": "^12.0.0",
        "@material/density": "^12.0.0",
        "@material/dom": "^12.0.0",
        "@material/feature-targeting": "^12.0.0",
        "@material/ripple": "^12.0.0",
        "@material/theme": "^12.0.0",
        "@material/touch-target": "^12.0.0",
        "tslib": "^2.1.0"
      }
    },
    "@material/ripple": {
      "version": "12.0.0",
      "resolved": "https://registry.npmjs.org/@material/ripple/-/ripple-12.0.0.tgz",
      "integrity": "sha512-gxtbZHeRnE93KwkT1oTU07ap3mOJpbLDY7Edlybd4ZF9ar8Pyj0245rf5MKagubzgNBFzOESDEsIjuCfLV1cUw==",
      "dev": true,
      "requires": {
        "@material/animation": "^12.0.0",
        "@material/base": "^12.0.0",
        "@material/dom": "^12.0.0",
        "@material/feature-targeting": "^12.0.0",
        "@material/theme": "^12.0.0",
        "tslib": "^2.1.0"
      }
    },
    "@material/rtl": {
      "version": "12.0.0",
      "resolved": "https://registry.npmjs.org/@material/rtl/-/rtl-12.0.0.tgz",
      "integrity": "sha512-JmFyyWr2GFa1ODSsq0jaImj6NprDpts3L3riyvsTQVnJDDKyJwYkyjFbssuIqB9wO3IfVPj5JyTKNoTLraW7dA==",
      "dev": true,
      "requires": {
        "@material/theme": "^12.0.0",
        "tslib": "^2.1.0"
      }
    },
    "@material/segmented-button": {
      "version": "12.0.0",
      "resolved": "https://registry.npmjs.org/@material/segmented-button/-/segmented-button-12.0.0.tgz",
      "integrity": "sha512-2Rlpvr/zPyGEo/C9yp/Fh66PXt7rb57spEyNXKv02h0ls1CAZOZFa8b2hfDMujMQqObUoXDGlBlaoO19bq0lMA==",
      "dev": true,
      "requires": {
        "@material/base": "^12.0.0",
        "@material/elevation": "^12.0.0",
        "@material/feature-targeting": "^12.0.0",
        "@material/ripple": "^12.0.0",
        "@material/theme": "^12.0.0",
        "@material/touch-target": "^12.0.0",
        "@material/typography": "^12.0.0",
        "tslib": "^2.1.0"
      }
    },
    "@material/select": {
      "version": "12.0.0",
      "resolved": "https://registry.npmjs.org/@material/select/-/select-12.0.0.tgz",
      "integrity": "sha512-djdR9F7AwzoLpaQza1CHwJDx4xyxha8kiQMw8aNeAxE5ob/RlU2iKOg+8HD+0yH8iHZK8PYpUbnCttiQcHakuw==",
      "dev": true,
      "requires": {
        "@material/animation": "^12.0.0",
        "@material/base": "^12.0.0",
        "@material/density": "^12.0.0",
        "@material/dom": "^12.0.0",
        "@material/feature-targeting": "^12.0.0",
        "@material/floating-label": "^12.0.0",
        "@material/line-ripple": "^12.0.0",
        "@material/list": "^12.0.0",
        "@material/menu": "^12.0.0",
        "@material/menu-surface": "^12.0.0",
        "@material/notched-outline": "^12.0.0",
        "@material/ripple": "^12.0.0",
        "@material/rtl": "^12.0.0",
        "@material/shape": "^12.0.0",
        "@material/theme": "^12.0.0",
        "@material/typography": "^12.0.0",
        "tslib": "^2.1.0"
      }
    },
    "@material/shape": {
      "version": "12.0.0",
      "resolved": "https://registry.npmjs.org/@material/shape/-/shape-12.0.0.tgz",
      "integrity": "sha512-0mvRUPq2esbyivJl3NMdYtHTFOV7EOU+Tob2Y6F2sQ+PJJYpONfEHRo8nakN7fDM3aNSuQUdhG3nbwJghAN1IA==",
      "dev": true,
      "requires": {
        "@material/feature-targeting": "^12.0.0",
        "@material/rtl": "^12.0.0",
        "@material/theme": "^12.0.0",
        "tslib": "^2.1.0"
      }
    },
    "@material/slider": {
      "version": "12.0.0",
      "resolved": "https://registry.npmjs.org/@material/slider/-/slider-12.0.0.tgz",
      "integrity": "sha512-B02xWlGzTEgR1j350OgxbC3S5Nt/hCOHl4zvd1uDwF0fnbgKQkL5+tFVHJkK8DDX54f/S5TVeKk3xgYJmE+/NA==",
      "dev": true,
      "requires": {
        "@material/animation": "^12.0.0",
        "@material/base": "^12.0.0",
        "@material/dom": "^12.0.0",
        "@material/elevation": "^12.0.0",
        "@material/feature-targeting": "^12.0.0",
        "@material/ripple": "^12.0.0",
        "@material/rtl": "^12.0.0",
        "@material/theme": "^12.0.0",
        "@material/typography": "^12.0.0",
        "tslib": "^2.1.0"
      }
    },
    "@material/snackbar": {
      "version": "12.0.0",
      "resolved": "https://registry.npmjs.org/@material/snackbar/-/snackbar-12.0.0.tgz",
      "integrity": "sha512-n3GhuOhFvP8R2fDu5hu1nOgVS7N7wIgTtJ7+cLzSJRsk3ph6D/juPKnWusO+ddjdwLtjVpIoC+jSsE9JKeQW8A==",
      "dev": true,
      "requires": {
        "@material/animation": "^12.0.0",
        "@material/base": "^12.0.0",
        "@material/button": "^12.0.0",
        "@material/dom": "^12.0.0",
        "@material/elevation": "^12.0.0",
        "@material/feature-targeting": "^12.0.0",
        "@material/icon-button": "^12.0.0",
        "@material/ripple": "^12.0.0",
        "@material/rtl": "^12.0.0",
        "@material/shape": "^12.0.0",
        "@material/theme": "^12.0.0",
        "@material/typography": "^12.0.0",
        "tslib": "^2.1.0"
      }
    },
    "@material/switch": {
      "version": "12.0.0",
      "resolved": "https://registry.npmjs.org/@material/switch/-/switch-12.0.0.tgz",
      "integrity": "sha512-8h3UICmTVTObLfvUsbfyKRSj88pIXv2EzbB8MQO7rKDEUZtP/Nws/t/+HG2zm2UeXqxBOn96qS4ucKzgxlzPtA==",
      "dev": true,
      "requires": {
        "@material/animation": "^12.0.0",
        "@material/base": "^12.0.0",
        "@material/density": "^12.0.0",
        "@material/dom": "^12.0.0",
        "@material/elevation": "^12.0.0",
        "@material/feature-targeting": "^12.0.0",
        "@material/ripple": "^12.0.0",
        "@material/rtl": "^12.0.0",
        "@material/shape": "^12.0.0",
        "@material/theme": "^12.0.0",
        "@material/tokens": "^12.0.0",
        "tslib": "^2.1.0"
      }
    },
    "@material/tab": {
      "version": "12.0.0",
      "resolved": "https://registry.npmjs.org/@material/tab/-/tab-12.0.0.tgz",
      "integrity": "sha512-KMJ2Zi5aGzrE6tvs829JppauvZvETweQP6IKBx/vQUXIltIlRirZ5Qb29+zwYABEz1+CxLzQkd1a9XXqHQNNQA==",
      "dev": true,
      "requires": {
        "@material/base": "^12.0.0",
        "@material/elevation": "^12.0.0",
        "@material/feature-targeting": "^12.0.0",
        "@material/ripple": "^12.0.0",
        "@material/rtl": "^12.0.0",
        "@material/tab-indicator": "^12.0.0",
        "@material/theme": "^12.0.0",
        "@material/typography": "^12.0.0",
        "tslib": "^2.1.0"
      }
    },
    "@material/tab-bar": {
      "version": "12.0.0",
      "resolved": "https://registry.npmjs.org/@material/tab-bar/-/tab-bar-12.0.0.tgz",
      "integrity": "sha512-lfA2RUZo0kwKqc5Pm07n6E1Liqr0pi9EATmmsqswFphIqfKu+ODqgS0o6OAekmeFL5Mny+kJuAOh6i1l1sT8Ug==",
      "dev": true,
      "requires": {
        "@material/animation": "^12.0.0",
        "@material/base": "^12.0.0",
        "@material/density": "^12.0.0",
        "@material/elevation": "^12.0.0",
        "@material/feature-targeting": "^12.0.0",
        "@material/tab": "^12.0.0",
        "@material/tab-indicator": "^12.0.0",
        "@material/tab-scroller": "^12.0.0",
        "@material/theme": "^12.0.0",
        "@material/typography": "^12.0.0",
        "tslib": "^2.1.0"
      }
    },
    "@material/tab-indicator": {
      "version": "12.0.0",
      "resolved": "https://registry.npmjs.org/@material/tab-indicator/-/tab-indicator-12.0.0.tgz",
      "integrity": "sha512-PAW2n8d1JOUn0OpUAZx8KkH7Oiv1EaZq1fOapk9t4shPruzmrvzDrJ4omN82FhCf5z873EPNzgPa6fD+Rg5pjg==",
      "dev": true,
      "requires": {
        "@material/animation": "^12.0.0",
        "@material/base": "^12.0.0",
        "@material/feature-targeting": "^12.0.0",
        "@material/theme": "^12.0.0",
        "tslib": "^2.1.0"
      }
    },
    "@material/tab-scroller": {
      "version": "12.0.0",
      "resolved": "https://registry.npmjs.org/@material/tab-scroller/-/tab-scroller-12.0.0.tgz",
      "integrity": "sha512-t/4b9/xJHJBx/qINzOaxn5JKBMoz5NG2FeLeSX4SkigExeVWyAGY+SSw5u/aeVi1BJzXQpsAX2ypbVTgiIMdxw==",
      "dev": true,
      "requires": {
        "@material/animation": "^12.0.0",
        "@material/base": "^12.0.0",
        "@material/dom": "^12.0.0",
        "@material/feature-targeting": "^12.0.0",
        "@material/tab": "^12.0.0",
        "tslib": "^2.1.0"
      }
    },
    "@material/textfield": {
      "version": "12.0.0",
      "resolved": "https://registry.npmjs.org/@material/textfield/-/textfield-12.0.0.tgz",
      "integrity": "sha512-YucSKbII4XOhzGbteFzGpPcbl+XQ2+87bm+iJYg2vpiVRGcstEVWceuK99pv0jXm9eXflDu2vBJV620azmeBQg==",
      "dev": true,
      "requires": {
        "@material/animation": "^12.0.0",
        "@material/base": "^12.0.0",
        "@material/density": "^12.0.0",
        "@material/dom": "^12.0.0",
        "@material/feature-targeting": "^12.0.0",
        "@material/floating-label": "^12.0.0",
        "@material/line-ripple": "^12.0.0",
        "@material/notched-outline": "^12.0.0",
        "@material/ripple": "^12.0.0",
        "@material/rtl": "^12.0.0",
        "@material/shape": "^12.0.0",
        "@material/theme": "^12.0.0",
        "@material/typography": "^12.0.0",
        "tslib": "^2.1.0"
      }
    },
    "@material/theme": {
      "version": "12.0.0",
      "resolved": "https://registry.npmjs.org/@material/theme/-/theme-12.0.0.tgz",
      "integrity": "sha512-E9gFLpOcwtJ2GiPg8S4w+9eaqFNgLO67Yyftcu1XgswAHBFiI7qAHTDYH21H4W88RKlf3sTNyHtzigbTenPUNg==",
      "dev": true,
      "requires": {
        "@material/feature-targeting": "^12.0.0",
        "tslib": "^2.1.0"
      }
    },
    "@material/tokens": {
      "version": "12.0.0",
      "resolved": "https://registry.npmjs.org/@material/tokens/-/tokens-12.0.0.tgz",
      "integrity": "sha512-yD8G+YvNsFt9+CGzUPWvy18Bn3a8+9eRSf95j7WZjBN2vEPCpOK5dInCLOfYDq/9a61K4Nlg39KomZNC7nyAtQ==",
      "dev": true,
      "requires": {
        "@material/elevation": "^12.0.0"
      }
    },
    "@material/tooltip": {
      "version": "12.0.0",
      "resolved": "https://registry.npmjs.org/@material/tooltip/-/tooltip-12.0.0.tgz",
      "integrity": "sha512-YpXlidnWbymm5WdbteU4dSb+hdRMCrgsn1gO6xZ2HXfyiKX+2oqWvMZoSHMnCEc7oUvQteKybKrtD94T7CUeoA==",
      "dev": true,
      "requires": {
        "@material/animation": "^12.0.0",
        "@material/base": "^12.0.0",
        "@material/dom": "^12.0.0",
        "@material/elevation": "^12.0.0",
        "@material/feature-targeting": "^12.0.0",
        "@material/rtl": "^12.0.0",
        "@material/shape": "^12.0.0",
        "@material/theme": "^12.0.0",
        "@material/typography": "^12.0.0",
        "tslib": "^2.1.0"
      }
    },
    "@material/top-app-bar": {
      "version": "12.0.0",
      "resolved": "https://registry.npmjs.org/@material/top-app-bar/-/top-app-bar-12.0.0.tgz",
      "integrity": "sha512-myk8hnpKgvtns42v03syyFKRKo5L3T69bg19QvJWkju1S5M1T8fppUFWkckubI4wZ6wh+ccRigyGxwWbp0hdfw==",
      "dev": true,
      "requires": {
        "@material/animation": "^12.0.0",
        "@material/base": "^12.0.0",
        "@material/elevation": "^12.0.0",
        "@material/ripple": "^12.0.0",
        "@material/rtl": "^12.0.0",
        "@material/shape": "^12.0.0",
        "@material/theme": "^12.0.0",
        "@material/typography": "^12.0.0",
        "tslib": "^2.1.0"
      }
    },
    "@material/touch-target": {
      "version": "12.0.0",
      "resolved": "https://registry.npmjs.org/@material/touch-target/-/touch-target-12.0.0.tgz",
      "integrity": "sha512-DArz1xm00iI6adyhBEFR+g2xmS6Jh5jMI1692YsjiL09lgXTvQwVbXCsp1FtHK21D+/KoblaT0L9sfBgnP2sAQ==",
      "dev": true,
      "requires": {
        "@material/base": "^12.0.0",
        "@material/feature-targeting": "^12.0.0",
        "tslib": "^2.1.0"
      }
    },
    "@material/typography": {
      "version": "12.0.0",
      "resolved": "https://registry.npmjs.org/@material/typography/-/typography-12.0.0.tgz",
      "integrity": "sha512-NIAczsiUueV445+686qdVQC0QohIJDIOyVWbdNKnhkUmo23FcINLEcDMAtpvS0CJyqSHm8uWq1R585Wbx2kvdQ==",
      "dev": true,
      "requires": {
        "@material/feature-targeting": "^12.0.0",
        "@material/theme": "^12.0.0",
        "tslib": "^2.1.0"
      }
    },
    "anymatch": {
      "version": "3.1.2",
      "resolved": "https://registry.npmjs.org/anymatch/-/anymatch-3.1.2.tgz",
      "integrity": "sha512-P43ePfOAIupkguHUycrc4qJ9kz8ZiuOUijaETwX7THt0Y/GNK7v0aa8rY816xWjZ7rJdA5XdMcpVFTKMq+RvWg==",
      "dev": true,
      "requires": {
        "normalize-path": "^3.0.0",
        "picomatch": "^2.0.4"
      }
    },
    "binary-extensions": {
      "version": "2.2.0",
      "resolved": "https://registry.npmjs.org/binary-extensions/-/binary-extensions-2.2.0.tgz",
      "integrity": "sha512-jDctJ/IVQbZoJykoeHbhXpOlNBqGNcwXJKJog42E5HDPUwQTSdjCHdihjj0DlnheQ7blbT6dHOafNAiS8ooQKA==",
      "dev": true
    },
    "braces": {
      "version": "3.0.2",
      "resolved": "https://registry.npmjs.org/braces/-/braces-3.0.2.tgz",
      "integrity": "sha512-b8um+L1RzM3WDSzvhm6gIz1yfTbBt6YTlcEKAvsmqCZZFw46z626lVj9j1yEPW33H5H+lBQpZMP1k8l+78Ha0A==",
      "dev": true,
      "requires": {
        "fill-range": "^7.0.1"
      }
    },
    "chokidar": {
      "version": "3.5.2",
      "resolved": "https://registry.npmjs.org/chokidar/-/chokidar-3.5.2.tgz",
      "integrity": "sha512-ekGhOnNVPgT77r4K/U3GDhu+FQ2S8TnK/s2KbIGXi0SZWuwkZ2QNyfWdZW+TVfn84DpEP7rLeCt2UI6bJ8GwbQ==",
      "dev": true,
      "requires": {
        "anymatch": "~3.1.2",
        "braces": "~3.0.2",
        "fsevents": "~2.3.2",
        "glob-parent": "~5.1.2",
        "is-binary-path": "~2.1.0",
        "is-glob": "~4.0.1",
        "normalize-path": "~3.0.0",
        "readdirp": "~3.6.0"
      }
    },
    "fill-range": {
      "version": "7.0.1",
      "resolved": "https://registry.npmjs.org/fill-range/-/fill-range-7.0.1.tgz",
      "integrity": "sha512-qOo9F+dMUmC2Lcb4BbVvnKJxTPjCm+RRpe4gDuGrzkL7mEVl/djYSu2OdQ2Pa302N4oqkSg9ir6jaLWJ2USVpQ==",
      "dev": true,
      "requires": {
        "to-regex-range": "^5.0.1"
      }
    },
    "fsevents": {
      "version": "2.3.2",
      "resolved": "https://registry.npmjs.org/fsevents/-/fsevents-2.3.2.tgz",
      "integrity": "sha512-xiqMQR4xAeHTuB9uWm+fFRcIOgKBMiOBP+eXiyT7jsgVCq1bkVygt00oASowB7EdtpOHaaPgKt812P9ab+DDKA==",
      "dev": true,
      "optional": true
    },
    "glob-parent": {
      "version": "5.1.2",
      "resolved": "https://registry.npmjs.org/glob-parent/-/glob-parent-5.1.2.tgz",
      "integrity": "sha512-AOIgSQCepiJYwP3ARnGx+5VnTu2HBYdzbGP45eLw1vr3zB3vZLeyed1sC9hnbcOc9/SrMyM5RPQrkGz4aS9Zow==",
      "dev": true,
      "requires": {
        "is-glob": "^4.0.1"
      }
    },
    "is-binary-path": {
      "version": "2.1.0",
      "resolved": "https://registry.npmjs.org/is-binary-path/-/is-binary-path-2.1.0.tgz",
      "integrity": "sha512-ZMERYes6pDydyuGidse7OsHxtbI7WVeUEozgR/g7rd0xUimYNlvZRE/K2MgZTjWy725IfelLeVcEM97mmtRGXw==",
      "dev": true,
      "requires": {
        "binary-extensions": "^2.0.0"
      }
    },
    "is-extglob": {
      "version": "2.1.1",
      "resolved": "https://registry.npmjs.org/is-extglob/-/is-extglob-2.1.1.tgz",
      "integrity": "sha1-qIwCU1eR8C7TfHahueqXc8gz+MI=",
      "dev": true
    },
    "is-glob": {
      "version": "4.0.1",
      "resolved": "https://registry.npmjs.org/is-glob/-/is-glob-4.0.1.tgz",
      "integrity": "sha512-5G0tKtBTFImOqDnLB2hG6Bp2qcKEFduo4tZu9MT/H6NQv/ghhy30o55ufafxJ/LdH79LLs2Kfrn85TLKyA7BUg==",
      "dev": true,
      "requires": {
        "is-extglob": "^2.1.1"
      }
    },
    "is-number": {
      "version": "7.0.0",
      "resolved": "https://registry.npmjs.org/is-number/-/is-number-7.0.0.tgz",
      "integrity": "sha512-41Cifkg6e8TylSpdtTpeLVMqvSBEVzTttHvERD741+pnZ8ANv0004MRL43QKPDlK9cGvNp6NZWZUBlbGXYxxng==",
      "dev": true
    },
    "material-components-web": {
      "version": "12.0.0",
      "resolved": "https://registry.npmjs.org/material-components-web/-/material-components-web-12.0.0.tgz",
      "integrity": "sha512-gb4H86UvBOxXSo1OZuzehW1sbGrDBo6P97cTOj+v+xbuKmRRXZVfYeeq1vIMZWC165gx+q2+rvHthhpk1KWM9A==",
      "dev": true,
      "requires": {
        "@material/animation": "^12.0.0",
        "@material/auto-init": "^12.0.0",
        "@material/banner": "^12.0.0",
        "@material/base": "^12.0.0",
        "@material/button": "^12.0.0",
        "@material/card": "^12.0.0",
        "@material/checkbox": "^12.0.0",
        "@material/chips": "^12.0.0",
        "@material/circular-progress": "^12.0.0",
        "@material/data-table": "^12.0.0",
        "@material/density": "^12.0.0",
        "@material/dialog": "^12.0.0",
        "@material/dom": "^12.0.0",
        "@material/drawer": "^12.0.0",
        "@material/elevation": "^12.0.0",
        "@material/fab": "^12.0.0",
        "@material/feature-targeting": "^12.0.0",
        "@material/floating-label": "^12.0.0",
        "@material/form-field": "^12.0.0",
        "@material/icon-button": "^12.0.0",
        "@material/image-list": "^12.0.0",
        "@material/layout-grid": "^12.0.0",
        "@material/line-ripple": "^12.0.0",
        "@material/linear-progress": "^12.0.0",
        "@material/list": "^12.0.0",
        "@material/menu": "^12.0.0",
        "@material/menu-surface": "^12.0.0",
        "@material/notched-outline": "^12.0.0",
        "@material/radio": "^12.0.0",
        "@material/ripple": "^12.0.0",
        "@material/rtl": "^12.0.0",
        "@material/segmented-button": "^12.0.0",
        "@material/select": "^12.0.0",
        "@material/shape": "^12.0.0",
        "@material/slider": "^12.0.0",
        "@material/snackbar": "^12.0.0",
        "@material/switch": "^12.0.0",
        "@material/tab": "^12.0.0",
        "@material/tab-bar": "^12.0.0",
        "@material/tab-indicator": "^12.0.0",
        "@material/tab-scroller": "^12.0.0",
        "@material/textfield": "^12.0.0",
        "@material/theme": "^12.0.0",
        "@material/tokens": "^12.0.0",
        "@material/tooltip": "^12.0.0",
        "@material/top-app-bar": "^12.0.0",
        "@material/touch-target": "^12.0.0",
        "@material/typography": "^12.0.0"
      }
    },
    "normalize-path": {
      "version": "3.0.0",
      "resolved": "https://registry.npmjs.org/normalize-path/-/normalize-path-3.0.0.tgz",
      "integrity": "sha512-6eZs5Ls3WtCisHWp9S2GUy8dqkpGi4BVSz3GaqiE6ezub0512ESztXUwUB6C6IKbQkY2Pnb/mD4WYojCRwcwLA==",
      "dev": true
    },
    "picomatch": {
      "version": "2.3.0",
      "resolved": "https://registry.npmjs.org/picomatch/-/picomatch-2.3.0.tgz",
      "integrity": "sha512-lY1Q/PiJGC2zOv/z391WOTD+Z02bCgsFfvxoXXf6h7kv9o+WmsmzYqrAwY63sNgOxE4xEdq0WyUnXfKeBrSvYw==",
      "dev": true
    },
    "readdirp": {
      "version": "3.6.0",
      "resolved": "https://registry.npmjs.org/readdirp/-/readdirp-3.6.0.tgz",
      "integrity": "sha512-hOS089on8RduqdbhvQ5Z37A0ESjsqz6qnRcffsMU3495FuTdqSm+7bhJ29JvIOsBDEEnan5DPu9t3To9VRlMzA==",
      "dev": true,
      "requires": {
        "picomatch": "^2.2.1"
      }
    },
    "sass": {
      "version": "1.39.2",
      "resolved": "https://registry.npmjs.org/sass/-/sass-1.39.2.tgz",
      "integrity": "sha512-4/6Vn2RPc+qNwSclUSKvssh7dqK1Ih3FfHBW16I/GfH47b3scbYeOw65UIrYG7PkweFiKbpJjgkf5CV8EMmvzw==",
      "dev": true,
      "requires": {
        "chokidar": ">=3.0.0 <4.0.0"
      }
    },
    "to-regex-range": {
      "version": "5.0.1",
      "resolved": "https://registry.npmjs.org/to-regex-range/-/to-regex-range-5.0.1.tgz",
      "integrity": "sha512-65P7iz6X5yEr1cwcgvQxbbIw7Uk3gOy5dIdtZ4rDveLqhrdJP+Li/Hx6tyK0NEb+2GCyneCMJiGqrADCSNk8sQ==",
      "dev": true,
      "requires": {
        "is-number": "^7.0.0"
      }
    },
    "tslib": {
      "version": "2.3.1",
      "resolved": "https://registry.npmjs.org/tslib/-/tslib-2.3.1.tgz",
      "integrity": "sha512-77EbyPPpMz+FRFRuAFlWMtmgUWGe9UOG2Z25NqCwiIjRhOf5iKGuzSe5P2w1laq+FkRy4p+PCuVkJSGkzTEKVw==",
      "dev": true
    }
  }
}
